PODS:
  - ActionSheetPicker-3.0 (2.2.0)
  - Adjust (4.11.3):
    - Adjust/Core (= 4.11.3)
  - Adjust/Core (4.11.3)
  - AdobeMobileSDK (4.13.4):
    - AdobeMobileSDK/iOS (= 4.13.4)
  - AdobeMobileSDK/iOS (4.13.4)
  - AFNetworking (3.1.0):
    - AFNetworking/NSURLSession (= 3.1.0)
    - AFNetworking/Reachability (= 3.1.0)
    - AFNetworking/Security (= 3.1.0)
    - AFNetworking/Serialization (= 3.1.0)
    - AFNetworking/UIKit (= 3.1.0)
  - AFNetworking/NSURLSession (3.1.0):
    - AFNetworking/Reachability
    - AFNetworking/Security
    - AFNetworking/Serialization
  - AFNetworking/Reachability (3.1.0)
  - AFNetworking/Security (3.1.0)
  - AFNetworking/Serialization (3.1.0)
  - AFNetworking/UIKit (3.1.0):
    - AFNetworking/NSURLSession
  - Alamofire (4.4.0)
  - AlamofireImage (3.2.0):
    - Alamofire (~> 4.1)
  - AlamofireObjectMapper (4.1.0):
    - Alamofire (~> 4.1)
    - ObjectMapper (~> 2.0)
  - Apptimize (2.18.1)
  - ARAnalytics/Adobe (4.0.1):
    - AdobeMobileSDK
    - ARAnalytics/CoreIOS
  - ARAnalytics/CoreIOS (4.0.1)
  - ARAnalytics/DSL (4.0.1):
    - ReactiveCocoa (~> 2.0)
    - RSSwizzle (~> 0.1.0)
  - Bolts (1.8.4):
    - Bolts/AppLinks (= 1.8.4)
    - Bolts/Tasks (= 1.8.4)
  - Bolts/AppLinks (1.8.4):
    - Bolts/Tasks
  - Bolts/Tasks (1.8.4)
  - Charts (3.0.1):
    - Charts/Core (= 3.0.1)
  - Charts/Core (3.0.1)
  - CocoaLumberjack/Default (3.0.0)
  - CocoaLumberjack/Extensions (3.0.0):
    - CocoaLumberjack/Default
  - CocoaLumberjack/Swift (3.0.0):
    - CocoaLumberjack/Extensions
  - FBSDKCoreKit (4.20.2):
    - Bolts (~> 1.7)
  - FBSDKLoginKit (4.20.2):
    - FBSDKCoreKit
  - HockeySDK-Source (4.1.4)
  - HTAutocompleteTextField (1.3.2)
  - IosCoreLibrary (3.8.0):
    - AFNetworking (= 3.1.0)
    - Alamofire (= 4.4.0)
    - AlamofireObjectMapper (= 4.1.0)
    - CocoaLumberjack/Swift (= 3.0.0)
    - IosCoreLibrary/iOS (= 3.8.0)
    - SFHFKeychainUtils (= 0.0.1)
    - SSZipArchive (= 1.7)
    - TRLDisplayFormatters
    - TRLImageCache/Base
    - TRLSearchAPI
    - TUIKit
  - IosCoreLibrary/iOS (3.8.0):
    - Adjust (= 4.11.3)
    - AdobeMobileSDK (= 4.13.4)
    - AFNetworking (= 3.1.0)
    - Alamofire (= 4.4.0)
    - AlamofireObjectMapper (= 4.1.0)
    - Apptimize (= 2.18.1)
    - ARAnalytics/Adobe (= 4.0.1)
    - ARAnalytics/DSL (= 4.0.1)
    - CocoaLumberjack/Swift (= 3.0.0)
    - FBSDKCoreKit (= 4.20.2)
    - FBSDKLoginKit (= 4.20.2)
    - HockeySDK-Source (= 4.1.4)
    - HTAutocompleteTextField (= 1.3.2)
    - iRate (= 1.11.7)
    - JLRoutes (= 2.0.2)
    - Mantle (= 2.1.0)
    - OpenInGoogleMaps (= 0.1.0)
    - SFHFKeychainUtils (= 0.0.1)
    - SSZipArchive (= 1.7)
    - TRLActivityFeed
    - TRLCurrentLocation
    - TRLDisplayFormatters
    - TRLImageCache/Base
    - TRLLocalInfo
    - TRLMaps
    - TRLNetworkingTools
    - TRLSearchAPI
    - TTTAttributedLabel (= 2.0.0)
    - TUIKit
    - ZGMortgageCalculators
  - iRate (1.11.7)
  - JLRoutes (2.0.2)
  - Mantle (2.1.0):
    - Mantle/extobjc (= 2.1.0)
  - Mantle/extobjc (2.1.0)
  - ObjectMapper (2.2.5)
  - ObjectMapperTransforms (2.0.2):
    - ObjectMapper
  - OpenInGoogleMaps (0.1.0)
  - ReactiveCocoa (2.5):
    - ReactiveCocoa/UI (= 2.5)
  - ReactiveCocoa/Core (2.5):
    - ReactiveCocoa/no-arc
  - ReactiveCocoa/no-arc (2.5)
  - ReactiveCocoa/UI (2.5):
    - ReactiveCocoa/Core
  - RSSwizzle (0.1.0)
  - SFHFKeychainUtils (0.0.1)
  - SSZipArchive (1.7)
  - SwiftyJSON (3.1.4)
  - TRLActivityFeed (1.6.0):
    - Alamofire (= 4.4.0)
    - AlamofireImage (= 3.2.0)
    - CocoaLumberjack/Swift (= 3.0.0)
    - ObjectMapper (= 2.2.5)
    - ObjectMapperTransforms (= 2.0.2)
    - TRLDisplayFormatters
    - TRLImageCache/Base
    - TUIKit
  - TRLAdvancedNotifications (1.1.0):
    - Alamofire (= 4.4.0)
    - SwiftyJSON (= 3.1.4)
    - TUIKit
  - TRLCurrentLocation (1.1.0)
  - TRLDisplayFormatters (1.1.0)
  - TRLImageCache/Base (1.3.0):
    - AFNetworking (= 3.1.0)
  - TRLLocalInfo (1.0.0):
    - TRLMaps
    - TUIKit
  - TRLMaps (1.1.0):
    - TRLImageCache/Base
    - TUIKit
  - TRLMessageExtension (1.1.0):
    - Alamofire (= 4.4.0)
    - AlamofireImage (= 3.2.0)
    - CocoaLumberjack/Swift (= 3.0.0)
    - ObjectMapper (= 2.2.5)
    - ObjectMapperTransforms (= 2.0.2)
    - TUIKit
  - TRLNetworkingTools (1.1.0):
    - Alamofire (= 4.4.0)
    - AlamofireObjectMapper (= 4.1.0)
  - TRLSearchAPI (0.1.0):
    - Alamofire (~> 4.0)
    - AlamofireImage (~> 3.0)
    - CocoaLumberjack/Swift (~> 3.0)
    - ObjectMapper (~> 2.0)
    - ObjectMapperTransforms (~> 2.0)
    - TRLNetworkingTools
  - TTTAttributedLabel (2.0.0)
  - TUIKit (1.2.0):
    - TUIKit/Core (= 1.2.0)
  - TUIKit/Core (1.2.0)
  - ZGMortgageCalculators (2.4.0):
    - ActionSheetPicker-3.0 (= 2.2.0)
    - Alamofire (= 4.4.0)
    - Charts (= 3.0.1)
    - SwiftyJSON (= 3.1.4)
    - TTTAttributedLabel (= 2.0.0)
    - TUIKit

DEPENDENCIES:
  - CocoaLumberjack/Swift (from `https://github.com/arifken/CocoaLumberjack.git`, branch `master`)
  - IosCoreLibrary (from `../mob-ioscore-lib/`)
  - TRLActivityFeed (from `ssh://git@stash.sv2.trulia.com/mob/mob-ios-activity-feed.git`, branch `master`)
  - TRLAdvancedNotifications (from `ssh://git@stash.sv2.trulia.com/mob/mob-ios-advanced-notifications.git`, branch `master`)
  - TRLCurrentLocation (from `ssh://git@stash.sv2.trulia.com/mob/mob-ios-corelocation.git`, branch `master`)
  - TRLDisplayFormatters (from `ssh://git@stash.sv2.trulia.com/mob/mob-ios-display-formatters.git`, branch `master`)
  - TRLImageCache/Base (from `ssh://git@stash.sv2.trulia.com/mob/mob-ios-image-cache.git`, branch `master`)
  - TRLLocalInfo (from `ssh://git@stash.sv2.trulia.com/mob/mob-ios-local-info.git`, branch `master`)
  - TRLMaps (from `ssh://git@stash.sv2.trulia.com/mob/mob-ios-map-tools`, branch `master`)
  - TRLMessageExtension (from `ssh://git@stash.sv2.trulia.com/mob/mob-ios-imessage.git`, branch `master`)
  - TRLNetworkingTools (from `ssh://git@stash.sv2.trulia.com/mob/mob-ios-api-tools.git`, branch `master`)
  - TRLSearchAPI (from `ssh://git@stash.sv2.trulia.com/mob/mob-ios-search-api.git`, branch `master`)
  - TUIKit (from `ssh://git@stash.sv2.trulia.com/mob/mob-tuikit`, branch `master`)
  - ZGMortgageCalculators (from `ssh://git@stash.sv2.trulia.com/mob/mob-ios-mortgage-calculators.git`, branch `master`)

EXTERNAL SOURCES:
  CocoaLumberjack:
    :branch: master
    :git: https://github.com/arifken/CocoaLumberjack.git
  IosCoreLibrary:
    :path: "../mob-ioscore-lib/"
  TRLActivityFeed:
    :branch: master
    :git: ssh://git@stash.sv2.trulia.com/mob/mob-ios-activity-feed.git
  TRLAdvancedNotifications:
    :branch: master
    :git: ssh://git@stash.sv2.trulia.com/mob/mob-ios-advanced-notifications.git
  TRLCurrentLocation:
    :branch: master
    :git: ssh://git@stash.sv2.trulia.com/mob/mob-ios-corelocation.git
  TRLDisplayFormatters:
    :branch: master
    :git: ssh://git@stash.sv2.trulia.com/mob/mob-ios-display-formatters.git
  TRLImageCache:
    :branch: master
    :git: ssh://git@stash.sv2.trulia.com/mob/mob-ios-image-cache.git
  TRLLocalInfo:
    :branch: master
    :git: ssh://git@stash.sv2.trulia.com/mob/mob-ios-local-info.git
  TRLMaps:
    :branch: master
    :git: ssh://git@stash.sv2.trulia.com/mob/mob-ios-map-tools
  TRLMessageExtension:
    :branch: master
    :git: ssh://git@stash.sv2.trulia.com/mob/mob-ios-imessage.git
  TRLNetworkingTools:
    :branch: master
    :git: ssh://git@stash.sv2.trulia.com/mob/mob-ios-api-tools.git
  TRLSearchAPI:
    :branch: master
    :git: ssh://git@stash.sv2.trulia.com/mob/mob-ios-search-api.git
  TUIKit:
    :branch: master
    :git: ssh://git@stash.sv2.trulia.com/mob/mob-tuikit
  ZGMortgageCalculators:
    :branch: master
    :git: ssh://git@stash.sv2.trulia.com/mob/mob-ios-mortgage-calculators.git

CHECKOUT OPTIONS:
  CocoaLumberjack:
    :commit: cb7b53215723c2f883f4278422429b0cdc5251cf
    :git: https://github.com/arifken/CocoaLumberjack.git
  TRLActivityFeed:
    :commit: bc9e7dba3d9cb77634d837bc4cd83b4944d7cc9d
    :git: ssh://git@stash.sv2.trulia.com/mob/mob-ios-activity-feed.git
  TRLAdvancedNotifications:
    :commit: 3b9e24245aebfead2ec7ea8e39773b857f543daa
    :git: ssh://git@stash.sv2.trulia.com/mob/mob-ios-advanced-notifications.git
  TRLCurrentLocation:
    :commit: 9a5c50cba794c5182edeb15e99c5f6c05a25dd4a
    :git: ssh://git@stash.sv2.trulia.com/mob/mob-ios-corelocation.git
  TRLDisplayFormatters:
    :commit: 64f1c7251019437f6234a3a24fedc724e00ac46f
    :git: ssh://git@stash.sv2.trulia.com/mob/mob-ios-display-formatters.git
  TRLImageCache:
    :commit: b40fc2df0aaa9045b6b8c17c9205e3d1bd6dc51d
    :git: ssh://git@stash.sv2.trulia.com/mob/mob-ios-image-cache.git
  TRLLocalInfo:
    :commit: e364e4b6dfd45d0044343a4953ea3a5688bf991c
    :git: ssh://git@stash.sv2.trulia.com/mob/mob-ios-local-info.git
  TRLMaps:
    :commit: 639d78e312a6e7a830686993d3da886515521dc3
    :git: ssh://git@stash.sv2.trulia.com/mob/mob-ios-map-tools
  TRLMessageExtension:
    :commit: b2f85b6eb274652cd3d83f425219e0bcfe19f46e
    :git: ssh://git@stash.sv2.trulia.com/mob/mob-ios-imessage.git
  TRLNetworkingTools:
    :commit: 7b2c147d4d099f5c251802add5a82a84e5c14d7d
    :git: ssh://git@stash.sv2.trulia.com/mob/mob-ios-api-tools.git
  TRLSearchAPI:
    :commit: 2494da738dede3a0bfa8bfda7d551f3409fb875e
    :git: ssh://git@stash.sv2.trulia.com/mob/mob-ios-search-api.git
  TUIKit:
    :commit: fd0c7ae20eb294e9c52a740cd5adf6d790268ed9
    :git: ssh://git@stash.sv2.trulia.com/mob/mob-tuikit
  ZGMortgageCalculators:
    :commit: 7d64f95edc308e25af27064a8da65b7c004224d7
    :git: ssh://git@stash.sv2.trulia.com/mob/mob-ios-mortgage-calculators.git

SPEC CHECKSUMS:
  ActionSheetPicker-3.0: d11a4c12c6aaf704b8a3f56d179198c99f3e41e6
  Adjust: 877fd0480982709488a0ab4e8dce759a10b484eb
  AdobeMobileSDK: c236ba5d17529a002209f9899d38084d80bec337
  AFNetworking: 5e0e199f73d8626b11e79750991f5d173d1f8b67
  Alamofire: dc44b1600b800eb63da6a19039a0083d62a6a62d
  AlamofireImage: 157ed682cc81d3b9db4fb90c1f12180ac552d93b
  AlamofireObjectMapper: 435adc82f5b367679bd9e71c4974a54efd0b2521
  Apptimize: d8cfd58923099b2682f3b3fed3c4dcea2d6fc7cf
  ARAnalytics: 85e7bb999e2a40cea7d2394e71e8ecbafa50f2d0
  Bolts: 8a7995239dbe724f9cba2248b766d48b7ebdd322
  Charts: 0e84f4418e87dad6a9edde221fba37ebb51d3ba7
  CocoaLumberjack: bffe362db4f1efb635d62dc1db8adca86aa18523
  FBSDKCoreKit: 82eac696eb6157da5f4266c3a241f00e9bd72471
  FBSDKLoginKit: 2211bede07c83391349eacc1fd86cf6d9289ce38
  HockeySDK-Source: 5bdf74ccf516d9751f04b755464bfd83f0d3be32
  HTAutocompleteTextField: ce809f04875e843e20f214ab973bb496ba7a93b1
  IosCoreLibrary: a290c029ec0fc9ef548c62d0641ed0d13173f24c
  iRate: adae3f183d83c925ac42d7a2e86e89e838963f57
  JLRoutes: eb078e0c1dbc7dfe321a014b4a2b9ef739d5fa8e
  Mantle: 2fa750afa478cd625a94230fbf1c13462f29395b
  ObjectMapper: fb30f71e08470d1e5a20b199fafe1246281db898
  ObjectMapperTransforms: 0c0eabcc186e4dc7de8b69909d2d4d470a7273af
  OpenInGoogleMaps: 60dd887d2e2b2149166a03bd6dab1d4478a7d3e8
  ReactiveCocoa: e2db045570aa97c695e7aa97c2bcab222ae51f4a
  RSSwizzle: d561958f595028bfcef98c7d55c318b3878a61c6
  SFHFKeychainUtils: 9576b411a79a058f4d5381ace6f3242b9a62e664
  SSZipArchive: 63f8e11cfcc33e03e4cd666b4359ea8bd6facd0c
  SwiftyJSON: c2842d878f95482ffceec5709abc3d05680c0220
  TRLActivityFeed: 80aaadc1bb5ea552d186dafa148115537b3cf572
  TRLAdvancedNotifications: 9c1fbe29b51361d8a42e854f029a6be396e924bb
  TRLCurrentLocation: e81e79afde024f5b1cedb3bf08f619f5b475a387
  TRLDisplayFormatters: cd70f6984e295e1e273d18060fdb06f952d9be39
  TRLImageCache: 1af553d53be4dc83764605d865d17a57d4ec59f0
  TRLLocalInfo: 4767314663994bb7eeab60a5c454968b1e92f956
  TRLMaps: f6fe65c27ec8623882a45465a1720dfa83a2b23d
  TRLMessageExtension: 71780da892147fbf63084868b67a9cafe6a3357e
  TRLNetworkingTools: 3a5862d035704834e069d8a5768315a97b79dac5
  TRLSearchAPI: 7b5b16c69f713e201e5ffe689b5107a4dc8618f6
  TTTAttributedLabel: 8cffe8e127e4e82ff3af1e5386d4cd0ad000b656
  TUIKit: 10e3cee104cbd0eef950a7b302570f8cc6918811
  ZGMortgageCalculators: 68a7cd98062e9ff05dbe5aeea12d84a7cdbda7a8

PODFILE CHECKSUM: 9da6a622c89902983278423bce416fe145ecb62a

COCOAPODS: 1.2.0
