PODS:
  - ActionSheetPicker-3.0 (2.2.0)
  - Adjust (4.10.1):
    - Adjust/Core (= 4.10.1)
  - Adjust/Core (4.10.1)
  - AdobeMobileSDK (4.13.0):
    - AdobeMobileSDK/iOS (= 4.13.0)
  - AdobeMobileSDK/iOS (4.13.0)
  - AFNetworking (3.1.0):
    - AFNetworking/NSURLSession (= 3.1.0)
    - AFNetworking/Reachability (= 3.1.0)
    - AFNetworking/Security (= 3.1.0)
    - AFNetworking/Serialization (= 3.1.0)
    - AFNetworking/UIKit (= 3.1.0)
  - AFNetworking/NSURLSession (3.1.0):
    - AFNetworking/Reachability
    - AFNetworking/Security
    - AFNetworking/Serialization
  - AFNetworking/Reachability (3.1.0)
  - AFNetworking/Security (3.1.0)
  - AFNetworking/Serialization (3.1.0)
  - AFNetworking/UIKit (3.1.0):
    - AFNetworking/NSURLSession
  - Alamofire (3.5.0)
  - AlamofireImage (2.5.0):
    - Alamofire (~> 3.5)
  - AlamofireObjectMapper (3.0.2):
    - Alamofire (~> 3.2)
    - ObjectMapper (~> 1.0)
  - ARAnalytics/Adobe (4.0.0):
    - AdobeMobileSDK
    - ARAnalytics/CoreIOS
  - ARAnalytics/CoreIOS (4.0.0)
  - ARAnalytics/DSL (4.0.0):
    - ReactiveCocoa (~> 2.0)
    - RSSwizzle (~> 0.1.0)
  - Bolts (1.8.4):
    - Bolts/AppLinks (= 1.8.4)
    - Bolts/Tasks (= 1.8.4)
  - Bolts/AppLinks (1.8.4):
    - Bolts/Tasks
  - Bolts/Tasks (1.8.4)
  - CocoaLumberjack (2.3.0):
    - CocoaLumberjack/Default (= 2.3.0)
    - CocoaLumberjack/Extensions (= 2.3.0)
  - CocoaLumberjack/Core (2.3.0)
  - CocoaLumberjack/Default (2.3.0):
    - CocoaLumberjack/Core
  - CocoaLumberjack/Extensions (2.3.0):
    - CocoaLumberjack/Default
  - CocoaLumberjack/Swift (2.3.0):
    - CocoaLumberjack/Extensions
  - FBSDKCoreKit (4.16.0):
    - Bolts (~> 1.7)
  - FBSDKLoginKit (4.16.0):
    - FBSDKCoreKit
  - FormatterKit (1.8.1):
    - FormatterKit/AddressFormatter (= 1.8.1)
    - FormatterKit/ArrayFormatter (= 1.8.1)
    - FormatterKit/ColorFormatter (= 1.8.1)
    - FormatterKit/LocationFormatter (= 1.8.1)
    - FormatterKit/NameFormatter (= 1.8.1)
    - FormatterKit/OrdinalNumberFormatter (= 1.8.1)
    - FormatterKit/Resources (= 1.8.1)
    - FormatterKit/TimeIntervalFormatter (= 1.8.1)
    - FormatterKit/UnitOfInformationFormatter (= 1.8.1)
    - FormatterKit/URLRequestFormatter (= 1.8.1)
  - FormatterKit/AddressFormatter (1.8.1):
    - FormatterKit/Resources
  - FormatterKit/ArrayFormatter (1.8.1):
    - FormatterKit/Resources
  - FormatterKit/ColorFormatter (1.8.1):
    - FormatterKit/Resources
  - FormatterKit/LocationFormatter (1.8.1):
    - FormatterKit/Resources
  - FormatterKit/NameFormatter (1.8.1):
    - FormatterKit/Resources
  - FormatterKit/OrdinalNumberFormatter (1.8.1):
    - FormatterKit/Resources
  - FormatterKit/Resources (1.8.1)
  - FormatterKit/TimeIntervalFormatter (1.8.1):
    - FormatterKit/Resources
  - FormatterKit/UnitOfInformationFormatter (1.8.1):
    - FormatterKit/Resources
  - FormatterKit/URLRequestFormatter (1.8.1):
    - FormatterKit/Resources
  - HockeySDK-Source (4.1.1)
  - HTAutocompleteTextField (1.3.2)
  - IosCoreLibrary (3.4.0):
    - AFNetworking (= 3.1.0)
    - CocoaLumberjack (= 2.3.0)
    - FormatterKit (= 1.8.1)
    - IosCoreLibrary/iOS (= 3.4.0)
    - SFHFKeychainUtils (= 0.0.1)
    - SSZipArchive (= 1.2)
    - TUIKit
  - IosCoreLibrary/iOS (3.4.0):
    - Adjust (= 4.10.1)
    - AdobeMobileSDK (= 4.13.0)
    - AFNetworking (= 3.1.0)
    - ARAnalytics/Adobe (= 4.0.0)
    - ARAnalytics/DSL (= 4.0.0)
    - CocoaLumberjack (= 2.3.0)
    - FBSDKCoreKit (= 4.16.0)
    - FBSDKLoginKit (= 4.16.0)
    - FormatterKit (= 1.8.1)
    - HockeySDK-Source (= 4.1.1)
    - HTAutocompleteTextField (= 1.3.2)
    - iRate (= 1.11.6)
    - JLRoutes (= 1.6.2)
    - Mantle (= 2.0.7)
    - OpenInGoogleMaps (= 0.1.0)
    - SFHFKeychainUtils (= 0.0.1)
    - SSZipArchive (= 1.2)
    - TRLActivityFeed
    - TRLCurrentLocation (= 1.0.0)
    - TRLImageCache/iOS (~> 1.0.10)
    - TRLLocalInfo
    - TRLMaps (~> 0.2)
    - TTTAttributedLabel (= 2.0.0)
    - TUIKit
    - ZGMortgageCalculators
  - iRate (1.11.6)
  - JLRoutes (1.6.2)
  - Mantle (2.0.7):
    - Mantle/extobjc (= 2.0.7)
  - Mantle/extobjc (2.0.7)
  - ObjectMapper (1.3.0)
  - ObjectMapperTransforms (1.0.2):
    - ObjectMapper
  - OpenInGoogleMaps (0.1.0)
  - ReactiveCocoa (2.5):
    - ReactiveCocoa/UI (= 2.5)
  - ReactiveCocoa/Core (2.5):
    - ReactiveCocoa/no-arc
  - ReactiveCocoa/no-arc (2.5)
  - ReactiveCocoa/UI (2.5):
    - ReactiveCocoa/Core
  - RSSwizzle (0.1.0)
  - SFHFKeychainUtils (0.0.1)
  - SSZipArchive (1.2)
  - SwiftyJSON (2.4.0)
  - TRLActivityFeed (1.1.0):
    - Alamofire (= 3.5.0)
    - AlamofireImage (= 2.5.0)
    - AlamofireObjectMapper
    - CocoaLumberjack/Swift (~> 2.3)
    - ObjectMapper (~> 1.3.0)
    - ObjectMapperTransforms (~> 1.0.2)
    - TRLImageCache/iOS
    - TUIKit
  - TRLCurrentLocation (1.0.0)
  - TRLImageCache (1.0.10):
    - AFNetworking (~> 3.0)
    - TRLImageCache/iOS (= 1.0.10)
  - TRLImageCache/iOS (1.0.10):
    - AFNetworking (~> 3.0)
  - TRLLocalInfo (0.2.1):
    - TRLMaps
    - TUIKit
  - TRLMaps (0.4.5):
    - TRLImageCache (~> 1.0)
    - TUIKit/Colors (~> 1.0)
    - TUIKit/Fonts (~> 1.0)
  - TruliaCharts (2.2.13):
    - TruliaCharts/Core (= 2.2.13)
  - TruliaCharts/Core (2.2.13)
  - TTTAttributedLabel (2.0.0)
  - TUIKit (1.0.15):
    - TUIKit/Core (= 1.0.15)
  - TUIKit/Colors (1.0.15)
  - TUIKit/Core (1.0.15)
  - TUIKit/Fonts (1.0.15)
  - ZGMortgageCalculators (2.0.5):
    - ActionSheetPicker-3.0
    - Alamofire (= 3.5.0)
    - SwiftyJSON (= 2.4.0)
    - TruliaCharts (= 2.2.13)
    - TUIKit (~> 1.0.6)

DEPENDENCIES:
  - Alamofire (= 3.5.0)
  - AlamofireImage (= 2.5.0)
  - IosCoreLibrary (from `../mob-ioscore-lib/`)

EXTERNAL SOURCES:
  IosCoreLibrary:
    :path: "../mob-ioscore-lib/"

SPEC CHECKSUMS:
  ActionSheetPicker-3.0: d11a4c12c6aaf704b8a3f56d179198c99f3e41e6
  Adjust: fc4653527bb3fd50411427510116ba786d403be5
  AdobeMobileSDK: 52c3fbf43b5b054132393b1486ecbefca0ba01db
  AFNetworking: 5e0e199f73d8626b11e79750991f5d173d1f8b67
  Alamofire: b70a7352335f8ea5babd0a923eb7e8eacc67b877
  AlamofireImage: 2d34936e5201270bb17a316a786e90e83b4a249d
  AlamofireObjectMapper: 70f97cbf45c01c48d26aa07a1a7059a60ed7411d
  ARAnalytics: d8a0eee8da481d146ca8af5a9ac632b5c4d17a81
  Bolts: 8a7995239dbe724f9cba2248b766d48b7ebdd322
  CocoaLumberjack: 97fab7ee5f507fe54445cca7ea80f926729cfd15
  FBSDKCoreKit: 7a6baaed4a2b2a244ba253346713bdbc74df135b
  FBSDKLoginKit: 9a514a55a7d05190f64d4ef09502737588b5b561
  FormatterKit: 11ad17b983200629246a5a466f6f1bfa2df823cb
  HockeySDK-Source: a86f75afee838fc50826eb7a17875dea66844a37
  HTAutocompleteTextField: ce809f04875e843e20f214ab973bb496ba7a93b1
  IosCoreLibrary: 6803c323a59f5de45f8cc58f0ecfe82eef3a4792
  iRate: 61e558919c4a7fde63b3c22ebbd6c114a1eee658
  JLRoutes: 00671e008acb226b8b4c2385318dc1c583ef0dcf
  Mantle: bc40bb061d8c2c6fb48d5083e04d928c3b7f73d9
  ObjectMapper: 4eb08a726e9791a93b2632049951b56a7c17e471
  ObjectMapperTransforms: 8e4e54cdc58ceb6dd92614402b4ba36ca51bdd0d
  OpenInGoogleMaps: 60dd887d2e2b2149166a03bd6dab1d4478a7d3e8
  ReactiveCocoa: e2db045570aa97c695e7aa97c2bcab222ae51f4a
  RSSwizzle: d561958f595028bfcef98c7d55c318b3878a61c6
  SFHFKeychainUtils: 9576b411a79a058f4d5381ace6f3242b9a62e664
  SSZipArchive: 251093c65f98d6ea282c50bc404bfa631d9fd721
  SwiftyJSON: 96918c1bf505efa50c4f72957018dd3452090c9c
  TRLActivityFeed: 7999e804756f3aab33acf0fddddef9384350bd9d
  TRLCurrentLocation: d51bbe17808dec0bb541ff7af82e799d2cefa614
  TRLImageCache: 0095cafd3b6ceacbdaae0268a64cfe125f332aca
  TRLLocalInfo: eab73793a3bff994f42453bcf8674183c9ddaea7
  TRLMaps: d3f7924d68ca68421d2dbe12f4d5afcf120c6cb3
  TruliaCharts: 0d712d586c9728037fa4c3b87c5467ca0b480ede
  TTTAttributedLabel: 8cffe8e127e4e82ff3af1e5386d4cd0ad000b656
  TUIKit: 997d30a6cfa7427309f903a6a7a59b5d77d71ddf
  ZGMortgageCalculators: 43ec2fc7de5ca80b5de1bfbde1c921795c283b4c

PODFILE CHECKSUM: 4078b6b5fece4490ed521190a6ea636aadb6d458

COCOAPODS: 1.0.1
