// !$*UTF8*$!
{
	archiveVersion = 1;
	classes = {
	};
	objectVersion = 46;
	objects = {

/* Begin PBXBuildFile section */
		2234D88E1E3F9A470098DE6C /* Messages.framework in Frameworks */ = {isa = PBXBuildFile; fileRef = 2234D88D1E3F9A470098DE6C /* Messages.framework */; };
		2234D8941E3F9A470098DE6C /* MainInterface.storyboard in Resources */ = {isa = PBXBuildFile; fileRef = 2234D8921E3F9A470098DE6C /* MainInterface.storyboard */; };
		2234D8961E3F9A470098DE6C /* Assets.xcassets in Resources */ = {isa = PBXBuildFile; fileRef = 2234D8951E3F9A470098DE6C /* Assets.xcassets */; };
		2234D89A1E3F9A470098DE6C /* MessagesExtension.appex in Embed App Extensions */ = {isa = PBXBuildFile; fileRef = 2234D88C1E3F9A470098DE6C /* MessagesExtension.appex */; settings = {ATTRIBUTES = (RemoveHeadersOnCopy, ); }; };
		22AA72691E3FB6C0001AF6EC /* DummyPlaceholderObject.m in Sources */ = {isa = PBXBuildFile; fileRef = 22AA72681E3FB6C0001AF6EC /* DummyPlaceholderObject.m */; };
		640374401E3038C1006CFAA6 /* IRAccountConfig.m in Sources */ = {isa = PBXBuildFile; fileRef = 6403743F1E3038C1006CFAA6 /* IRAccountConfig.m */; };
		645A31281E0B36AB00F749C0 /* IRAdUnitConfiguration.m in Sources */ = {isa = PBXBuildFile; fileRef = 645A31271E0B36AB00F749C0 /* IRAdUnitConfiguration.m */; };
		645A31301E14499800F749C0 /* IRProductInfo.m in Sources */ = {isa = PBXBuildFile; fileRef = 645A312F1E14499800F749C0 /* IRProductInfo.m */; };
		64F739B51E280F89002A7CB5 /* IRComscoreConfiguration.m in Sources */ = {isa = PBXBuildFile; fileRef = 64F739B41E280F89002A7CB5 /* IRComscoreConfiguration.m */; };
		64F739B81E281373002A7CB5 /* IRAdjustSDKConfig.m in Sources */ = {isa = PBXBuildFile; fileRef = 64F739B71E281373002A7CB5 /* IRAdjustSDKConfig.m */; };
		6B1C410F1C9765C800F0DB25 /* main.m in Sources */ = {isa = PBXBuildFile; fileRef = 6B1C410E1C9765C800F0DB25 /* main.m */; };
		6B1C41181C9765C800F0DB25 /* Main.storyboard in Resources */ = {isa = PBXBuildFile; fileRef = 6B1C41161C9765C800F0DB25 /* Main.storyboard */; };
		6B1C411D1C9765C800F0DB25 /* LaunchScreen.storyboard in Resources */ = {isa = PBXBuildFile; fileRef = 6B1C411B1C9765C800F0DB25 /* LaunchScreen.storyboard */; };
		6B1C412C1C97680500F0DB25 /* Assets.xcassets in Resources */ = {isa = PBXBuildFile; fileRef = 6B1C412A1C97680500F0DB25 /* Assets.xcassets */; };
		6B1C41301C97686A00F0DB25 /* copyright.html in Resources */ = {isa = PBXBuildFile; fileRef = 6B1C412E1C97686A00F0DB25 /* copyright.html */; };
		6B1C414C1C9768AC00F0DB25 /* ADBMobileConfig.json in Resources */ = {isa = PBXBuildFile; fileRef = 6B1C413B1C9768AC00F0DB25 /* ADBMobileConfig.json */; };
		6B1C414D1C9768AC00F0DB25 /* ADBMobileConfigRelease.json in Resources */ = {isa = PBXBuildFile; fileRef = 6B1C413C1C9768AC00F0DB25 /* ADBMobileConfigRelease.json */; };
		6B1C414E1C9768AC00F0DB25 /* LocalInfoItems~ipad.json in Resources */ = {isa = PBXBuildFile; fileRef = 6B1C413D1C9768AC00F0DB25 /* LocalInfoItems~ipad.json */; };
		6B1C414F1C9768AC00F0DB25 /* LocalInfoItems~iphone.json in Resources */ = {isa = PBXBuildFile; fileRef = 6B1C413E1C9768AC00F0DB25 /* LocalInfoItems~iphone.json */; };
		6B1C415C1C9768EC00F0DB25 /* TruliaRent.entitlements in Resources */ = {isa = PBXBuildFile; fileRef = 6B1C415B1C9768EC00F0DB25 /* TruliaRent.entitlements */; };
		6B1C416F1C97694F00F0DB25 /* IRAppDelegate.m in Sources */ = {isa = PBXBuildFile; fileRef = 6B1C41621C97694F00F0DB25 /* IRAppDelegate.m */; };
		6B1C417A1C97697000F0DB25 /* ICConfiguration-Info.plist in Resources */ = {isa = PBXBuildFile; fileRef = 6B1C41751C97697000F0DB25 /* ICConfiguration-Info.plist */; };
		6B1C417B1C97697000F0DB25 /* ICGeneral~ipad.plist in Resources */ = {isa = PBXBuildFile; fileRef = 6B1C41761C97697000F0DB25 /* ICGeneral~ipad.plist */; };
		6B1C417C1C97697000F0DB25 /* ICGeneral~iphone.plist in Resources */ = {isa = PBXBuildFile; fileRef = 6B1C41771C97697000F0DB25 /* ICGeneral~iphone.plist */; };
		6B1C417D1C97697000F0DB25 /* ICMetric~ipad.plist in Resources */ = {isa = PBXBuildFile; fileRef = 6B1C41781C97697000F0DB25 /* ICMetric~ipad.plist */; };
		6B1C417E1C97697000F0DB25 /* ICMetric~iphone.plist in Resources */ = {isa = PBXBuildFile; fileRef = 6B1C41791C97697000F0DB25 /* ICMetric~iphone.plist */; };
		7D89BD83DFEE2E272070B119 /* Pods_TruliaBase_MessagesExtension.framework in Frameworks */ = {isa = PBXBuildFile; fileRef = 8E75397BA215E9E0AF3ABC67 /* Pods_TruliaBase_MessagesExtension.framework */; };
		B098481F3BB273E5806559BB /* Pods_TruliaBase_Trulia_Rent.framework in Frameworks */ = {isa = PBXBuildFile; fileRef = F631898D8F1115901C2E78F8 /* Pods_TruliaBase_Trulia_Rent.framework */; };
/* End PBXBuildFile section */

/* Begin PBXContainerItemProxy section */
		2234D8981E3F9A470098DE6C /* PBXContainerItemProxy */ = {
			isa = PBXContainerItemProxy;
			containerPortal = 6B1C41021C9765C800F0DB25 /* Project object */;
			proxyType = 1;
			remoteGlobalIDString = 2234D88B1E3F9A470098DE6C;
			remoteInfo = MessagesExtension;
		};
/* End PBXContainerItemProxy section */

/* Begin PBXCopyFilesBuildPhase section */
		2234D89F1E3F9A470098DE6C /* Embed App Extensions */ = {
			isa = PBXCopyFilesBuildPhase;
			buildActionMask = 2147483647;
			dstPath = "";
			dstSubfolderSpec = 13;
			files = (
				2234D89A1E3F9A470098DE6C /* MessagesExtension.appex in Embed App Extensions */,
			);
			name = "Embed App Extensions";
			runOnlyForDeploymentPostprocessing = 0;
		};
/* End PBXCopyFilesBuildPhase section */

/* Begin PBXFileReference section */
		1444F3402058237C39DE7AD1 /* Pods-Trulia Rent.debug.xcconfig */ = {isa = PBXFileReference; includeInIndex = 1; lastKnownFileType = text.xcconfig; name = "Pods-Trulia Rent.debug.xcconfig"; path = "Pods/Target Support Files/Pods-Trulia Rent/Pods-Trulia Rent.debug.xcconfig"; sourceTree = "<group>"; };
		1EBCCE42D3B96C7051AAA6A7 /* Pods-TruliaBase-MessagesExtension.appstore.xcconfig */ = {isa = PBXFileReference; includeInIndex = 1; lastKnownFileType = text.xcconfig; name = "Pods-TruliaBase-MessagesExtension.appstore.xcconfig"; path = "Pods/Target Support Files/Pods-TruliaBase-MessagesExtension/Pods-TruliaBase-MessagesExtension.appstore.xcconfig"; sourceTree = "<group>"; };
		2234D88C1E3F9A470098DE6C /* MessagesExtension.appex */ = {isa = PBXFileReference; explicitFileType = "wrapper.app-extension"; includeInIndex = 0; path = MessagesExtension.appex; sourceTree = BUILT_PRODUCTS_DIR; };
		2234D88D1E3F9A470098DE6C /* Messages.framework */ = {isa = PBXFileReference; lastKnownFileType = wrapper.framework; name = Messages.framework; path = System/Library/Frameworks/Messages.framework; sourceTree = SDKROOT; };
		2234D8931E3F9A470098DE6C /* Base */ = {isa = PBXFileReference; lastKnownFileType = file.storyboard; name = Base; path = Base.lproj/MainInterface.storyboard; sourceTree = "<group>"; };
		2234D8951E3F9A470098DE6C /* Assets.xcassets */ = {isa = PBXFileReference; lastKnownFileType = folder.assetcatalog; path = Assets.xcassets; sourceTree = "<group>"; };
		2234D8971E3F9A470098DE6C /* Info.plist */ = {isa = PBXFileReference; lastKnownFileType = text.plist.xml; path = Info.plist; sourceTree = "<group>"; };
		22AA72661E3FB6C0001AF6EC /* MessagesExtension-Bridging-Header.h */ = {isa = PBXFileReference; lastKnownFileType = sourcecode.c.h; path = "MessagesExtension-Bridging-Header.h"; sourceTree = "<group>"; };
		22AA72671E3FB6C0001AF6EC /* DummyPlaceholderObject.h */ = {isa = PBXFileReference; fileEncoding = 4; lastKnownFileType = sourcecode.c.h; path = DummyPlaceholderObject.h; sourceTree = "<group>"; };
		22AA72681E3FB6C0001AF6EC /* DummyPlaceholderObject.m */ = {isa = PBXFileReference; fileEncoding = 4; lastKnownFileType = sourcecode.c.objc; path = DummyPlaceholderObject.m; sourceTree = "<group>"; };
		22AA726A1E3FB85F001AF6EC /* MessagesExtension.entitlements */ = {isa = PBXFileReference; lastKnownFileType = text.plist.entitlements; path = MessagesExtension.entitlements; sourceTree = "<group>"; };
		546891CAAD98A23F00BBC5DA /* Pods-Trulia Rent.stage.xcconfig */ = {isa = PBXFileReference; includeInIndex = 1; lastKnownFileType = text.xcconfig; name = "Pods-Trulia Rent.stage.xcconfig"; path = "Pods/Target Support Files/Pods-Trulia Rent/Pods-Trulia Rent.stage.xcconfig"; sourceTree = "<group>"; };
		5660D15F7E4B63EA4325125C /* Pods-TruliaBase-MessagesExtension.stage.xcconfig */ = {isa = PBXFileReference; includeInIndex = 1; lastKnownFileType = text.xcconfig; name = "Pods-TruliaBase-MessagesExtension.stage.xcconfig"; path = "Pods/Target Support Files/Pods-TruliaBase-MessagesExtension/Pods-TruliaBase-MessagesExtension.stage.xcconfig"; sourceTree = "<group>"; };
		6403743E1E3038C1006CFAA6 /* IRAccountConfig.h */ = {isa = PBXFileReference; fileEncoding = 4; lastKnownFileType = sourcecode.c.h; path = IRAccountConfig.h; sourceTree = "<group>"; };
		6403743F1E3038C1006CFAA6 /* IRAccountConfig.m */ = {isa = PBXFileReference; fileEncoding = 4; lastKnownFileType = sourcecode.c.objc; path = IRAccountConfig.m; sourceTree = "<group>"; };
		645A31261E0B36AB00F749C0 /* IRAdUnitConfiguration.h */ = {isa = PBXFileReference; fileEncoding = 4; lastKnownFileType = sourcecode.c.h; path = IRAdUnitConfiguration.h; sourceTree = "<group>"; };
		645A31271E0B36AB00F749C0 /* IRAdUnitConfiguration.m */ = {isa = PBXFileReference; fileEncoding = 4; lastKnownFileType = sourcecode.c.objc; path = IRAdUnitConfiguration.m; sourceTree = "<group>"; };
		645A312E1E14499800F749C0 /* IRProductInfo.h */ = {isa = PBXFileReference; fileEncoding = 4; lastKnownFileType = sourcecode.c.h; path = IRProductInfo.h; sourceTree = "<group>"; };
		645A312F1E14499800F749C0 /* IRProductInfo.m */ = {isa = PBXFileReference; fileEncoding = 4; lastKnownFileType = sourcecode.c.objc; path = IRProductInfo.m; sourceTree = "<group>"; };
		64F739B31E280F89002A7CB5 /* IRComscoreConfiguration.h */ = {isa = PBXFileReference; fileEncoding = 4; lastKnownFileType = sourcecode.c.h; path = IRComscoreConfiguration.h; sourceTree = "<group>"; };
		64F739B41E280F89002A7CB5 /* IRComscoreConfiguration.m */ = {isa = PBXFileReference; fileEncoding = 4; lastKnownFileType = sourcecode.c.objc; path = IRComscoreConfiguration.m; sourceTree = "<group>"; };
		64F739B61E281373002A7CB5 /* IRAdjustSDKConfig.h */ = {isa = PBXFileReference; fileEncoding = 4; lastKnownFileType = sourcecode.c.h; path = IRAdjustSDKConfig.h; sourceTree = "<group>"; };
		64F739B71E281373002A7CB5 /* IRAdjustSDKConfig.m */ = {isa = PBXFileReference; fileEncoding = 4; lastKnownFileType = sourcecode.c.objc; path = IRAdjustSDKConfig.m; sourceTree = "<group>"; };
		6B1C410A1C9765C800F0DB25 /* TruliaRent.app */ = {isa = PBXFileReference; explicitFileType = wrapper.application; includeInIndex = 0; path = TruliaRent.app; sourceTree = BUILT_PRODUCTS_DIR; };
		6B1C410E1C9765C800F0DB25 /* main.m */ = {isa = PBXFileReference; lastKnownFileType = sourcecode.c.objc; path = main.m; sourceTree = "<group>"; };
		6B1C41171C9765C800F0DB25 /* Base */ = {isa = PBXFileReference; lastKnownFileType = file.storyboard; name = Base; path = Base.lproj/Main.storyboard; sourceTree = "<group>"; };
		6B1C411C1C9765C800F0DB25 /* Base */ = {isa = PBXFileReference; lastKnownFileType = file.storyboard; name = Base; path = Base.lproj/LaunchScreen.storyboard; sourceTree = "<group>"; };
		6B1C411E1C9765C800F0DB25 /* Info.plist */ = {isa = PBXFileReference; lastKnownFileType = text.plist.xml; path = Info.plist; sourceTree = "<group>"; };
		6B1C41271C9767D700F0DB25 /* Base */ = {isa = PBXFileReference; lastKnownFileType = text.plist.strings; name = Base; path = Base.lproj/Localizable.strings; sourceTree = "<group>"; };
		6B1C412A1C97680500F0DB25 /* Assets.xcassets */ = {isa = PBXFileReference; lastKnownFileType = folder.assetcatalog; path = Assets.xcassets; sourceTree = "<group>"; };
		6B1C412F1C97686A00F0DB25 /* Base */ = {isa = PBXFileReference; lastKnownFileType = text.html; name = Base; path = Base.lproj/copyright.html; sourceTree = "<group>"; };
		6B1C413B1C9768AC00F0DB25 /* ADBMobileConfig.json */ = {isa = PBXFileReference; fileEncoding = 4; lastKnownFileType = text.json; path = ADBMobileConfig.json; sourceTree = "<group>"; };
		6B1C413C1C9768AC00F0DB25 /* ADBMobileConfigRelease.json */ = {isa = PBXFileReference; fileEncoding = 4; lastKnownFileType = text.json; path = ADBMobileConfigRelease.json; sourceTree = "<group>"; };
		6B1C413D1C9768AC00F0DB25 /* LocalInfoItems~ipad.json */ = {isa = PBXFileReference; fileEncoding = 4; lastKnownFileType = text.json; path = "LocalInfoItems~ipad.json"; sourceTree = "<group>"; };
		6B1C413E1C9768AC00F0DB25 /* LocalInfoItems~iphone.json */ = {isa = PBXFileReference; fileEncoding = 4; lastKnownFileType = text.json; path = "LocalInfoItems~iphone.json"; sourceTree = "<group>"; };
		6B1C415B1C9768EC00F0DB25 /* TruliaRent.entitlements */ = {isa = PBXFileReference; fileEncoding = 4; lastKnownFileType = text.xml; path = TruliaRent.entitlements; sourceTree = "<group>"; };
		6B1C41611C97694F00F0DB25 /* IRAppDelegate.h */ = {isa = PBXFileReference; fileEncoding = 4; lastKnownFileType = sourcecode.c.h; path = IRAppDelegate.h; sourceTree = "<group>"; };
		6B1C41621C97694F00F0DB25 /* IRAppDelegate.m */ = {isa = PBXFileReference; fileEncoding = 4; lastKnownFileType = sourcecode.c.objc; path = IRAppDelegate.m; sourceTree = "<group>"; };
		6B1C41751C97697000F0DB25 /* ICConfiguration-Info.plist */ = {isa = PBXFileReference; fileEncoding = 4; lastKnownFileType = text.plist.xml; path = "ICConfiguration-Info.plist"; sourceTree = "<group>"; };
		6B1C41761C97697000F0DB25 /* ICGeneral~ipad.plist */ = {isa = PBXFileReference; fileEncoding = 4; lastKnownFileType = text.plist.xml; path = "ICGeneral~ipad.plist"; sourceTree = "<group>"; };
		6B1C41771C97697000F0DB25 /* ICGeneral~iphone.plist */ = {isa = PBXFileReference; fileEncoding = 4; lastKnownFileType = text.plist.xml; path = "ICGeneral~iphone.plist"; sourceTree = "<group>"; };
		6B1C41781C97697000F0DB25 /* ICMetric~ipad.plist */ = {isa = PBXFileReference; fileEncoding = 4; lastKnownFileType = text.plist.xml; path = "ICMetric~ipad.plist"; sourceTree = "<group>"; };
		6B1C41791C97697000F0DB25 /* ICMetric~iphone.plist */ = {isa = PBXFileReference; fileEncoding = 4; lastKnownFileType = text.plist.xml; path = "ICMetric~iphone.plist"; sourceTree = "<group>"; };
		6B1C41811C987D7C00F0DB25 /* TruliaRent-Prefix.pch */ = {isa = PBXFileReference; fileEncoding = 4; lastKnownFileType = sourcecode.c.h; path = "TruliaRent-Prefix.pch"; sourceTree = "<group>"; };
		7DE7C1B680C9EB6494FCCB62 /* Pods-TruliaBase-Trulia Rent.debug.xcconfig */ = {isa = PBXFileReference; includeInIndex = 1; lastKnownFileType = text.xcconfig; name = "Pods-TruliaBase-Trulia Rent.debug.xcconfig"; path = "Pods/Target Support Files/Pods-TruliaBase-Trulia Rent/Pods-TruliaBase-Trulia Rent.debug.xcconfig"; sourceTree = "<group>"; };
		860BFC7070DB8DF9C9EDFF3B /* Pods-TruliaBase-Trulia Rent.appstore.xcconfig */ = {isa = PBXFileReference; includeInIndex = 1; lastKnownFileType = text.xcconfig; name = "Pods-TruliaBase-Trulia Rent.appstore.xcconfig"; path = "Pods/Target Support Files/Pods-TruliaBase-Trulia Rent/Pods-TruliaBase-Trulia Rent.appstore.xcconfig"; sourceTree = "<group>"; };
		8615227DD122E134C97F0A43 /* Pods-TruliaBase-Trulia Rent.stage.xcconfig */ = {isa = PBXFileReference; includeInIndex = 1; lastKnownFileType = text.xcconfig; name = "Pods-TruliaBase-Trulia Rent.stage.xcconfig"; path = "Pods/Target Support Files/Pods-TruliaBase-Trulia Rent/Pods-TruliaBase-Trulia Rent.stage.xcconfig"; sourceTree = "<group>"; };
		8E75397BA215E9E0AF3ABC67 /* Pods_TruliaBase_MessagesExtension.framework */ = {isa = PBXFileReference; explicitFileType = wrapper.framework; includeInIndex = 0; path = Pods_TruliaBase_MessagesExtension.framework; sourceTree = BUILT_PRODUCTS_DIR; };
		A4FDF0BB8493A863BCC47F1F /* Pods-Trulia Rent.appstore.xcconfig */ = {isa = PBXFileReference; includeInIndex = 1; lastKnownFileType = text.xcconfig; name = "Pods-Trulia Rent.appstore.xcconfig"; path = "Pods/Target Support Files/Pods-Trulia Rent/Pods-Trulia Rent.appstore.xcconfig"; sourceTree = "<group>"; };
		D22B9916956798BEA87781DC /* Pods-TruliaBase-MessagesExtension.debug.xcconfig */ = {isa = PBXFileReference; includeInIndex = 1; lastKnownFileType = text.xcconfig; name = "Pods-TruliaBase-MessagesExtension.debug.xcconfig"; path = "Pods/Target Support Files/Pods-TruliaBase-MessagesExtension/Pods-TruliaBase-MessagesExtension.debug.xcconfig"; sourceTree = "<group>"; };
		F27F587BC457B72804F20410 /* Pods_Trulia_Rent.framework */ = {isa = PBXFileReference; explicitFileType = wrapper.framework; includeInIndex = 0; path = Pods_Trulia_Rent.framework; sourceTree = BUILT_PRODUCTS_DIR; };
		F631898D8F1115901C2E78F8 /* Pods_TruliaBase_Trulia_Rent.framework */ = {isa = PBXFileReference; explicitFileType = wrapper.framework; includeInIndex = 0; path = Pods_TruliaBase_Trulia_Rent.framework; sourceTree = BUILT_PRODUCTS_DIR; };
/* End PBXFileReference section */

/* Begin PBXFrameworksBuildPhase section */
		2234D8891E3F9A470098DE6C /* Frameworks */ = {
			isa = PBXFrameworksBuildPhase;
			buildActionMask = 2147483647;
			files = (
				2234D88E1E3F9A470098DE6C /* Messages.framework in Frameworks */,
				7D89BD83DFEE2E272070B119 /* Pods_TruliaBase_MessagesExtension.framework in Frameworks */,
			);
			runOnlyForDeploymentPostprocessing = 0;
		};
		6B1C41071C9765C800F0DB25 /* Frameworks */ = {
			isa = PBXFrameworksBuildPhase;
			buildActionMask = 2147483647;
			files = (
				B098481F3BB273E5806559BB /* Pods_TruliaBase_Trulia_Rent.framework in Frameworks */,
			);
			runOnlyForDeploymentPostprocessing = 0;
		};
/* End PBXFrameworksBuildPhase section */

/* Begin PBXGroup section */
		2234D88F1E3F9A470098DE6C /* MessagesExtension */ = {
			isa = PBXGroup;
			children = (
				22AA726A1E3FB85F001AF6EC /* MessagesExtension.entitlements */,
				22AA72671E3FB6C0001AF6EC /* DummyPlaceholderObject.h */,
				22AA72681E3FB6C0001AF6EC /* DummyPlaceholderObject.m */,
				2234D8921E3F9A470098DE6C /* MainInterface.storyboard */,
				2234D8951E3F9A470098DE6C /* Assets.xcassets */,
				2234D8971E3F9A470098DE6C /* Info.plist */,
				22AA72661E3FB6C0001AF6EC /* MessagesExtension-Bridging-Header.h */,
			);
			path = MessagesExtension;
			sourceTree = "<group>";
		};
		6B1C41011C9765C800F0DB25 = {
			isa = PBXGroup;
			children = (
				6B1C410C1C9765C800F0DB25 /* Trulia Rent */,
				2234D88F1E3F9A470098DE6C /* MessagesExtension */,
				6B1C410B1C9765C800F0DB25 /* Products */,
				AC3FE94C825389BFC8F0506B /* Pods */,
				E9652C4340560D749CF105E7 /* Frameworks */,
			);
			sourceTree = "<group>";
		};
		6B1C410B1C9765C800F0DB25 /* Products */ = {
			isa = PBXGroup;
			children = (
				6B1C410A1C9765C800F0DB25 /* TruliaRent.app */,
				2234D88C1E3F9A470098DE6C /* MessagesExtension.appex */,
			);
			name = Products;
			sourceTree = "<group>";
		};
		6B1C410C1C9765C800F0DB25 /* Trulia Rent */ = {
			isa = PBXGroup;
			children = (
				6B1C415B1C9768EC00F0DB25 /* TruliaRent.entitlements */,
				6B1C415D1C97694F00F0DB25 /* Classes */,
				6B1C41291C97680500F0DB25 /* Resources */,
				6B1C41161C9765C800F0DB25 /* Main.storyboard */,
				6B1C411B1C9765C800F0DB25 /* LaunchScreen.storyboard */,
				6B1C411E1C9765C800F0DB25 /* Info.plist */,
				6B1C410D1C9765C800F0DB25 /* Supporting Files */,
			);
			path = "Trulia Rent";
			sourceTree = "<group>";
		};
		6B1C410D1C9765C800F0DB25 /* Supporting Files */ = {
			isa = PBXGroup;
			children = (
				6B1C41811C987D7C00F0DB25 /* TruliaRent-Prefix.pch */,
				6B1C412E1C97686A00F0DB25 /* copyright.html */,
				6B1C41261C9767D700F0DB25 /* Localizable.strings */,
				6B1C410E1C9765C800F0DB25 /* main.m */,
			);
			name = "Supporting Files";
			sourceTree = "<group>";
		};
		6B1C41291C97680500F0DB25 /* Resources */ = {
			isa = PBXGroup;
			children = (
				6B1C413A1C9768AC00F0DB25 /* Configs */,
				6B1C412A1C97680500F0DB25 /* Assets.xcassets */,
			);
			path = Resources;
			sourceTree = "<group>";
		};
		6B1C413A1C9768AC00F0DB25 /* Configs */ = {
			isa = PBXGroup;
			children = (
				6B1C41751C97697000F0DB25 /* ICConfiguration-Info.plist */,
				6B1C41761C97697000F0DB25 /* ICGeneral~ipad.plist */,
				6B1C41771C97697000F0DB25 /* ICGeneral~iphone.plist */,
				6B1C41781C97697000F0DB25 /* ICMetric~ipad.plist */,
				6B1C41791C97697000F0DB25 /* ICMetric~iphone.plist */,
				6B1C413B1C9768AC00F0DB25 /* ADBMobileConfig.json */,
				6B1C413C1C9768AC00F0DB25 /* ADBMobileConfigRelease.json */,
				6B1C413D1C9768AC00F0DB25 /* LocalInfoItems~ipad.json */,
				6B1C413E1C9768AC00F0DB25 /* LocalInfoItems~iphone.json */,
			);
			path = Configs;
			sourceTree = "<group>";
		};
		6B1C415D1C97694F00F0DB25 /* Classes */ = {
			isa = PBXGroup;
			children = (
				6B1C41611C97694F00F0DB25 /* IRAppDelegate.h */,
				6B1C41621C97694F00F0DB25 /* IRAppDelegate.m */,
				645A31261E0B36AB00F749C0 /* IRAdUnitConfiguration.h */,
				645A31271E0B36AB00F749C0 /* IRAdUnitConfiguration.m */,
				645A312E1E14499800F749C0 /* IRProductInfo.h */,
				645A312F1E14499800F749C0 /* IRProductInfo.m */,
				64F739B31E280F89002A7CB5 /* IRComscoreConfiguration.h */,
				64F739B41E280F89002A7CB5 /* IRComscoreConfiguration.m */,
				64F739B61E281373002A7CB5 /* IRAdjustSDKConfig.h */,
				64F739B71E281373002A7CB5 /* IRAdjustSDKConfig.m */,
				6403743E1E3038C1006CFAA6 /* IRAccountConfig.h */,
				6403743F1E3038C1006CFAA6 /* IRAccountConfig.m */,
			);
			path = Classes;
			sourceTree = "<group>";
		};
		AC3FE94C825389BFC8F0506B /* Pods */ = {
			isa = PBXGroup;
			children = (
				1444F3402058237C39DE7AD1 /* Pods-Trulia Rent.debug.xcconfig */,
				A4FDF0BB8493A863BCC47F1F /* Pods-Trulia Rent.appstore.xcconfig */,
				546891CAAD98A23F00BBC5DA /* Pods-Trulia Rent.stage.xcconfig */,
				D22B9916956798BEA87781DC /* Pods-TruliaBase-MessagesExtension.debug.xcconfig */,
				1EBCCE42D3B96C7051AAA6A7 /* Pods-TruliaBase-MessagesExtension.appstore.xcconfig */,
				5660D15F7E4B63EA4325125C /* Pods-TruliaBase-MessagesExtension.stage.xcconfig */,
				7DE7C1B680C9EB6494FCCB62 /* Pods-TruliaBase-Trulia Rent.debug.xcconfig */,
				860BFC7070DB8DF9C9EDFF3B /* Pods-TruliaBase-Trulia Rent.appstore.xcconfig */,
				8615227DD122E134C97F0A43 /* Pods-TruliaBase-Trulia Rent.stage.xcconfig */,
			);
			name = Pods;
			sourceTree = "<group>";
		};
		E9652C4340560D749CF105E7 /* Frameworks */ = {
			isa = PBXGroup;
			children = (
				F27F587BC457B72804F20410 /* Pods_Trulia_Rent.framework */,
				2234D88D1E3F9A470098DE6C /* Messages.framework */,
				8E75397BA215E9E0AF3ABC67 /* Pods_TruliaBase_MessagesExtension.framework */,
				F631898D8F1115901C2E78F8 /* Pods_TruliaBase_Trulia_Rent.framework */,
			);
			name = Frameworks;
			sourceTree = "<group>";
		};
/* End PBXGroup section */

/* Begin PBXNativeTarget section */
		2234D88B1E3F9A470098DE6C /* MessagesExtension */ = {
			isa = PBXNativeTarget;
			buildConfigurationList = 2234D89E1E3F9A470098DE6C /* Build configuration list for PBXNativeTarget "MessagesExtension" */;
			buildPhases = (
				09FB416021EDA90C2EA89DA2 /* [CP] Check Pods Manifest.lock */,
				2234D8881E3F9A470098DE6C /* Sources */,
				2234D8891E3F9A470098DE6C /* Frameworks */,
				2234D88A1E3F9A470098DE6C /* Resources */,
				93EF18A15619A4EB404D9256 /* [CP] Copy Pods Resources */,
			);
			buildRules = (
			);
			dependencies = (
			);
			name = MessagesExtension;
			productName = MessagesExtension;
			productReference = 2234D88C1E3F9A470098DE6C /* MessagesExtension.appex */;
			productType = "com.apple.product-type.app-extension.messages";
		};
		6B1C41091C9765C800F0DB25 /* Trulia Rent */ = {
			isa = PBXNativeTarget;
			buildConfigurationList = 6B1C41211C9765C800F0DB25 /* Build configuration list for PBXNativeTarget "Trulia Rent" */;
			buildPhases = (
				6B2E2B57F91F478D54B6CF08 /* [CP] Check Pods Manifest.lock */,
				6B1C41061C9765C800F0DB25 /* Sources */,
				6B1C41071C9765C800F0DB25 /* Frameworks */,
				6B1C41081C9765C800F0DB25 /* Resources */,
				9DCAA78D1D26E90400CB83C8 /* ShellScript */,
				830E008AAAD52A49FE5E58A7 /* [CP] Embed Pods Frameworks */,
				3B9083A701DF0F26AF114241 /* [CP] Copy Pods Resources */,
				2234D89F1E3F9A470098DE6C /* Embed App Extensions */,
			);
			buildRules = (
			);
			dependencies = (
				2234D8991E3F9A470098DE6C /* PBXTargetDependency */,
			);
			name = "Trulia Rent";
			productName = "Trulia Rent";
			productReference = 6B1C410A1C9765C800F0DB25 /* TruliaRent.app */;
			productType = "com.apple.product-type.application";
		};
/* End PBXNativeTarget section */

/* Begin PBXProject section */
		6B1C41021C9765C800F0DB25 /* Project object */ = {
			isa = PBXProject;
			attributes = {
				LastSwiftUpdateCheck = 0820;
				LastUpgradeCheck = 0800;
				ORGANIZATIONNAME = "Trulia Inc";
				TargetAttributes = {
					2234D88B1E3F9A470098DE6C = {
						CreatedOnToolsVersion = 8.2.1;
						DevelopmentTeam = 9FBSWYKDXR;
						LastSwiftMigration = 0820;
						ProvisioningStyle = Automatic;
						SystemCapabilities = {
							com.apple.ApplicationGroups.iOS = {
								enabled = 1;
							};
						};
					};
					6B1C41091C9765C800F0DB25 = {
						CreatedOnToolsVersion = 7.2.1;
						DevelopmentTeam = 9FBSWYKDXR;
						LastSwiftMigration = 0800;
						ProvisioningStyle = Automatic;
						SystemCapabilities = {
							com.apple.ApplicationGroups.iOS = {
								enabled = 1;
							};
						};
					};
				};
			};
			buildConfigurationList = 6B1C41051C9765C800F0DB25 /* Build configuration list for PBXProject "Trulia Rent" */;
			compatibilityVersion = "Xcode 3.2";
			developmentRegion = English;
			hasScannedForEncodings = 0;
			knownRegions = (
				en,
				Base,
			);
			mainGroup = 6B1C41011C9765C800F0DB25;
			productRefGroup = 6B1C410B1C9765C800F0DB25 /* Products */;
			projectDirPath = "";
			projectRoot = "";
			targets = (
				6B1C41091C9765C800F0DB25 /* Trulia Rent */,
				2234D88B1E3F9A470098DE6C /* MessagesExtension */,
			);
		};
/* End PBXProject section */

/* Begin PBXResourcesBuildPhase section */
		2234D88A1E3F9A470098DE6C /* Resources */ = {
			isa = PBXResourcesBuildPhase;
			buildActionMask = 2147483647;
			files = (
				2234D8961E3F9A470098DE6C /* Assets.xcassets in Resources */,
				2234D8941E3F9A470098DE6C /* MainInterface.storyboard in Resources */,
			);
			runOnlyForDeploymentPostprocessing = 0;
		};
		6B1C41081C9765C800F0DB25 /* Resources */ = {
			isa = PBXResourcesBuildPhase;
			buildActionMask = 2147483647;
			files = (
				6B1C414F1C9768AC00F0DB25 /* LocalInfoItems~iphone.json in Resources */,
				6B1C417B1C97697000F0DB25 /* ICGeneral~ipad.plist in Resources */,
				6B1C411D1C9765C800F0DB25 /* LaunchScreen.storyboard in Resources */,
				6B1C414D1C9768AC00F0DB25 /* ADBMobileConfigRelease.json in Resources */,
				6B1C417C1C97697000F0DB25 /* ICGeneral~iphone.plist in Resources */,
				6B1C415C1C9768EC00F0DB25 /* TruliaRent.entitlements in Resources */,
				6B1C417A1C97697000F0DB25 /* ICConfiguration-Info.plist in Resources */,
				6B1C412C1C97680500F0DB25 /* Assets.xcassets in Resources */,
				6B1C417D1C97697000F0DB25 /* ICMetric~ipad.plist in Resources */,
				6B1C417E1C97697000F0DB25 /* ICMetric~iphone.plist in Resources */,
				6B1C414E1C9768AC00F0DB25 /* LocalInfoItems~ipad.json in Resources */,
				6B1C41301C97686A00F0DB25 /* copyright.html in Resources */,
				6B1C41181C9765C800F0DB25 /* Main.storyboard in Resources */,
				6B1C414C1C9768AC00F0DB25 /* ADBMobileConfig.json in Resources */,
			);
			runOnlyForDeploymentPostprocessing = 0;
		};
/* End PBXResourcesBuildPhase section */

/* Begin PBXShellScriptBuildPhase section */
		09FB416021EDA90C2EA89DA2 /* [CP] Check Pods Manifest.lock */ = {
			isa = PBXShellScriptBuildPhase;
			buildActionMask = 2147483647;
			files = (
			);
			inputPaths = (
			);
			name = "[CP] Check Pods Manifest.lock";
			outputPaths = (
			);
			runOnlyForDeploymentPostprocessing = 0;
			shellPath = /bin/sh;
			shellScript = "diff \"${PODS_ROOT}/../Podfile.lock\" \"${PODS_ROOT}/Manifest.lock\" > /dev/null\nif [ $? != 0 ] ; then\n    # print error to STDERR\n    echo \"error: The sandbox is not in sync with the Podfile.lock. Run 'pod install' or update your CocoaPods installation.\" >&2\n    exit 1\nfi\n";
			showEnvVarsInLog = 0;
		};
		3B9083A701DF0F26AF114241 /* [CP] Copy Pods Resources */ = {
			isa = PBXShellScriptBuildPhase;
			buildActionMask = 2147483647;
			files = (
			);
			inputPaths = (
			);
			name = "[CP] Copy Pods Resources";
			outputPaths = (
			);
			runOnlyForDeploymentPostprocessing = 0;
			shellPath = /bin/sh;
			shellScript = "\"${SRCROOT}/Pods/Target Support Files/Pods-TruliaBase-Trulia Rent/Pods-TruliaBase-Trulia Rent-resources.sh\"\n";
			showEnvVarsInLog = 0;
		};
		6B2E2B57F91F478D54B6CF08 /* [CP] Check Pods Manifest.lock */ = {
			isa = PBXShellScriptBuildPhase;
			buildActionMask = 2147483647;
			files = (
			);
			inputPaths = (
			);
			name = "[CP] Check Pods Manifest.lock";
			outputPaths = (
			);
			runOnlyForDeploymentPostprocessing = 0;
			shellPath = /bin/sh;
			shellScript = "diff \"${PODS_ROOT}/../Podfile.lock\" \"${PODS_ROOT}/Manifest.lock\" > /dev/null\nif [ $? != 0 ] ; then\n    # print error to STDERR\n    echo \"error: The sandbox is not in sync with the Podfile.lock. Run 'pod install' or update your CocoaPods installation.\" >&2\n    exit 1\nfi\n";
			showEnvVarsInLog = 0;
		};
		830E008AAAD52A49FE5E58A7 /* [CP] Embed Pods Frameworks */ = {
			isa = PBXShellScriptBuildPhase;
			buildActionMask = 2147483647;
			files = (
			);
			inputPaths = (
			);
			name = "[CP] Embed Pods Frameworks";
			outputPaths = (
			);
			runOnlyForDeploymentPostprocessing = 0;
			shellPath = /bin/sh;
			shellScript = "\"${SRCROOT}/Pods/Target Support Files/Pods-TruliaBase-Trulia Rent/Pods-TruliaBase-Trulia Rent-frameworks.sh\"\n";
			showEnvVarsInLog = 0;
		};
		93EF18A15619A4EB404D9256 /* [CP] Copy Pods Resources */ = {
			isa = PBXShellScriptBuildPhase;
			buildActionMask = 2147483647;
			files = (
			);
			inputPaths = (
			);
			name = "[CP] Copy Pods Resources";
			outputPaths = (
			);
			runOnlyForDeploymentPostprocessing = 0;
			shellPath = /bin/sh;
			shellScript = "\"${SRCROOT}/Pods/Target Support Files/Pods-TruliaBase-MessagesExtension/Pods-TruliaBase-MessagesExtension-resources.sh\"\n";
			showEnvVarsInLog = 0;
		};
		9DCAA78D1D26E90400CB83C8 /* ShellScript */ = {
			isa = PBXShellScriptBuildPhase;
			buildActionMask = 2147483647;
			files = (
			);
			inputPaths = (
			);
			outputPaths = (
			);
			runOnlyForDeploymentPostprocessing = 0;
			shellPath = /bin/sh;
			shellScript = "if [ \"${CONFIGURATION}\" == \"Appstore\" ]; then\necho running fabric upload dsym script\n\"${SRCROOT}/../mob-ioscore-lib/Pod/VendorStaticFrameworks/Fabric.framework/run\" 69c46441eff2d4c6f8a043fd66d16ff159cd9812 1192e1497ab0deac603c36fb2464fd4c0a8452fee2494999c0c302fea55ff94c\nfi";
		};
/* End PBXShellScriptBuildPhase section */

/* Begin PBXSourcesBuildPhase section */
		2234D8881E3F9A470098DE6C /* Sources */ = {
			isa = PBXSourcesBuildPhase;
			buildActionMask = 2147483647;
			files = (
				22AA72691E3FB6C0001AF6EC /* DummyPlaceholderObject.m in Sources */,
			);
			runOnlyForDeploymentPostprocessing = 0;
		};
		6B1C41061C9765C800F0DB25 /* Sources */ = {
			isa = PBXSourcesBuildPhase;
			buildActionMask = 2147483647;
			files = (
				64F739B81E281373002A7CB5 /* IRAdjustSDKConfig.m in Sources */,
				645A31301E14499800F749C0 /* IRProductInfo.m in Sources */,
				64F739B51E280F89002A7CB5 /* IRComscoreConfiguration.m in Sources */,
				6B1C416F1C97694F00F0DB25 /* IRAppDelegate.m in Sources */,
				640374401E3038C1006CFAA6 /* IRAccountConfig.m in Sources */,
				645A31281E0B36AB00F749C0 /* IRAdUnitConfiguration.m in Sources */,
				6B1C410F1C9765C800F0DB25 /* main.m in Sources */,
			);
			runOnlyForDeploymentPostprocessing = 0;
		};
/* End PBXSourcesBuildPhase section */

/* Begin PBXTargetDependency section */
		2234D8991E3F9A470098DE6C /* PBXTargetDependency */ = {
			isa = PBXTargetDependency;
			target = 2234D88B1E3F9A470098DE6C /* MessagesExtension */;
			targetProxy = 2234D8981E3F9A470098DE6C /* PBXContainerItemProxy */;
		};
/* End PBXTargetDependency section */

/* Begin PBXVariantGroup section */
		2234D8921E3F9A470098DE6C /* MainInterface.storyboard */ = {
			isa = PBXVariantGroup;
			children = (
				2234D8931E3F9A470098DE6C /* Base */,
			);
			name = MainInterface.storyboard;
			sourceTree = "<group>";
		};
		6B1C41161C9765C800F0DB25 /* Main.storyboard */ = {
			isa = PBXVariantGroup;
			children = (
				6B1C41171C9765C800F0DB25 /* Base */,
			);
			name = Main.storyboard;
			sourceTree = "<group>";
		};
		6B1C411B1C9765C800F0DB25 /* LaunchScreen.storyboard */ = {
			isa = PBXVariantGroup;
			children = (
				6B1C411C1C9765C800F0DB25 /* Base */,
			);
			name = LaunchScreen.storyboard;
			sourceTree = "<group>";
		};
		6B1C41261C9767D700F0DB25 /* Localizable.strings */ = {
			isa = PBXVariantGroup;
			children = (
				6B1C41271C9767D700F0DB25 /* Base */,
			);
			name = Localizable.strings;
			sourceTree = "<group>";
		};
		6B1C412E1C97686A00F0DB25 /* copyright.html */ = {
			isa = PBXVariantGroup;
			children = (
				6B1C412F1C97686A00F0DB25 /* Base */,
			);
			name = copyright.html;
			sourceTree = "<group>";
		};
/* End PBXVariantGroup section */

/* Begin XCBuildConfiguration section */
		2234D89B1E3F9A470098DE6C /* Debug */ = {
			isa = XCBuildConfiguration;
			baseConfigurationReference = D22B9916956798BEA87781DC /* Pods-TruliaBase-MessagesExtension.debug.xcconfig */;
			buildSettings = {
				ASSETCATALOG_COMPILER_APPICON_NAME = "iMessage App Icon";
				CLANG_ANALYZER_NONNULL = YES;
				CLANG_ENABLE_MODULES = YES;
				CLANG_WARN_DOCUMENTATION_COMMENTS = YES;
				CODE_SIGN_ENTITLEMENTS = MessagesExtension/MessagesExtension.entitlements;
				CODE_SIGN_IDENTITY = "iPhone Developer";
				"CODE_SIGN_IDENTITY[sdk=iphoneos*]" = "iPhone Developer";
				DEVELOPMENT_TEAM = 9FBSWYKDXR;
				INFOPLIST_FILE = MessagesExtension/Info.plist;
				IPHONEOS_DEPLOYMENT_TARGET = 10.0;
				LD_RUNPATH_SEARCH_PATHS = "$(inherited) @executable_path/Frameworks @executable_path/../../Frameworks";
				PRODUCT_BUNDLE_IDENTIFIER = com.truliainc.IosRental.MessagesExtension;
				PRODUCT_NAME = "$(TARGET_NAME)";
				SHARED_DEFAULTS_SUITE = group.com.truliainc.IosRental.sharedDefaults;
				SKIP_INSTALL = YES;
				SWIFT_ACTIVE_COMPILATION_CONDITIONS = DEBUG;
				SWIFT_OBJC_BRIDGING_HEADER = "MessagesExtension/MessagesExtension-Bridging-Header.h";
				SWIFT_VERSION = 3.0;
			};
			name = Debug;
		};
		2234D89C1E3F9A470098DE6C /* Appstore */ = {
			isa = XCBuildConfiguration;
			baseConfigurationReference = 1EBCCE42D3B96C7051AAA6A7 /* Pods-TruliaBase-MessagesExtension.appstore.xcconfig */;
			buildSettings = {
				ALWAYS_SEARCH_USER_PATHS = NO;
				ASSETCATALOG_COMPILER_APPICON_NAME = "iMessage App Icon";
				CLANG_ANALYZER_NONNULL = YES;
				CLANG_CXX_LANGUAGE_STANDARD = "gnu++0x";
				CLANG_CXX_LIBRARY = "libc++";
				CLANG_ENABLE_MODULES = YES;
				CLANG_ENABLE_OBJC_ARC = YES;
				CLANG_WARN_BOOL_CONVERSION = YES;
				CLANG_WARN_CONSTANT_CONVERSION = YES;
				CLANG_WARN_DIRECT_OBJC_ISA_USAGE = YES_ERROR;
				CLANG_WARN_DOCUMENTATION_COMMENTS = YES;
				CLANG_WARN_EMPTY_BODY = YES;
				CLANG_WARN_ENUM_CONVERSION = YES;
				CLANG_WARN_INFINITE_RECURSION = YES;
				CLANG_WARN_INT_CONVERSION = YES;
				CLANG_WARN_OBJC_ROOT_CLASS = YES_ERROR;
				CLANG_WARN_SUSPICIOUS_MOVE = YES;
				CLANG_WARN_UNREACHABLE_CODE = YES;
				CLANG_WARN__DUPLICATE_METHOD_MATCH = YES;
				CODE_SIGN_ENTITLEMENTS = MessagesExtension/MessagesExtension.entitlements;
				CODE_SIGN_IDENTITY = "$(CUSTOM_SIGNING_IDENTITY)";
				"CODE_SIGN_IDENTITY[sdk=iphoneos*]" = "iPhone Developer";
				COPY_PHASE_STRIP = NO;
				DEBUG_INFORMATION_FORMAT = "dwarf-with-dsym";
				DEVELOPMENT_TEAM = 9QV5QN2J8K;
				ENABLE_NS_ASSERTIONS = NO;
				ENABLE_STRICT_OBJC_MSGSEND = YES;
				GCC_C_LANGUAGE_STANDARD = gnu99;
				GCC_NO_COMMON_BLOCKS = YES;
				GCC_WARN_64_TO_32_BIT_CONVERSION = YES;
				GCC_WARN_ABOUT_RETURN_TYPE = YES_ERROR;
				GCC_WARN_UNDECLARED_SELECTOR = YES;
				GCC_WARN_UNINITIALIZED_AUTOS = YES_AGGRESSIVE;
				GCC_WARN_UNUSED_FUNCTION = YES;
				GCC_WARN_UNUSED_VARIABLE = YES;
				INFOPLIST_FILE = MessagesExtension/Info.plist;
				IPHONEOS_DEPLOYMENT_TARGET = 10.0;
				LD_RUNPATH_SEARCH_PATHS = "$(inherited) @executable_path/Frameworks @executable_path/../../Frameworks";
				MTL_ENABLE_DEBUG_INFO = NO;
				PRODUCT_BUNDLE_IDENTIFIER = com.truliainc.IosRental.MessagesExtension;
				PRODUCT_NAME = "$(TARGET_NAME)";
				SDKROOT = iphoneos;
				SHARED_DEFAULTS_SUITE = group.com.trulia.IosRental.sharedDefaults;
				SKIP_INSTALL = YES;
				SWIFT_OBJC_BRIDGING_HEADER = "MessagesExtension/MessagesExtension-Bridging-Header.h";
				SWIFT_VERSION = 3.0;
				VALIDATE_PRODUCT = YES;
			};
			name = Appstore;
		};
		2234D89D1E3F9A470098DE6C /* Stage */ = {
			isa = XCBuildConfiguration;
			baseConfigurationReference = 5660D15F7E4B63EA4325125C /* Pods-TruliaBase-MessagesExtension.stage.xcconfig */;
			buildSettings = {
				ALWAYS_SEARCH_USER_PATHS = NO;
				ASSETCATALOG_COMPILER_APPICON_NAME = "iMessage App Icon";
				CLANG_ANALYZER_NONNULL = YES;
				CLANG_CXX_LANGUAGE_STANDARD = "gnu++0x";
				CLANG_CXX_LIBRARY = "libc++";
				CLANG_ENABLE_MODULES = YES;
				CLANG_ENABLE_OBJC_ARC = YES;
				CLANG_WARN_BOOL_CONVERSION = YES;
				CLANG_WARN_CONSTANT_CONVERSION = YES;
				CLANG_WARN_DIRECT_OBJC_ISA_USAGE = YES_ERROR;
				CLANG_WARN_DOCUMENTATION_COMMENTS = YES;
				CLANG_WARN_EMPTY_BODY = YES;
				CLANG_WARN_ENUM_CONVERSION = YES;
				CLANG_WARN_INFINITE_RECURSION = YES;
				CLANG_WARN_INT_CONVERSION = YES;
				CLANG_WARN_OBJC_ROOT_CLASS = YES_ERROR;
				CLANG_WARN_SUSPICIOUS_MOVE = YES;
				CLANG_WARN_UNREACHABLE_CODE = YES;
				CLANG_WARN__DUPLICATE_METHOD_MATCH = YES;
				CODE_SIGN_ENTITLEMENTS = MessagesExtension/MessagesExtension.entitlements;
				CODE_SIGN_IDENTITY = "$(CUSTOM_SIGNING_IDENTITY)";
				"CODE_SIGN_IDENTITY[sdk=iphoneos*]" = "iPhone Developer";
				COPY_PHASE_STRIP = NO;
				DEBUG_INFORMATION_FORMAT = "dwarf-with-dsym";
				DEVELOPMENT_TEAM = 9FBSWYKDXR;
				ENABLE_NS_ASSERTIONS = NO;
				ENABLE_STRICT_OBJC_MSGSEND = YES;
				GCC_C_LANGUAGE_STANDARD = gnu99;
				GCC_NO_COMMON_BLOCKS = YES;
				GCC_WARN_64_TO_32_BIT_CONVERSION = YES;
				GCC_WARN_ABOUT_RETURN_TYPE = YES_ERROR;
				GCC_WARN_UNDECLARED_SELECTOR = YES;
				GCC_WARN_UNINITIALIZED_AUTOS = YES_AGGRESSIVE;
				GCC_WARN_UNUSED_FUNCTION = YES;
				GCC_WARN_UNUSED_VARIABLE = YES;
				INFOPLIST_FILE = MessagesExtension/Info.plist;
				IPHONEOS_DEPLOYMENT_TARGET = 10.0;
				LD_RUNPATH_SEARCH_PATHS = "$(inherited) @executable_path/Frameworks @executable_path/../../Frameworks";
				MTL_ENABLE_DEBUG_INFO = NO;
				PRODUCT_BUNDLE_IDENTIFIER = com.truliainc.IosRental.MessagesExtension;
				PRODUCT_NAME = "$(TARGET_NAME)";
				SDKROOT = iphoneos;
				SHARED_DEFAULTS_SUITE = group.com.truliainc.IosRental.sharedDefaults;
				SKIP_INSTALL = YES;
				SWIFT_OBJC_BRIDGING_HEADER = "MessagesExtension/MessagesExtension-Bridging-Header.h";
				SWIFT_VERSION = 3.0;
				VALIDATE_PRODUCT = YES;
			};
			name = Stage;
		};
		6B1C411F1C9765C800F0DB25 /* Debug */ = {
			isa = XCBuildConfiguration;
			buildSettings = {
				ALWAYS_SEARCH_USER_PATHS = NO;
				APPTIMIZE_APP_KEY = D6GCzg4hp3bkyNEdEchfSeYPe6acRk4;
				APS_ENVIRONMENT = development;
				CLANG_CXX_LANGUAGE_STANDARD = "gnu++0x";
				CLANG_CXX_LIBRARY = "libc++";
				CLANG_ENABLE_MODULES = YES;
				CLANG_ENABLE_OBJC_ARC = YES;
				CLANG_WARN_BOOL_CONVERSION = YES;
				CLANG_WARN_CONSTANT_CONVERSION = YES;
				CLANG_WARN_DIRECT_OBJC_ISA_USAGE = YES_ERROR;
				CLANG_WARN_EMPTY_BODY = YES;
				CLANG_WARN_ENUM_CONVERSION = YES;
				CLANG_WARN_INFINITE_RECURSION = YES;
				CLANG_WARN_INT_CONVERSION = YES;
				CLANG_WARN_OBJC_ROOT_CLASS = YES_ERROR;
				CLANG_WARN_SUSPICIOUS_MOVE = YES;
				CLANG_WARN_UNREACHABLE_CODE = YES;
				CLANG_WARN__DUPLICATE_METHOD_MATCH = YES;
				CODE_SIGN_IDENTITY = "iPhone Developer";
				"CODE_SIGN_IDENTITY[sdk=iphoneos*]" = "iPhone Developer";
				COMPRESS_PNG_FILES = NO;
				COPY_PHASE_STRIP = NO;
				CUSTOM_SIGNING_IDENTITY = "iPhone Developer";
				DEBUG_INFORMATION_FORMAT = dwarf;
				ENABLE_BITCODE = NO;
				ENABLE_STRICT_OBJC_MSGSEND = YES;
				ENABLE_TESTABILITY = YES;
				FACEBOOK_APP_ID = "";
				GCC_C_LANGUAGE_STANDARD = gnu99;
				GCC_DYNAMIC_NO_PIC = NO;
				GCC_NO_COMMON_BLOCKS = YES;
				GCC_OPTIMIZATION_LEVEL = 0;
				GCC_PREPROCESSOR_DEFINITIONS = (
					"DEBUG=1",
					"$(inherited)",
				);
				GCC_WARN_64_TO_32_BIT_CONVERSION = YES;
				GCC_WARN_ABOUT_RETURN_TYPE = YES_ERROR;
				GCC_WARN_UNDECLARED_SELECTOR = YES;
				GCC_WARN_UNINITIALIZED_AUTOS = YES_AGGRESSIVE;
				GCC_WARN_UNUSED_FUNCTION = YES;
				GCC_WARN_UNUSED_VARIABLE = YES;
				IPHONEOS_DEPLOYMENT_TARGET = 9.0;
				MTL_ENABLE_DEBUG_INFO = YES;
				NEW_SETTING = "";
				ONLY_ACTIVE_ARCH = YES;
				SDKROOT = iphoneos;
				SHARED_DEFAULTS_SUITE = group.com.truliainc.IosRental.sharedDefaults;
				SWIFT_VERSION = 3.0;
				TARGETED_DEVICE_FAMILY = "1,2";
			};
			name = Debug;
		};
		6B1C41201C9765C800F0DB25 /* Appstore */ = {
			isa = XCBuildConfiguration;
			buildSettings = {
				ALWAYS_SEARCH_USER_PATHS = NO;
				APPTIMIZE_APP_KEY = BVbJAmAtgdbudAjzwcyJUUaaREFjFkM;
				APS_ENVIRONMENT = production;
				CLANG_CXX_LANGUAGE_STANDARD = "gnu++0x";
				CLANG_CXX_LIBRARY = "libc++";
				CLANG_ENABLE_MODULES = YES;
				CLANG_ENABLE_OBJC_ARC = YES;
				CLANG_WARN_BOOL_CONVERSION = YES;
				CLANG_WARN_CONSTANT_CONVERSION = YES;
				CLANG_WARN_DIRECT_OBJC_ISA_USAGE = YES_ERROR;
				CLANG_WARN_EMPTY_BODY = YES;
				CLANG_WARN_ENUM_CONVERSION = YES;
				CLANG_WARN_INFINITE_RECURSION = YES;
				CLANG_WARN_INT_CONVERSION = YES;
				CLANG_WARN_OBJC_ROOT_CLASS = YES_ERROR;
				CLANG_WARN_SUSPICIOUS_MOVE = YES;
				CLANG_WARN_UNREACHABLE_CODE = YES;
				CLANG_WARN__DUPLICATE_METHOD_MATCH = YES;
				CODE_SIGN_IDENTITY = "iPhone Developer";
				"CODE_SIGN_IDENTITY[sdk=iphoneos*]" = "iPhone Developer";
				COMPRESS_PNG_FILES = NO;
				COPY_PHASE_STRIP = NO;
				CUSTOM_SIGNING_IDENTITY = "iPhone Distribution: Trulia, Inc (9QV5QN2J8K)";
				DEBUG_INFORMATION_FORMAT = "dwarf-with-dsym";
				ENABLE_BITCODE = NO;
				ENABLE_NS_ASSERTIONS = NO;
				ENABLE_STRICT_OBJC_MSGSEND = YES;
				FACEBOOK_APP_ID = "";
				GCC_C_LANGUAGE_STANDARD = gnu99;
				GCC_NO_COMMON_BLOCKS = YES;
				GCC_WARN_64_TO_32_BIT_CONVERSION = YES;
				GCC_WARN_ABOUT_RETURN_TYPE = YES_ERROR;
				GCC_WARN_UNDECLARED_SELECTOR = YES;
				GCC_WARN_UNINITIALIZED_AUTOS = YES_AGGRESSIVE;
				GCC_WARN_UNUSED_FUNCTION = YES;
				GCC_WARN_UNUSED_VARIABLE = YES;
				IPHONEOS_DEPLOYMENT_TARGET = 9.0;
				MTL_ENABLE_DEBUG_INFO = NO;
				NEW_SETTING = "";
				SDKROOT = iphoneos;
				SHARED_DEFAULTS_SUITE = group.com.trulia.IosRental.sharedDefaults;
				SWIFT_VERSION = 3.0;
				TARGETED_DEVICE_FAMILY = "1,2";
				VALIDATE_PRODUCT = YES;
			};
			name = Appstore;
		};
		6B1C41221C9765C800F0DB25 /* Debug */ = {
			isa = XCBuildConfiguration;
			baseConfigurationReference = 7DE7C1B680C9EB6494FCCB62 /* Pods-TruliaBase-Trulia Rent.debug.xcconfig */;
			buildSettings = {
				ASSETCATALOG_COMPILER_APPICON_NAME = AppIcon;
				ASSETCATALOG_COMPILER_LAUNCHIMAGE_NAME = LaunchImage;
				CODE_SIGN_ENTITLEMENTS = "Trulia Rent/TruliaRent.entitlements";
				CODE_SIGN_IDENTITY = "iPhone Developer";
				"CODE_SIGN_IDENTITY[sdk=iphoneos*]" = "iPhone Developer";
				COMPRESS_PNG_FILES = NO;
				CUSTOM_SIGNING_IDENTITY = "iPhone Developer";
				DEVELOPMENT_TEAM = 9FBSWYKDXR;
				ENABLE_BITCODE = YES;
				FACEBOOK_APP_ID = 468741039850614;
				GCC_PREFIX_HEADER = "Trulia Rent/TruliaRent-Prefix.pch";
				INFOPLIST_FILE = "Trulia Rent/Info.plist";
				LD_RUNPATH_SEARCH_PATHS = "$(inherited) @executable_path/Frameworks";
				PRODUCT_BUNDLE_IDENTIFIER = com.truliainc.IosRental;
				PRODUCT_NAME = TruliaRent;
				PROVISIONING_PROFILE = "";
				PROVISIONING_PROFILE_SPECIFIER = "";
			};
			name = Debug;
		};
		6B1C41231C9765C800F0DB25 /* Appstore */ = {
			isa = XCBuildConfiguration;
			baseConfigurationReference = 860BFC7070DB8DF9C9EDFF3B /* Pods-TruliaBase-Trulia Rent.appstore.xcconfig */;
			buildSettings = {
				ASSETCATALOG_COMPILER_APPICON_NAME = AppIcon;
				ASSETCATALOG_COMPILER_LAUNCHIMAGE_NAME = LaunchImage;
				CODE_SIGN_ENTITLEMENTS = "Trulia Rent/TruliaRent.entitlements";
				CODE_SIGN_IDENTITY = "$(CUSTOM_SIGNING_IDENTITY)";
				"CODE_SIGN_IDENTITY[sdk=iphoneos*]" = "iPhone Developer";
				COMPRESS_PNG_FILES = NO;
				CUSTOM_SIGNING_IDENTITY = "iPhone Distribution: Trulia, Inc (9QV5QN2J8K)";
				DEVELOPMENT_TEAM = 9FBSWYKDXR;
				ENABLE_BITCODE = YES;
				FACEBOOK_APP_ID = 410970538982032;
				GCC_PREFIX_HEADER = "Trulia Rent/TruliaRent-Prefix.pch";
				INFOPLIST_FILE = "Trulia Rent/Info.plist";
				LD_RUNPATH_SEARCH_PATHS = "$(inherited) @executable_path/Frameworks";
				PRODUCT_BUNDLE_IDENTIFIER = com.trulia.IosRental;
				PRODUCT_NAME = TruliaRent;
				PROVISIONING_PROFILE = "";
				PROVISIONING_PROFILE_SPECIFIER = "";
			};
			name = Appstore;
		};
		6B1C417F1C976A5400F0DB25 /* Stage */ = {
			isa = XCBuildConfiguration;
			buildSettings = {
				ALWAYS_SEARCH_USER_PATHS = NO;
				APPTIMIZE_APP_KEY = D6GCzg4hp3bkyNEdEchfSeYPe6acRk4;
				APS_ENVIRONMENT = production;
				CLANG_CXX_LANGUAGE_STANDARD = "gnu++0x";
				CLANG_CXX_LIBRARY = "libc++";
				CLANG_ENABLE_MODULES = YES;
				CLANG_ENABLE_OBJC_ARC = YES;
				CLANG_WARN_BOOL_CONVERSION = YES;
				CLANG_WARN_CONSTANT_CONVERSION = YES;
				CLANG_WARN_DIRECT_OBJC_ISA_USAGE = YES_ERROR;
				CLANG_WARN_EMPTY_BODY = YES;
				CLANG_WARN_ENUM_CONVERSION = YES;
				CLANG_WARN_INFINITE_RECURSION = YES;
				CLANG_WARN_INT_CONVERSION = YES;
				CLANG_WARN_OBJC_ROOT_CLASS = YES_ERROR;
				CLANG_WARN_SUSPICIOUS_MOVE = YES;
				CLANG_WARN_UNREACHABLE_CODE = YES;
				CLANG_WARN__DUPLICATE_METHOD_MATCH = YES;
				CODE_SIGN_IDENTITY = "iPhone Developer";
				"CODE_SIGN_IDENTITY[sdk=iphoneos*]" = "iPhone Developer";
				COMPRESS_PNG_FILES = NO;
				COPY_PHASE_STRIP = NO;
				CUSTOM_SIGNING_IDENTITY = "iPhone Distribution: Trulia Inc";
				DEBUG_INFORMATION_FORMAT = "dwarf-with-dsym";
				ENABLE_BITCODE = NO;
				ENABLE_NS_ASSERTIONS = NO;
				ENABLE_STRICT_OBJC_MSGSEND = YES;
				FACEBOOK_APP_ID = "";
				GCC_C_LANGUAGE_STANDARD = gnu99;
				GCC_NO_COMMON_BLOCKS = YES;
				GCC_WARN_64_TO_32_BIT_CONVERSION = YES;
				GCC_WARN_ABOUT_RETURN_TYPE = YES_ERROR;
				GCC_WARN_UNDECLARED_SELECTOR = YES;
				GCC_WARN_UNINITIALIZED_AUTOS = YES_AGGRESSIVE;
				GCC_WARN_UNUSED_FUNCTION = YES;
				GCC_WARN_UNUSED_VARIABLE = YES;
				IPHONEOS_DEPLOYMENT_TARGET = 9.0;
				MTL_ENABLE_DEBUG_INFO = NO;
				NEW_SETTING = "";
				SDKROOT = iphoneos;
				SHARED_DEFAULTS_SUITE = group.com.truliainc.IosRental.sharedDefaults;
				SWIFT_VERSION = 3.0;
				TARGETED_DEVICE_FAMILY = "1,2";
				VALIDATE_PRODUCT = YES;
			};
			name = Stage;
		};
		6B1C41801C976A5400F0DB25 /* Stage */ = {
			isa = XCBuildConfiguration;
			baseConfigurationReference = 8615227DD122E134C97F0A43 /* Pods-TruliaBase-Trulia Rent.stage.xcconfig */;
			buildSettings = {
				ASSETCATALOG_COMPILER_APPICON_NAME = AppIcon;
				ASSETCATALOG_COMPILER_LAUNCHIMAGE_NAME = LaunchImage;
				CODE_SIGN_ENTITLEMENTS = "Trulia Rent/TruliaRent.entitlements";
				CODE_SIGN_IDENTITY = "$(CUSTOM_SIGNING_IDENTITY)";
				"CODE_SIGN_IDENTITY[sdk=iphoneos*]" = "iPhone Developer";
				COMPRESS_PNG_FILES = NO;
				CUSTOM_SIGNING_IDENTITY = "iPhone Distribution: Trulia Inc";
				DEVELOPMENT_TEAM = 9FBSWYKDXR;
				ENABLE_BITCODE = YES;
				FACEBOOK_APP_ID = 468741039850614;
				GCC_PREFIX_HEADER = "Trulia Rent/TruliaRent-Prefix.pch";
				INFOPLIST_FILE = "Trulia Rent/Info.plist";
				LD_RUNPATH_SEARCH_PATHS = "$(inherited) @executable_path/Frameworks";
				PRODUCT_BUNDLE_IDENTIFIER = com.truliainc.IosRental;
				PRODUCT_NAME = TruliaRent;
				PROVISIONING_PROFILE = "";
				PROVISIONING_PROFILE_SPECIFIER = "";
			};
			name = Stage;
		};
/* End XCBuildConfiguration section */

/* Begin XCConfigurationList section */
		2234D89E1E3F9A470098DE6C /* Build configuration list for PBXNativeTarget "MessagesExtension" */ = {
			isa = XCConfigurationList;
			buildConfigurations = (
				2234D89B1E3F9A470098DE6C /* Debug */,
				2234D89C1E3F9A470098DE6C /* Appstore */,
				2234D89D1E3F9A470098DE6C /* Stage */,
			);
			defaultConfigurationIsVisible = 0;
			defaultConfigurationName = Appstore;
		};
		6B1C41051C9765C800F0DB25 /* Build configuration list for PBXProject "Trulia Rent" */ = {
			isa = XCConfigurationList;
			buildConfigurations = (
				6B1C411F1C9765C800F0DB25 /* Debug */,
				6B1C41201C9765C800F0DB25 /* Appstore */,
				6B1C417F1C976A5400F0DB25 /* Stage */,
			);
			defaultConfigurationIsVisible = 0;
			defaultConfigurationName = Appstore;
		};
		6B1C41211C9765C800F0DB25 /* Build configuration list for PBXNativeTarget "Trulia Rent" */ = {
			isa = XCConfigurationList;
			buildConfigurations = (
				6B1C41221C9765C800F0DB25 /* Debug */,
				6B1C41231C9765C800F0DB25 /* Appstore */,
				6B1C41801C976A5400F0DB25 /* Stage */,
			);
			defaultConfigurationIsVisible = 0;
			defaultConfigurationName = Appstore;
		};
/* End XCConfigurationList section */
	};
	rootObject = 6B1C41021C9765C800F0DB25 /* Project object */;
}
