// !$*UTF8*$!
{
	archiveVersion = 1;
	classes = {
	};
	objectVersion = 46;
	objects = {

/* Begin PBXBuildFile section */
		05315EF51ADC70E500406317 /* MediaPlayer.framework in Frameworks */ = {isa = PBXBuildFile; fileRef = 05315EF41ADC70E500406317 /* MediaPlayer.framework */; };
		0558DBBD1B6C31A100257DA0 /* IRMyBoardsMenuItem.m in Sources */ = {isa = PBXBuildFile; fileRef = 0558DBBC1B6C31A100257DA0 /* IRMyBoardsMenuItem.m */; };
		0558ED8B1B4C681F00ABE204 /* FBSDKCoreKit.framework in Frameworks */ = {isa = PBXBuildFile; fileRef = 0558ED8A1B4C681F00ABE204 /* FBSDKCoreKit.framework */; };
		0558ED8D1B4C683200ABE204 /* FBSDKLoginKit.framework in Frameworks */ = {isa = PBXBuildFile; fileRef = 0558ED8C1B4C683200ABE204 /* FBSDKLoginKit.framework */; };
		055BA5601B4F3B95004ED96E /* IRMainMenu.m in Sources */ = {isa = PBXBuildFile; fileRef = 055BA55F1B4F3B95004ED96E /* IRMainMenu.m */; };
		055BA5631B4F3DF2004ED96E /* IRMainMenuSearchSection.m in Sources */ = {isa = PBXBuildFile; fileRef = 055BA5621B4F3DF2004ED96E /* IRMainMenuSearchSection.m */; };
		055BA5661B4F4062004ED96E /* IRMainMenuAppsSection.m in Sources */ = {isa = PBXBuildFile; fileRef = 055BA5651B4F4062004ED96E /* IRMainMenuAppsSection.m */; };
		055BA5691B4F4077004ED96E /* IRMainMenuMoreSection.m in Sources */ = {isa = PBXBuildFile; fileRef = 055BA5681B4F4077004ED96E /* IRMainMenuMoreSection.m */; };
		056336811BBCB77D0065F5D8 /* TUIKit.framework in Frameworks */ = {isa = PBXBuildFile; fileRef = 056336801BBCB77D0065F5D8 /* TUIKit.framework */; settings = {ASSET_TAGS = (); }; };
		056336831BBCB8120065F5D8 /* Fabric.framework in Frameworks */ = {isa = PBXBuildFile; fileRef = 056336821BBCB8120065F5D8 /* Fabric.framework */; settings = {ASSET_TAGS = (); }; };
		056B50281B4F250300627AD9 /* Bolts.framework in Frameworks */ = {isa = PBXBuildFile; fileRef = 056B50271B4F250300627AD9 /* Bolts.framework */; };
		05A431891B1693740024CEA4 /* IRBoardManagerViewController.m in Sources */ = {isa = PBXBuildFile; fileRef = 05A431881B1693740024CEA4 /* IRBoardManagerViewController.m */; };
		05CA58D91BBF15D0000E28A8 /* MobileAppTracker.framework in Frameworks */ = {isa = PBXBuildFile; fileRef = 0563367A1BBCB6490065F5D8 /* MobileAppTracker.framework */; };
		05CA58DB1BBF16A5000E28A8 /* iAd.framework in Frameworks */ = {isa = PBXBuildFile; fileRef = 05CA58DA1BBF16A5000E28A8 /* iAd.framework */; };
		05D951F11B72A9C2006DFC66 /* IRMainMenuViewController.m in Sources */ = {isa = PBXBuildFile; fileRef = 05D951F01B72A9C2006DFC66 /* IRMainMenuViewController.m */; };
		05E7344E1B66C84500E92FA9 /* Images.xcassets in Resources */ = {isa = PBXBuildFile; fileRef = 05E7344D1B66C84500E92FA9 /* Images.xcassets */; };
		05F168EF1BBF48D400E8A612 /* TUIKit.framework in Embedded Frameworks */ = {isa = PBXBuildFile; fileRef = 056336801BBCB77D0065F5D8 /* TUIKit.framework */; settings = {ATTRIBUTES = (CodeSignOnCopy, RemoveHeadersOnCopy, ); }; };
		2611965B1950F3F300C4F392 /* LocalInfoItems~iphone.json in Resources */ = {isa = PBXBuildFile; fileRef = 2611965A1950F3F300C4F392 /* LocalInfoItems~iphone.json */; };
		266139DB164AF82E00D19093 /* IRURLCache.m in Sources */ = {isa = PBXBuildFile; fileRef = 266139DA164AF82E00D19093 /* IRURLCache.m */; };
		269D198E19B925F0000440BC /* LocalInfoItems~ipad.json in Resources */ = {isa = PBXBuildFile; fileRef = 269D198D19B925F0000440BC /* LocalInfoItems~ipad.json */; };
		2E1AD2F2165436B500C81545 /* libz.dylib in Frameworks */ = {isa = PBXBuildFile; fileRef = 2E1AD2F1165436B500C81545 /* libz.dylib */; };
		2E309C2E167024BF00A31BD0 /* LICENSE.txt in Resources */ = {isa = PBXBuildFile; fileRef = 2E309C23167024BF00A31BD0 /* LICENSE.txt */; };
		2E309C2F167024BF00A31BD0 /* OpenSans-Bold.ttf in Resources */ = {isa = PBXBuildFile; fileRef = 2E309C24167024BF00A31BD0 /* OpenSans-Bold.ttf */; };
		2E309C30167024BF00A31BD0 /* OpenSans-BoldItalic.ttf in Resources */ = {isa = PBXBuildFile; fileRef = 2E309C25167024BF00A31BD0 /* OpenSans-BoldItalic.ttf */; };
		2E309C31167024BF00A31BD0 /* OpenSans-ExtraBold.ttf in Resources */ = {isa = PBXBuildFile; fileRef = 2E309C26167024BF00A31BD0 /* OpenSans-ExtraBold.ttf */; };
		2E309C32167024BF00A31BD0 /* OpenSans-ExtraBoldItalic.ttf in Resources */ = {isa = PBXBuildFile; fileRef = 2E309C27167024BF00A31BD0 /* OpenSans-ExtraBoldItalic.ttf */; };
		2E309C33167024BF00A31BD0 /* OpenSans-Italic.ttf in Resources */ = {isa = PBXBuildFile; fileRef = 2E309C28167024BF00A31BD0 /* OpenSans-Italic.ttf */; };
		2E309C34167024BF00A31BD0 /* OpenSans-Light.ttf in Resources */ = {isa = PBXBuildFile; fileRef = 2E309C29167024BF00A31BD0 /* OpenSans-Light.ttf */; };
		2E309C35167024BF00A31BD0 /* OpenSans-LightItalic.ttf in Resources */ = {isa = PBXBuildFile; fileRef = 2E309C2A167024BF00A31BD0 /* OpenSans-LightItalic.ttf */; };
		2E309C36167024BF00A31BD0 /* OpenSans-Regular.ttf in Resources */ = {isa = PBXBuildFile; fileRef = 2E309C2B167024BF00A31BD0 /* OpenSans-Regular.ttf */; };
		2E309C37167024BF00A31BD0 /* OpenSans-Semibold.ttf in Resources */ = {isa = PBXBuildFile; fileRef = 2E309C2C167024BF00A31BD0 /* OpenSans-Semibold.ttf */; };
		2E309C38167024BF00A31BD0 /* OpenSans-SemiboldItalic.ttf in Resources */ = {isa = PBXBuildFile; fileRef = 2E309C2D167024BF00A31BD0 /* OpenSans-SemiboldItalic.ttf */; };
		2E309C41167028D700A31BD0 /* CoreText.framework in Frameworks */ = {isa = PBXBuildFile; fileRef = 2E309C40167028D700A31BD0 /* CoreText.framework */; };
		2E493CA11630C941004C361A /* libxml2.dylib in Frameworks */ = {isa = PBXBuildFile; fileRef = 2E493CA01630C940004C361A /* libxml2.dylib */; };
		3B1836391652B4AB009923F7 /* UIKit.framework in Frameworks */ = {isa = PBXBuildFile; fileRef = 51DA6A1614CF2F0D007F2584 /* UIKit.framework */; };
		3B18363A1652B4AB009923F7 /* Foundation.framework in Frameworks */ = {isa = PBXBuildFile; fileRef = 51DA6A1814CF2F0D007F2584 /* Foundation.framework */; };
		3B5EF54B170B8DFC003F00ED /* Localizable.strings in Resources */ = {isa = PBXBuildFile; fileRef = 3B5EF549170B8DFC003F00ED /* Localizable.strings */; };
		3BAC7D5E16F7A150005E4508 /* CoreTelephony.framework in Frameworks */ = {isa = PBXBuildFile; fileRef = 3BAC7D5D16F7A150005E4508 /* CoreTelephony.framework */; };
		3BB379FA16C42AA1006A253B /* libicucore.dylib in Frameworks */ = {isa = PBXBuildFile; fileRef = 3BB379F916C42AA1006A253B /* libicucore.dylib */; };
		3BDE130716A4D934008E6754 /* MobileCoreServices.framework in Frameworks */ = {isa = PBXBuildFile; fileRef = 3BDE130616A4D934008E6754 /* MobileCoreServices.framework */; };
		3BF8D8BE170E4611003EE773 /* StoreKit.framework in Frameworks */ = {isa = PBXBuildFile; fileRef = 3BF8D8BD170E4611003EE773 /* StoreKit.framework */; };
		4C0CF0BE14D6634B00A1D325 /* main.m in Sources */ = {isa = PBXBuildFile; fileRef = 4C0CEEEA14D6634A00A1D325 /* main.m */; };
		4C0CF0C414D6634B00A1D325 /* IRAppDelegate.m in Sources */ = {isa = PBXBuildFile; fileRef = 4C0CEEF914D6634A00A1D325 /* IRAppDelegate.m */; };
		4C0CF11214D6643E00A1D325 /* CoreFoundation.framework in Frameworks */ = {isa = PBXBuildFile; fileRef = 51DA6C1814CF51D1007F2584 /* CoreFoundation.framework */; };
		4C0CF11D14D6648200A1D325 /* ICGeneral~iphone.plist in Resources */ = {isa = PBXBuildFile; fileRef = 51DA6C2414CF5896007F2584 /* ICGeneral~iphone.plist */; };
		4C0CF11E14D6648200A1D325 /* ICMetric~iphone.plist in Resources */ = {isa = PBXBuildFile; fileRef = 51DA6C2514CF5896007F2584 /* ICMetric~iphone.plist */; };
		4C0CF11F14D6648200A1D325 /* InfoPlist.strings in Resources */ = {isa = PBXBuildFile; fileRef = 51DA6C1D14CF51D1007F2584 /* InfoPlist.strings */; };
		5142AD091565A88200BBB7F8 /* AudioToolbox.framework in Frameworks */ = {isa = PBXBuildFile; fileRef = 5142AD081565A88200BBB7F8 /* AudioToolbox.framework */; };
		51802F4514CF793A00199144 /* AVFoundation.framework in Frameworks */ = {isa = PBXBuildFile; fileRef = 51802F4414CF793900199144 /* AVFoundation.framework */; };
		51802F4714CF794500199144 /* CoreLocation.framework in Frameworks */ = {isa = PBXBuildFile; fileRef = 51802F4614CF794500199144 /* CoreLocation.framework */; };
		51802F4914CF794F00199144 /* CoreData.framework in Frameworks */ = {isa = PBXBuildFile; fileRef = 51802F4814CF794F00199144 /* CoreData.framework */; };
		51802F4B14CF795800199144 /* CFNetwork.framework in Frameworks */ = {isa = PBXBuildFile; fileRef = 51802F4A14CF795800199144 /* CFNetwork.framework */; };
		51802F4D14CF797A00199144 /* libsqlite3.0.dylib in Frameworks */ = {isa = PBXBuildFile; fileRef = 51802F4C14CF797A00199144 /* libsqlite3.0.dylib */; };
		51802F4F14CF798300199144 /* MapKit.framework in Frameworks */ = {isa = PBXBuildFile; fileRef = 51802F4E14CF798300199144 /* MapKit.framework */; };
		51802F5114CF798C00199144 /* MessageUI.framework in Frameworks */ = {isa = PBXBuildFile; fileRef = 51802F5014CF798C00199144 /* MessageUI.framework */; };
		51802F5314CF799500199144 /* QuartzCore.framework in Frameworks */ = {isa = PBXBuildFile; fileRef = 51802F5214CF799500199144 /* QuartzCore.framework */; };
		51802F5514CF799E00199144 /* Security.framework in Frameworks */ = {isa = PBXBuildFile; fileRef = 51802F5414CF799E00199144 /* Security.framework */; };
		51802F5714CF79AA00199144 /* SystemConfiguration.framework in Frameworks */ = {isa = PBXBuildFile; fileRef = 51802F5614CF79AA00199144 /* SystemConfiguration.framework */; };
		51DA6A1714CF2F0D007F2584 /* UIKit.framework in Frameworks */ = {isa = PBXBuildFile; fileRef = 51DA6A1614CF2F0D007F2584 /* UIKit.framework */; };
		51DA6A1914CF2F0D007F2584 /* Foundation.framework in Frameworks */ = {isa = PBXBuildFile; fileRef = 51DA6A1814CF2F0D007F2584 /* Foundation.framework */; };
		51DA6A1B14CF2F0D007F2584 /* CoreGraphics.framework in Frameworks */ = {isa = PBXBuildFile; fileRef = 51DA6A1A14CF2F0D007F2584 /* CoreGraphics.framework */; };
		51E1597B14D2218F00DB87CA /* AddressBookUI.framework in Frameworks */ = {isa = PBXBuildFile; fileRef = 51E1597A14D2218F00DB87CA /* AddressBookUI.framework */; };
		51E1597D14D2219800DB87CA /* AddressBook.framework in Frameworks */ = {isa = PBXBuildFile; fileRef = 51E1597C14D2219800DB87CA /* AddressBook.framework */; };
		7B3DD94A1BE15FEE009823CA /* Launch Screen.storyboard in Resources */ = {isa = PBXBuildFile; fileRef = 7B3DD9491BE15FEE009823CA /* Launch Screen.storyboard */; settings = {ASSET_TAGS = (); }; };
		7B3DD94E1BE185D2009823CA /* Crashlytics.framework in Frameworks */ = {isa = PBXBuildFile; fileRef = 7B3DD94D1BE185D2009823CA /* Crashlytics.framework */; settings = {ASSET_TAGS = (); }; };
		7B3DD9501BE188A9009823CA /* GoogleMobileAds.framework in Frameworks */ = {isa = PBXBuildFile; fileRef = 7B3DD94F1BE188A9009823CA /* GoogleMobileAds.framework */; settings = {ASSET_TAGS = (); }; };
		7B3DD9531BE189EC009823CA /* ADBMobileConfig.json in Resources */ = {isa = PBXBuildFile; fileRef = 7B3DD9511BE189EC009823CA /* ADBMobileConfig.json */; settings = {ASSET_TAGS = (); }; };
		7B3DD9541BE189EC009823CA /* ADBMobileConfigRelease.json in Resources */ = {isa = PBXBuildFile; fileRef = 7B3DD9521BE189EC009823CA /* ADBMobileConfigRelease.json */; settings = {ASSET_TAGS = (); }; };
		7B3DD9581BE28CF4009823CA /* LaunchSupport.xcassets in Resources */ = {isa = PBXBuildFile; fileRef = 7B3DD9571BE28CF4009823CA /* LaunchSupport.xcassets */; settings = {ASSET_TAGS = (); }; };
		9D23EC5E17205D300048E737 /* ImageIO.framework in Frameworks */ = {isa = PBXBuildFile; fileRef = 9D23EC5D17205D300048E737 /* ImageIO.framework */; };
		9D37273716657DA00018B275 /* libOCMock.a in Frameworks */ = {isa = PBXBuildFile; fileRef = 9D37273616657DA00018B275 /* libOCMock.a */; };
		9D372CD51667ED530018B275 /* AddressBook.framework in Frameworks */ = {isa = PBXBuildFile; fileRef = 51E1597C14D2219800DB87CA /* AddressBook.framework */; };
		9D372CD61667ED580018B275 /* AddressBookUI.framework in Frameworks */ = {isa = PBXBuildFile; fileRef = 51E1597A14D2218F00DB87CA /* AddressBookUI.framework */; };
		9D372CD71667EE390018B275 /* Social.framework in Frameworks */ = {isa = PBXBuildFile; fileRef = B7EA94C61635E14800B02F3F /* Social.framework */; };
		9D372CD81667EE3C0018B275 /* Accounts.framework in Frameworks */ = {isa = PBXBuildFile; fileRef = B7EA94C41635E0CC00B02F3F /* Accounts.framework */; };
		9D372CD91667EE3F0018B275 /* AdSupport.framework in Frameworks */ = {isa = PBXBuildFile; fileRef = 9DEF832A1607AE430087FA1A /* AdSupport.framework */; };
		9D372CDA1667EE430018B275 /* OpenGLES.framework in Frameworks */ = {isa = PBXBuildFile; fileRef = 9D94DEAB15D992F20068FC85 /* OpenGLES.framework */; };
		9D372CDB1667EE450018B275 /* AudioToolbox.framework in Frameworks */ = {isa = PBXBuildFile; fileRef = 5142AD081565A88200BBB7F8 /* AudioToolbox.framework */; };
		9D372CDC1667EE4C0018B275 /* AVFoundation.framework in Frameworks */ = {isa = PBXBuildFile; fileRef = 51802F4414CF793900199144 /* AVFoundation.framework */; };
		9D372CDD1667EE500018B275 /* CFNetwork.framework in Frameworks */ = {isa = PBXBuildFile; fileRef = 51802F4A14CF795800199144 /* CFNetwork.framework */; };
		9D372CDE1667EE5C0018B275 /* CoreData.framework in Frameworks */ = {isa = PBXBuildFile; fileRef = 51802F4814CF794F00199144 /* CoreData.framework */; };
		9D372CDF1667EE5C0018B275 /* CoreFoundation.framework in Frameworks */ = {isa = PBXBuildFile; fileRef = 51DA6C1814CF51D1007F2584 /* CoreFoundation.framework */; };
		9D372CE01667EE5C0018B275 /* CoreGraphics.framework in Frameworks */ = {isa = PBXBuildFile; fileRef = 51DA6A1A14CF2F0D007F2584 /* CoreGraphics.framework */; };
		9D372CE11667EE5C0018B275 /* CoreLocation.framework in Frameworks */ = {isa = PBXBuildFile; fileRef = 51802F4614CF794500199144 /* CoreLocation.framework */; };
		9D372CE21667EE620018B275 /* libsqlite3.0.dylib in Frameworks */ = {isa = PBXBuildFile; fileRef = 51802F4C14CF797A00199144 /* libsqlite3.0.dylib */; };
		9D372CE31667EE690018B275 /* MapKit.framework in Frameworks */ = {isa = PBXBuildFile; fileRef = 51802F4E14CF798300199144 /* MapKit.framework */; };
		9D372CE41667EE690018B275 /* MessageUI.framework in Frameworks */ = {isa = PBXBuildFile; fileRef = 51802F5014CF798C00199144 /* MessageUI.framework */; };
		9D372CE51667EE690018B275 /* QuartzCore.framework in Frameworks */ = {isa = PBXBuildFile; fileRef = 51802F5214CF799500199144 /* QuartzCore.framework */; };
		9D372CE61667EE690018B275 /* Security.framework in Frameworks */ = {isa = PBXBuildFile; fileRef = 51802F5414CF799E00199144 /* Security.framework */; };
		9D372CE71667EE690018B275 /* SystemConfiguration.framework in Frameworks */ = {isa = PBXBuildFile; fileRef = 51802F5614CF79AA00199144 /* SystemConfiguration.framework */; };
		9D372CE81667EE810018B275 /* libxml2.dylib in Frameworks */ = {isa = PBXBuildFile; fileRef = 2E493CA01630C940004C361A /* libxml2.dylib */; };
		9D94D26F161A0B5C0089CEEC /* copyright.html in Resources */ = {isa = PBXBuildFile; fileRef = 9D94D248161A0B5C0089CEEC /* copyright.html */; };
		9D94DEAC15D992F20068FC85 /* OpenGLES.framework in Frameworks */ = {isa = PBXBuildFile; fileRef = 9D94DEAB15D992F20068FC85 /* OpenGLES.framework */; };
		9D94F88A15E2FA590068FC85 /* ICGeneral~ipad.plist in Resources */ = {isa = PBXBuildFile; fileRef = 9D94F88815E2FA590068FC85 /* ICGeneral~ipad.plist */; };
		9D94F88B15E2FA590068FC85 /* ICMetric~ipad.plist in Resources */ = {isa = PBXBuildFile; fileRef = 9D94F88915E2FA590068FC85 /* ICMetric~ipad.plist */; };
		9DEF832B1607AE430087FA1A /* AdSupport.framework in Frameworks */ = {isa = PBXBuildFile; fileRef = 9DEF832A1607AE430087FA1A /* AdSupport.framework */; settings = {ATTRIBUTES = (Weak, ); }; };
		B7EA94C51635E0CD00B02F3F /* Accounts.framework in Frameworks */ = {isa = PBXBuildFile; fileRef = B7EA94C41635E0CC00B02F3F /* Accounts.framework */; settings = {ATTRIBUTES = (Weak, ); }; };
		B7EA94C71635E14800B02F3F /* Social.framework in Frameworks */ = {isa = PBXBuildFile; fileRef = B7EA94C61635E14800B02F3F /* Social.framework */; settings = {ATTRIBUTES = (Weak, ); }; };
		E052A20A187E145E00B0A358 /* Accelerate.framework in Frameworks */ = {isa = PBXBuildFile; fileRef = E052A209187E145E00B0A358 /* Accelerate.framework */; };
		E052A20C187E147000B0A358 /* Twitter.framework in Frameworks */ = {isa = PBXBuildFile; fileRef = E052A20B187E147000B0A358 /* Twitter.framework */; };
		E052A20E187E148100B0A358 /* EventKit.framework in Frameworks */ = {isa = PBXBuildFile; fileRef = E052A20D187E148100B0A358 /* EventKit.framework */; };
		E052A210187E148800B0A358 /* EventKitUI.framework in Frameworks */ = {isa = PBXBuildFile; fileRef = E052A20F187E148800B0A358 /* EventKitUI.framework */; };
		E05C232618C682E4009A3207 /* libIosCore.a in Frameworks */ = {isa = PBXBuildFile; fileRef = E05C232518C682E4009A3207 /* libIosCore.a */; };
		E07EAAC8194A30CF006BE023 /* GLKit.framework in Frameworks */ = {isa = PBXBuildFile; fileRef = E07EAAC7194A30CF006BE023 /* GLKit.framework */; };
		E07EAACE194A34C3006BE023 /* libc++.dylib in Frameworks */ = {isa = PBXBuildFile; fileRef = E07EAACD194A34C2006BE023 /* libc++.dylib */; };
		E09140E5195DF983002890C6 /* ICConfiguration.bundle in Resources */ = {isa = PBXBuildFile; fileRef = E09140E4195DF983002890C6 /* ICConfiguration.bundle */; };
		E09140E8195DFE3C002890C6 /* IosCoreResources.bundle in Resources */ = {isa = PBXBuildFile; fileRef = E09140E7195DFE3C002890C6 /* IosCoreResources.bundle */; };
/* End PBXBuildFile section */

/* Begin PBXContainerItemProxy section */
		9D3728981666B0900018B275 /* PBXContainerItemProxy */ = {
			isa = PBXContainerItemProxy;
			containerPortal = 51DA6A0914CF2F0D007F2584 /* Project object */;
			proxyType = 1;
			remoteGlobalIDString = 51DA6A1114CF2F0D007F2584;
			remoteInfo = Trulia;
		};
		E07EAAD7194A7947006BE023 /* PBXContainerItemProxy */ = {
			isa = PBXContainerItemProxy;
			containerPortal = 51DA6A0914CF2F0D007F2584 /* Project object */;
			proxyType = 1;
			remoteGlobalIDString = 4C0CF11014D6643E00A1D325;
			remoteInfo = ICConfiguration;
		};
/* End PBXContainerItemProxy section */

/* Begin PBXCopyFilesBuildPhase section */
		05F168EC1BBF48B600E8A612 /* Embedded Frameworks */ = {
			isa = PBXCopyFilesBuildPhase;
			buildActionMask = 2147483647;
			dstPath = "";
			dstSubfolderSpec = 10;
			files = (
				05F168EF1BBF48D400E8A612 /* TUIKit.framework in Embedded Frameworks */,
			);
			name = "Embedded Frameworks";
			runOnlyForDeploymentPostprocessing = 0;
		};
/* End PBXCopyFilesBuildPhase section */

/* Begin PBXFileReference section */
		05315EF41ADC70E500406317 /* MediaPlayer.framework */ = {isa = PBXFileReference; lastKnownFileType = wrapper.framework; name = MediaPlayer.framework; path = System/Library/Frameworks/MediaPlayer.framework; sourceTree = SDKROOT; };
		0558DBBB1B6C31A100257DA0 /* IRMyBoardsMenuItem.h */ = {isa = PBXFileReference; fileEncoding = 4; lastKnownFileType = sourcecode.c.h; path = IRMyBoardsMenuItem.h; sourceTree = "<group>"; };
		0558DBBC1B6C31A100257DA0 /* IRMyBoardsMenuItem.m */ = {isa = PBXFileReference; fileEncoding = 4; lastKnownFileType = sourcecode.c.objc; path = IRMyBoardsMenuItem.m; sourceTree = "<group>"; };
		0558ED8A1B4C681F00ABE204 /* FBSDKCoreKit.framework */ = {isa = PBXFileReference; lastKnownFileType = wrapper.framework; name = FBSDKCoreKit.framework; path = "../../mob-ioscore-lib/lib/FacebookSDK/FBSDKCoreKit.framework"; sourceTree = "<group>"; };
		0558ED8C1B4C683200ABE204 /* FBSDKLoginKit.framework */ = {isa = PBXFileReference; lastKnownFileType = wrapper.framework; name = FBSDKLoginKit.framework; path = "../../mob-ioscore-lib/lib/FacebookSDK/FBSDKLoginKit.framework"; sourceTree = "<group>"; };
		055BA55E1B4F3B95004ED96E /* IRMainMenu.h */ = {isa = PBXFileReference; fileEncoding = 4; lastKnownFileType = sourcecode.c.h; path = IRMainMenu.h; sourceTree = "<group>"; };
		055BA55F1B4F3B95004ED96E /* IRMainMenu.m */ = {isa = PBXFileReference; fileEncoding = 4; lastKnownFileType = sourcecode.c.objc; path = IRMainMenu.m; sourceTree = "<group>"; };
		055BA5611B4F3DF2004ED96E /* IRMainMenuSearchSection.h */ = {isa = PBXFileReference; fileEncoding = 4; lastKnownFileType = sourcecode.c.h; path = IRMainMenuSearchSection.h; sourceTree = "<group>"; };
		055BA5621B4F3DF2004ED96E /* IRMainMenuSearchSection.m */ = {isa = PBXFileReference; fileEncoding = 4; lastKnownFileType = sourcecode.c.objc; path = IRMainMenuSearchSection.m; sourceTree = "<group>"; };
		055BA5641B4F4062004ED96E /* IRMainMenuAppsSection.h */ = {isa = PBXFileReference; fileEncoding = 4; lastKnownFileType = sourcecode.c.h; path = IRMainMenuAppsSection.h; sourceTree = "<group>"; };
		055BA5651B4F4062004ED96E /* IRMainMenuAppsSection.m */ = {isa = PBXFileReference; fileEncoding = 4; lastKnownFileType = sourcecode.c.objc; path = IRMainMenuAppsSection.m; sourceTree = "<group>"; };
		055BA5671B4F4077004ED96E /* IRMainMenuMoreSection.h */ = {isa = PBXFileReference; fileEncoding = 4; lastKnownFileType = sourcecode.c.h; path = IRMainMenuMoreSection.h; sourceTree = "<group>"; };
		055BA5681B4F4077004ED96E /* IRMainMenuMoreSection.m */ = {isa = PBXFileReference; fileEncoding = 4; lastKnownFileType = sourcecode.c.objc; path = IRMainMenuMoreSection.m; sourceTree = "<group>"; };
		0563367A1BBCB6490065F5D8 /* MobileAppTracker.framework */ = {isa = PBXFileReference; lastKnownFileType = wrapper.framework; name = MobileAppTracker.framework; path = "../../mob-ioscore-lib/lib/MobileAppTracking-ios/MobileAppTracker.framework"; sourceTree = "<group>"; };
		056336801BBCB77D0065F5D8 /* TUIKit.framework */ = {isa = PBXFileReference; lastKnownFileType = wrapper.framework; name = TUIKit.framework; path = "../../mob-ioscore-lib/lib/TUIKit.framework"; sourceTree = "<group>"; };
		056336821BBCB8120065F5D8 /* Fabric.framework */ = {isa = PBXFileReference; lastKnownFileType = wrapper.framework; name = Fabric.framework; path = "../../mob-ioscore-lib/lib/Crashlytics/Fabric.framework"; sourceTree = "<group>"; };
		056B50271B4F250300627AD9 /* Bolts.framework */ = {isa = PBXFileReference; lastKnownFileType = wrapper.framework; name = Bolts.framework; path = "../../mob-ioscore-lib/lib/FacebookSDK/Bolts.framework"; sourceTree = "<group>"; };
		05A431871B1693740024CEA4 /* IRBoardManagerViewController.h */ = {isa = PBXFileReference; fileEncoding = 4; lastKnownFileType = sourcecode.c.h; name = IRBoardManagerViewController.h; path = ViewController/IRBoardManagerViewController.h; sourceTree = "<group>"; };
		05A431881B1693740024CEA4 /* IRBoardManagerViewController.m */ = {isa = PBXFileReference; fileEncoding = 4; lastKnownFileType = sourcecode.c.objc; name = IRBoardManagerViewController.m; path = ViewController/IRBoardManagerViewController.m; sourceTree = "<group>"; };
		05CA58DA1BBF16A5000E28A8 /* iAd.framework */ = {isa = PBXFileReference; lastKnownFileType = wrapper.framework; name = iAd.framework; path = System/Library/Frameworks/iAd.framework; sourceTree = SDKROOT; };
		05D951EF1B72A9C2006DFC66 /* IRMainMenuViewController.h */ = {isa = PBXFileReference; fileEncoding = 4; lastKnownFileType = sourcecode.c.h; name = IRMainMenuViewController.h; path = ViewController/IRMainMenuViewController.h; sourceTree = "<group>"; };
		05D951F01B72A9C2006DFC66 /* IRMainMenuViewController.m */ = {isa = PBXFileReference; fileEncoding = 4; lastKnownFileType = sourcecode.c.objc; name = IRMainMenuViewController.m; path = ViewController/IRMainMenuViewController.m; sourceTree = "<group>"; };
		05E7344D1B66C84500E92FA9 /* Images.xcassets */ = {isa = PBXFileReference; lastKnownFileType = folder.assetcatalog; path = Images.xcassets; sourceTree = "<group>"; };
		2611965A1950F3F300C4F392 /* LocalInfoItems~iphone.json */ = {isa = PBXFileReference; fileEncoding = 4; lastKnownFileType = text.json; name = "LocalInfoItems~iphone.json"; path = "Resources/jsons/LocalInfoItems~iphone.json"; sourceTree = "<group>"; };
		266139D9164AF82E00D19093 /* IRURLCache.h */ = {isa = PBXFileReference; fileEncoding = 4; lastKnownFileType = sourcecode.c.h; name = IRURLCache.h; path = ../../Ipad/Shared/Controller/IRURLCache.h; sourceTree = "<group>"; };
		266139DA164AF82E00D19093 /* IRURLCache.m */ = {isa = PBXFileReference; fileEncoding = 4; lastKnownFileType = sourcecode.c.objc; name = IRURLCache.m; path = ../../Ipad/Shared/Controller/IRURLCache.m; sourceTree = "<group>"; };
		269D198D19B925F0000440BC /* LocalInfoItems~ipad.json */ = {isa = PBXFileReference; fileEncoding = 4; lastKnownFileType = text.json; name = "LocalInfoItems~ipad.json"; path = "Resources/jsons/LocalInfoItems~ipad.json"; sourceTree = "<group>"; };
		2E1AD2F1165436B500C81545 /* libz.dylib */ = {isa = PBXFileReference; lastKnownFileType = "compiled.mach-o.dylib"; name = libz.dylib; path = usr/lib/libz.dylib; sourceTree = SDKROOT; };
		2E309C23167024BF00A31BD0 /* LICENSE.txt */ = {isa = PBXFileReference; fileEncoding = 4; lastKnownFileType = text; path = LICENSE.txt; sourceTree = "<group>"; };
		2E309C24167024BF00A31BD0 /* OpenSans-Bold.ttf */ = {isa = PBXFileReference; lastKnownFileType = file; path = "OpenSans-Bold.ttf"; sourceTree = "<group>"; };
		2E309C25167024BF00A31BD0 /* OpenSans-BoldItalic.ttf */ = {isa = PBXFileReference; lastKnownFileType = file; path = "OpenSans-BoldItalic.ttf"; sourceTree = "<group>"; };
		2E309C26167024BF00A31BD0 /* OpenSans-ExtraBold.ttf */ = {isa = PBXFileReference; lastKnownFileType = file; path = "OpenSans-ExtraBold.ttf"; sourceTree = "<group>"; };
		2E309C27167024BF00A31BD0 /* OpenSans-ExtraBoldItalic.ttf */ = {isa = PBXFileReference; lastKnownFileType = file; path = "OpenSans-ExtraBoldItalic.ttf"; sourceTree = "<group>"; };
		2E309C28167024BF00A31BD0 /* OpenSans-Italic.ttf */ = {isa = PBXFileReference; lastKnownFileType = file; path = "OpenSans-Italic.ttf"; sourceTree = "<group>"; };
		2E309C29167024BF00A31BD0 /* OpenSans-Light.ttf */ = {isa = PBXFileReference; lastKnownFileType = file; path = "OpenSans-Light.ttf"; sourceTree = "<group>"; };
		2E309C2A167024BF00A31BD0 /* OpenSans-LightItalic.ttf */ = {isa = PBXFileReference; lastKnownFileType = file; path = "OpenSans-LightItalic.ttf"; sourceTree = "<group>"; };
		2E309C2B167024BF00A31BD0 /* OpenSans-Regular.ttf */ = {isa = PBXFileReference; lastKnownFileType = file; path = "OpenSans-Regular.ttf"; sourceTree = "<group>"; };
		2E309C2C167024BF00A31BD0 /* OpenSans-Semibold.ttf */ = {isa = PBXFileReference; lastKnownFileType = file; path = "OpenSans-Semibold.ttf"; sourceTree = "<group>"; };
		2E309C2D167024BF00A31BD0 /* OpenSans-SemiboldItalic.ttf */ = {isa = PBXFileReference; lastKnownFileType = file; path = "OpenSans-SemiboldItalic.ttf"; sourceTree = "<group>"; };
		2E309C40167028D700A31BD0 /* CoreText.framework */ = {isa = PBXFileReference; lastKnownFileType = wrapper.framework; name = CoreText.framework; path = System/Library/Frameworks/CoreText.framework; sourceTree = SDKROOT; };
		2E493CA01630C940004C361A /* libxml2.dylib */ = {isa = PBXFileReference; lastKnownFileType = "compiled.mach-o.dylib"; name = libxml2.dylib; path = usr/lib/libxml2.dylib; sourceTree = SDKROOT; };
		3B1836371652B4AB009923F7 /* UnitTests.octest */ = {isa = PBXFileReference; explicitFileType = wrapper.cfbundle; includeInIndex = 0; path = UnitTests.octest; sourceTree = BUILT_PRODUCTS_DIR; };
		3B18363D1652B4AB009923F7 /* UnitTests-Info.plist */ = {isa = PBXFileReference; lastKnownFileType = text.plist.xml; path = "UnitTests-Info.plist"; sourceTree = "<group>"; };
		3B1836441652B4AC009923F7 /* UnitTests-Prefix.pch */ = {isa = PBXFileReference; lastKnownFileType = sourcecode.c.h; path = "UnitTests-Prefix.pch"; sourceTree = "<group>"; };
		3B5EF54A170B8DFC003F00ED /* en */ = {isa = PBXFileReference; lastKnownFileType = text.plist.strings; name = en; path = Shared/en.lproj/Localizable.strings; sourceTree = SOURCE_ROOT; };
		3BAC7D5D16F7A150005E4508 /* CoreTelephony.framework */ = {isa = PBXFileReference; lastKnownFileType = wrapper.framework; name = CoreTelephony.framework; path = System/Library/Frameworks/CoreTelephony.framework; sourceTree = SDKROOT; };
		3BB379F916C42AA1006A253B /* libicucore.dylib */ = {isa = PBXFileReference; lastKnownFileType = "compiled.mach-o.dylib"; name = libicucore.dylib; path = usr/lib/libicucore.dylib; sourceTree = SDKROOT; };
		3BDE130616A4D934008E6754 /* MobileCoreServices.framework */ = {isa = PBXFileReference; lastKnownFileType = wrapper.framework; name = MobileCoreServices.framework; path = System/Library/Frameworks/MobileCoreServices.framework; sourceTree = SDKROOT; };
		3BF8D8BD170E4611003EE773 /* StoreKit.framework */ = {isa = PBXFileReference; lastKnownFileType = wrapper.framework; name = StoreKit.framework; path = System/Library/Frameworks/StoreKit.framework; sourceTree = SDKROOT; };
		4C0CEEEA14D6634A00A1D325 /* main.m */ = {isa = PBXFileReference; fileEncoding = 4; lastKnownFileType = sourcecode.c.objc; path = main.m; sourceTree = "<group>"; };
		4C0CEEF814D6634A00A1D325 /* IRAppDelegate.h */ = {isa = PBXFileReference; fileEncoding = 4; lastKnownFileType = sourcecode.c.h; path = IRAppDelegate.h; sourceTree = "<group>"; };
		4C0CEEF914D6634A00A1D325 /* IRAppDelegate.m */ = {isa = PBXFileReference; fileEncoding = 4; lastKnownFileType = sourcecode.c.objc; path = IRAppDelegate.m; sourceTree = "<group>"; };
		4C0CEF1A14D6634A00A1D325 /* Trulia Rent-Info.plist */ = {isa = PBXFileReference; fileEncoding = 4; lastKnownFileType = text.plist.xml; path = "Trulia Rent-Info.plist"; sourceTree = "<group>"; };
		4C0CEF1B14D6634A00A1D325 /* Trulia Rent-Prefix.pch */ = {isa = PBXFileReference; fileEncoding = 4; lastKnownFileType = sourcecode.c.h; path = "Trulia Rent-Prefix.pch"; sourceTree = "<group>"; };
		4C0CF11114D6643E00A1D325 /* ICConfiguration.bundle */ = {isa = PBXFileReference; explicitFileType = wrapper.cfbundle; includeInIndex = 0; path = ICConfiguration.bundle; sourceTree = BUILT_PRODUCTS_DIR; };
		5142AD081565A88200BBB7F8 /* AudioToolbox.framework */ = {isa = PBXFileReference; lastKnownFileType = wrapper.framework; name = AudioToolbox.framework; path = System/Library/Frameworks/AudioToolbox.framework; sourceTree = SDKROOT; };
		51802F4414CF793900199144 /* AVFoundation.framework */ = {isa = PBXFileReference; lastKnownFileType = wrapper.framework; name = AVFoundation.framework; path = System/Library/Frameworks/AVFoundation.framework; sourceTree = SDKROOT; };
		51802F4614CF794500199144 /* CoreLocation.framework */ = {isa = PBXFileReference; lastKnownFileType = wrapper.framework; name = CoreLocation.framework; path = System/Library/Frameworks/CoreLocation.framework; sourceTree = SDKROOT; };
		51802F4814CF794F00199144 /* CoreData.framework */ = {isa = PBXFileReference; lastKnownFileType = wrapper.framework; name = CoreData.framework; path = System/Library/Frameworks/CoreData.framework; sourceTree = SDKROOT; };
		51802F4A14CF795800199144 /* CFNetwork.framework */ = {isa = PBXFileReference; lastKnownFileType = wrapper.framework; name = CFNetwork.framework; path = System/Library/Frameworks/CFNetwork.framework; sourceTree = SDKROOT; };
		51802F4C14CF797A00199144 /* libsqlite3.0.dylib */ = {isa = PBXFileReference; lastKnownFileType = "compiled.mach-o.dylib"; name = libsqlite3.0.dylib; path = usr/lib/libsqlite3.0.dylib; sourceTree = SDKROOT; };
		51802F4E14CF798300199144 /* MapKit.framework */ = {isa = PBXFileReference; lastKnownFileType = wrapper.framework; name = MapKit.framework; path = System/Library/Frameworks/MapKit.framework; sourceTree = SDKROOT; };
		51802F5014CF798C00199144 /* MessageUI.framework */ = {isa = PBXFileReference; lastKnownFileType = wrapper.framework; name = MessageUI.framework; path = System/Library/Frameworks/MessageUI.framework; sourceTree = SDKROOT; };
		51802F5214CF799500199144 /* QuartzCore.framework */ = {isa = PBXFileReference; lastKnownFileType = wrapper.framework; name = QuartzCore.framework; path = System/Library/Frameworks/QuartzCore.framework; sourceTree = SDKROOT; };
		51802F5414CF799E00199144 /* Security.framework */ = {isa = PBXFileReference; lastKnownFileType = wrapper.framework; name = Security.framework; path = System/Library/Frameworks/Security.framework; sourceTree = SDKROOT; };
		51802F5614CF79AA00199144 /* SystemConfiguration.framework */ = {isa = PBXFileReference; lastKnownFileType = wrapper.framework; name = SystemConfiguration.framework; path = System/Library/Frameworks/SystemConfiguration.framework; sourceTree = SDKROOT; };
		51DA6A1214CF2F0D007F2584 /* TruliaRent.app */ = {isa = PBXFileReference; explicitFileType = wrapper.application; includeInIndex = 0; path = TruliaRent.app; sourceTree = BUILT_PRODUCTS_DIR; };
		51DA6A1614CF2F0D007F2584 /* UIKit.framework */ = {isa = PBXFileReference; lastKnownFileType = wrapper.framework; name = UIKit.framework; path = System/Library/Frameworks/UIKit.framework; sourceTree = SDKROOT; };
		51DA6A1814CF2F0D007F2584 /* Foundation.framework */ = {isa = PBXFileReference; lastKnownFileType = wrapper.framework; name = Foundation.framework; path = System/Library/Frameworks/Foundation.framework; sourceTree = SDKROOT; };
		51DA6A1A14CF2F0D007F2584 /* CoreGraphics.framework */ = {isa = PBXFileReference; lastKnownFileType = wrapper.framework; name = CoreGraphics.framework; path = System/Library/Frameworks/CoreGraphics.framework; sourceTree = SDKROOT; };
		51DA6C1814CF51D1007F2584 /* CoreFoundation.framework */ = {isa = PBXFileReference; lastKnownFileType = wrapper.framework; name = CoreFoundation.framework; path = System/Library/Frameworks/CoreFoundation.framework; sourceTree = SDKROOT; };
		51DA6C1C14CF51D1007F2584 /* ICConfiguration-Info.plist */ = {isa = PBXFileReference; lastKnownFileType = text.plist.xml; path = "ICConfiguration-Info.plist"; sourceTree = "<group>"; };
		51DA6C1E14CF51D1007F2584 /* en */ = {isa = PBXFileReference; lastKnownFileType = text.plist.strings; name = en; path = en.lproj/InfoPlist.strings; sourceTree = "<group>"; };
		51DA6C2014CF51D1007F2584 /* ICConfiguration-Prefix.pch */ = {isa = PBXFileReference; lastKnownFileType = sourcecode.c.h; path = "ICConfiguration-Prefix.pch"; sourceTree = "<group>"; };
		51DA6C2414CF5896007F2584 /* ICGeneral~iphone.plist */ = {isa = PBXFileReference; fileEncoding = 4; lastKnownFileType = text.plist.xml; path = "ICGeneral~iphone.plist"; sourceTree = "<group>"; };
		51DA6C2514CF5896007F2584 /* ICMetric~iphone.plist */ = {isa = PBXFileReference; fileEncoding = 4; lastKnownFileType = text.plist.xml; path = "ICMetric~iphone.plist"; sourceTree = "<group>"; };
		51E1597A14D2218F00DB87CA /* AddressBookUI.framework */ = {isa = PBXFileReference; lastKnownFileType = wrapper.framework; name = AddressBookUI.framework; path = System/Library/Frameworks/AddressBookUI.framework; sourceTree = SDKROOT; };
		51E1597C14D2219800DB87CA /* AddressBook.framework */ = {isa = PBXFileReference; lastKnownFileType = wrapper.framework; name = AddressBook.framework; path = System/Library/Frameworks/AddressBook.framework; sourceTree = SDKROOT; };
		7B3DD9491BE15FEE009823CA /* Launch Screen.storyboard */ = {isa = PBXFileReference; fileEncoding = 4; lastKnownFileType = file.storyboard; name = "Launch Screen.storyboard"; path = "Resources/Launch Screen.storyboard"; sourceTree = "<group>"; };
		7B3DD94D1BE185D2009823CA /* Crashlytics.framework */ = {isa = PBXFileReference; lastKnownFileType = wrapper.framework; name = Crashlytics.framework; path = "../../mob-ioscore-lib/lib/Crashlytics/Crashlytics.framework"; sourceTree = "<group>"; };
		7B3DD94F1BE188A9009823CA /* GoogleMobileAds.framework */ = {isa = PBXFileReference; lastKnownFileType = wrapper.framework; name = GoogleMobileAds.framework; path = "../../mob-ioscore-lib/lib/GoogleMobileAdsSdkiOS-7.5.1/GoogleMobileAds.framework"; sourceTree = "<group>"; };
		7B3DD9511BE189EC009823CA /* ADBMobileConfig.json */ = {isa = PBXFileReference; fileEncoding = 4; lastKnownFileType = text.json; name = ADBMobileConfig.json; path = Resources/jsons/ADBMobileConfig.json; sourceTree = "<group>"; };
		7B3DD9521BE189EC009823CA /* ADBMobileConfigRelease.json */ = {isa = PBXFileReference; fileEncoding = 4; lastKnownFileType = text.json; name = ADBMobileConfigRelease.json; path = Resources/jsons/ADBMobileConfigRelease.json; sourceTree = "<group>"; };
		7B3DD9571BE28CF4009823CA /* LaunchSupport.xcassets */ = {isa = PBXFileReference; lastKnownFileType = folder.assetcatalog; name = LaunchSupport.xcassets; path = Resources/LaunchSupport.xcassets; sourceTree = "<group>"; };
		9D23EC5D17205D300048E737 /* ImageIO.framework */ = {isa = PBXFileReference; lastKnownFileType = wrapper.framework; name = ImageIO.framework; path = System/Library/Frameworks/ImageIO.framework; sourceTree = SDKROOT; };
		9D37273016657DA00018B275 /* NSNotificationCenter+OCMAdditions.h */ = {isa = PBXFileReference; fileEncoding = 4; lastKnownFileType = sourcecode.c.h; path = "NSNotificationCenter+OCMAdditions.h"; sourceTree = "<group>"; };
		9D37273116657DA00018B275 /* OCMArg.h */ = {isa = PBXFileReference; fileEncoding = 4; lastKnownFileType = sourcecode.c.h; path = OCMArg.h; sourceTree = "<group>"; };
		9D37273216657DA00018B275 /* OCMConstraint.h */ = {isa = PBXFileReference; fileEncoding = 4; lastKnownFileType = sourcecode.c.h; path = OCMConstraint.h; sourceTree = "<group>"; };
		9D37273316657DA00018B275 /* OCMock.h */ = {isa = PBXFileReference; fileEncoding = 4; lastKnownFileType = sourcecode.c.h; path = OCMock.h; sourceTree = "<group>"; };
		9D37273416657DA00018B275 /* OCMockObject.h */ = {isa = PBXFileReference; fileEncoding = 4; lastKnownFileType = sourcecode.c.h; path = OCMockObject.h; sourceTree = "<group>"; };
		9D37273516657DA00018B275 /* OCMockRecorder.h */ = {isa = PBXFileReference; fileEncoding = 4; lastKnownFileType = sourcecode.c.h; path = OCMockRecorder.h; sourceTree = "<group>"; };
		9D37273616657DA00018B275 /* libOCMock.a */ = {isa = PBXFileReference; lastKnownFileType = archive.ar; path = libOCMock.a; sourceTree = "<group>"; };
		9D94D249161A0B5C0089CEEC /* en */ = {isa = PBXFileReference; lastKnownFileType = text.html; name = en; path = copyright.html; sourceTree = "<group>"; };
		9D94DEAB15D992F20068FC85 /* OpenGLES.framework */ = {isa = PBXFileReference; lastKnownFileType = wrapper.framework; name = OpenGLES.framework; path = System/Library/Frameworks/OpenGLES.framework; sourceTree = SDKROOT; };
		9D94F88815E2FA590068FC85 /* ICGeneral~ipad.plist */ = {isa = PBXFileReference; fileEncoding = 4; lastKnownFileType = text.plist.xml; path = "ICGeneral~ipad.plist"; sourceTree = "<group>"; };
		9D94F88915E2FA590068FC85 /* ICMetric~ipad.plist */ = {isa = PBXFileReference; fileEncoding = 4; lastKnownFileType = text.plist.xml; path = "ICMetric~ipad.plist"; sourceTree = "<group>"; };
		9DEF832A1607AE430087FA1A /* AdSupport.framework */ = {isa = PBXFileReference; lastKnownFileType = wrapper.framework; name = AdSupport.framework; path = System/Library/Frameworks/AdSupport.framework; sourceTree = SDKROOT; };
		B7EA94C41635E0CC00B02F3F /* Accounts.framework */ = {isa = PBXFileReference; lastKnownFileType = wrapper.framework; name = Accounts.framework; path = System/Library/Frameworks/Accounts.framework; sourceTree = SDKROOT; };
		B7EA94C61635E14800B02F3F /* Social.framework */ = {isa = PBXFileReference; lastKnownFileType = wrapper.framework; name = Social.framework; path = System/Library/Frameworks/Social.framework; sourceTree = SDKROOT; };
		E052A209187E145E00B0A358 /* Accelerate.framework */ = {isa = PBXFileReference; lastKnownFileType = wrapper.framework; name = Accelerate.framework; path = System/Library/Frameworks/Accelerate.framework; sourceTree = SDKROOT; };
		E052A20B187E147000B0A358 /* Twitter.framework */ = {isa = PBXFileReference; lastKnownFileType = wrapper.framework; name = Twitter.framework; path = System/Library/Frameworks/Twitter.framework; sourceTree = SDKROOT; };
		E052A20D187E148100B0A358 /* EventKit.framework */ = {isa = PBXFileReference; lastKnownFileType = wrapper.framework; name = EventKit.framework; path = System/Library/Frameworks/EventKit.framework; sourceTree = SDKROOT; };
		E052A20F187E148800B0A358 /* EventKitUI.framework */ = {isa = PBXFileReference; lastKnownFileType = wrapper.framework; name = EventKitUI.framework; path = System/Library/Frameworks/EventKitUI.framework; sourceTree = SDKROOT; };
		E05C232518C682E4009A3207 /* libIosCore.a */ = {isa = PBXFileReference; lastKnownFileType = archive.ar; name = libIosCore.a; path = "../../mob-ioscore-lib/code/build/Debug-iphoneos/libIosCore.a"; sourceTree = "<group>"; };
		E07EAAC7194A30CF006BE023 /* GLKit.framework */ = {isa = PBXFileReference; lastKnownFileType = wrapper.framework; name = GLKit.framework; path = System/Library/Frameworks/GLKit.framework; sourceTree = SDKROOT; };
		E07EAACD194A34C2006BE023 /* libc++.dylib */ = {isa = PBXFileReference; lastKnownFileType = "compiled.mach-o.dylib"; name = "libc++.dylib"; path = "usr/lib/libc++.dylib"; sourceTree = SDKROOT; };
		E09140E4195DF983002890C6 /* ICConfiguration.bundle */ = {isa = PBXFileReference; lastKnownFileType = "wrapper.plug-in"; name = ICConfiguration.bundle; path = Build/ICConfiguration.bundle; sourceTree = "<group>"; };
		E09140E7195DFE3C002890C6 /* IosCoreResources.bundle */ = {isa = PBXFileReference; lastKnownFileType = "wrapper.plug-in"; name = IosCoreResources.bundle; path = "../../mob-ioscore-lib/code/Build/IosCoreResources.bundle"; sourceTree = "<group>"; };
/* End PBXFileReference section */

/* Begin PBXFrameworksBuildPhase section */
		3B1836331652B4AB009923F7 /* Frameworks */ = {
			isa = PBXFrameworksBuildPhase;
			buildActionMask = 2147483647;
			files = (
				3B1836391652B4AB009923F7 /* UIKit.framework in Frameworks */,
				3B18363A1652B4AB009923F7 /* Foundation.framework in Frameworks */,
				9D37273716657DA00018B275 /* libOCMock.a in Frameworks */,
				9D372CD51667ED530018B275 /* AddressBook.framework in Frameworks */,
				9D372CD61667ED580018B275 /* AddressBookUI.framework in Frameworks */,
				9D372CD71667EE390018B275 /* Social.framework in Frameworks */,
				9D372CD81667EE3C0018B275 /* Accounts.framework in Frameworks */,
				9D372CD91667EE3F0018B275 /* AdSupport.framework in Frameworks */,
				9D372CDA1667EE430018B275 /* OpenGLES.framework in Frameworks */,
				9D372CDB1667EE450018B275 /* AudioToolbox.framework in Frameworks */,
				9D372CDC1667EE4C0018B275 /* AVFoundation.framework in Frameworks */,
				9D372CDD1667EE500018B275 /* CFNetwork.framework in Frameworks */,
				9D372CDE1667EE5C0018B275 /* CoreData.framework in Frameworks */,
				9D372CDF1667EE5C0018B275 /* CoreFoundation.framework in Frameworks */,
				9D372CE01667EE5C0018B275 /* CoreGraphics.framework in Frameworks */,
				9D372CE11667EE5C0018B275 /* CoreLocation.framework in Frameworks */,
				9D372CE21667EE620018B275 /* libsqlite3.0.dylib in Frameworks */,
				9D372CE31667EE690018B275 /* MapKit.framework in Frameworks */,
				9D372CE41667EE690018B275 /* MessageUI.framework in Frameworks */,
				9D372CE51667EE690018B275 /* QuartzCore.framework in Frameworks */,
				9D372CE61667EE690018B275 /* Security.framework in Frameworks */,
				9D372CE71667EE690018B275 /* SystemConfiguration.framework in Frameworks */,
				9D372CE81667EE810018B275 /* libxml2.dylib in Frameworks */,
			);
			runOnlyForDeploymentPostprocessing = 0;
		};
		4C0CF10E14D6643E00A1D325 /* Frameworks */ = {
			isa = PBXFrameworksBuildPhase;
			buildActionMask = 2147483647;
			files = (
				4C0CF11214D6643E00A1D325 /* CoreFoundation.framework in Frameworks */,
			);
			runOnlyForDeploymentPostprocessing = 0;
		};
		51DA6A0F14CF2F0D007F2584 /* Frameworks */ = {
			isa = PBXFrameworksBuildPhase;
			buildActionMask = 2147483647;
			files = (
				E07EAACE194A34C3006BE023 /* libc++.dylib in Frameworks */,
				7B3DD94E1BE185D2009823CA /* Crashlytics.framework in Frameworks */,
				3BB379FA16C42AA1006A253B /* libicucore.dylib in Frameworks */,
				E05C232618C682E4009A3207 /* libIosCore.a in Frameworks */,
				51802F4D14CF797A00199144 /* libsqlite3.0.dylib in Frameworks */,
				2E493CA11630C941004C361A /* libxml2.dylib in Frameworks */,
				2E1AD2F2165436B500C81545 /* libz.dylib in Frameworks */,
				E052A20A187E145E00B0A358 /* Accelerate.framework in Frameworks */,
				B7EA94C51635E0CD00B02F3F /* Accounts.framework in Frameworks */,
				51E1597D14D2219800DB87CA /* AddressBook.framework in Frameworks */,
				51E1597B14D2218F00DB87CA /* AddressBookUI.framework in Frameworks */,
				9DEF832B1607AE430087FA1A /* AdSupport.framework in Frameworks */,
				5142AD091565A88200BBB7F8 /* AudioToolbox.framework in Frameworks */,
				51802F4514CF793A00199144 /* AVFoundation.framework in Frameworks */,
				056B50281B4F250300627AD9 /* Bolts.framework in Frameworks */,
				51802F4B14CF795800199144 /* CFNetwork.framework in Frameworks */,
				51802F4914CF794F00199144 /* CoreData.framework in Frameworks */,
				51DA6A1B14CF2F0D007F2584 /* CoreGraphics.framework in Frameworks */,
				51802F4714CF794500199144 /* CoreLocation.framework in Frameworks */,
				3BAC7D5E16F7A150005E4508 /* CoreTelephony.framework in Frameworks */,
				2E309C41167028D700A31BD0 /* CoreText.framework in Frameworks */,
				E052A20E187E148100B0A358 /* EventKit.framework in Frameworks */,
				E052A210187E148800B0A358 /* EventKitUI.framework in Frameworks */,
				056336831BBCB8120065F5D8 /* Fabric.framework in Frameworks */,
				0558ED8B1B4C681F00ABE204 /* FBSDKCoreKit.framework in Frameworks */,
				0558ED8D1B4C683200ABE204 /* FBSDKLoginKit.framework in Frameworks */,
				51DA6A1914CF2F0D007F2584 /* Foundation.framework in Frameworks */,
				7B3DD9501BE188A9009823CA /* GoogleMobileAds.framework in Frameworks */,
				E07EAAC8194A30CF006BE023 /* GLKit.framework in Frameworks */,
				05CA58DB1BBF16A5000E28A8 /* iAd.framework in Frameworks */,
				9D23EC5E17205D300048E737 /* ImageIO.framework in Frameworks */,
				51802F4F14CF798300199144 /* MapKit.framework in Frameworks */,
				05315EF51ADC70E500406317 /* MediaPlayer.framework in Frameworks */,
				51802F5114CF798C00199144 /* MessageUI.framework in Frameworks */,
				05CA58D91BBF15D0000E28A8 /* MobileAppTracker.framework in Frameworks */,
				3BDE130716A4D934008E6754 /* MobileCoreServices.framework in Frameworks */,
				9D94DEAC15D992F20068FC85 /* OpenGLES.framework in Frameworks */,
				51802F5314CF799500199144 /* QuartzCore.framework in Frameworks */,
				51802F5514CF799E00199144 /* Security.framework in Frameworks */,
				B7EA94C71635E14800B02F3F /* Social.framework in Frameworks */,
				3BF8D8BE170E4611003EE773 /* StoreKit.framework in Frameworks */,
				51802F5714CF79AA00199144 /* SystemConfiguration.framework in Frameworks */,
				056336811BBCB77D0065F5D8 /* TUIKit.framework in Frameworks */,
				E052A20C187E147000B0A358 /* Twitter.framework in Frameworks */,
				51DA6A1714CF2F0D007F2584 /* UIKit.framework in Frameworks */,
			);
			runOnlyForDeploymentPostprocessing = 0;
		};
/* End PBXFrameworksBuildPhase section */

/* Begin PBXGroup section */
		055BA55D1B4F3B3E004ED96E /* Menu */ = {
			isa = PBXGroup;
			children = (
				055BA55E1B4F3B95004ED96E /* IRMainMenu.h */,
				055BA55F1B4F3B95004ED96E /* IRMainMenu.m */,
				055BA5641B4F4062004ED96E /* IRMainMenuAppsSection.h */,
				055BA5651B4F4062004ED96E /* IRMainMenuAppsSection.m */,
				055BA5671B4F4077004ED96E /* IRMainMenuMoreSection.h */,
				055BA5681B4F4077004ED96E /* IRMainMenuMoreSection.m */,
				055BA5611B4F3DF2004ED96E /* IRMainMenuSearchSection.h */,
				055BA5621B4F3DF2004ED96E /* IRMainMenuSearchSection.m */,
				0558DBBB1B6C31A100257DA0 /* IRMyBoardsMenuItem.h */,
				0558DBBC1B6C31A100257DA0 /* IRMyBoardsMenuItem.m */,
			);
			name = Menu;
			sourceTree = "<group>";
		};
		05A350711B17E1B4006D40E7 /* json */ = {
			isa = PBXGroup;
			children = (
				7B3DD9511BE189EC009823CA /* ADBMobileConfig.json */,
				7B3DD9521BE189EC009823CA /* ADBMobileConfigRelease.json */,
				269D198D19B925F0000440BC /* LocalInfoItems~ipad.json */,
				2611965A1950F3F300C4F392 /* LocalInfoItems~iphone.json */,
			);
			name = json;
			sourceTree = "<group>";
		};
		261196591950F3E200C4F392 /* Resources */ = {
			isa = PBXGroup;
			children = (
				7B3DD9491BE15FEE009823CA /* Launch Screen.storyboard */,
				7B3DD9571BE28CF4009823CA /* LaunchSupport.xcassets */,
				2E309C21167024BF00A31BD0 /* Fonts */,
				3B5EF549170B8DFC003F00ED /* Localizable.strings */,
				9D94D248161A0B5C0089CEEC /* copyright.html */,
				05A350711B17E1B4006D40E7 /* json */,
				05E7344D1B66C84500E92FA9 /* Images.xcassets */,
			);
			name = Resources;
			sourceTree = "<group>";
		};
		26E2056315FFE2CA00B29DE6 /* lib */ = {
			isa = PBXGroup;
			children = (
				9D37272D16657DA00018B275 /* OCMock */,
			);
			name = lib;
			sourceTree = "<group>";
		};
		2E309C21167024BF00A31BD0 /* Fonts */ = {
			isa = PBXGroup;
			children = (
				2E309C22167024BF00A31BD0 /* Open_Sans */,
			);
			name = Fonts;
			path = Shared/Fonts;
			sourceTree = "<group>";
		};
		2E309C22167024BF00A31BD0 /* Open_Sans */ = {
			isa = PBXGroup;
			children = (
				2E309C23167024BF00A31BD0 /* LICENSE.txt */,
				2E309C24167024BF00A31BD0 /* OpenSans-Bold.ttf */,
				2E309C25167024BF00A31BD0 /* OpenSans-BoldItalic.ttf */,
				2E309C26167024BF00A31BD0 /* OpenSans-ExtraBold.ttf */,
				2E309C27167024BF00A31BD0 /* OpenSans-ExtraBoldItalic.ttf */,
				2E309C28167024BF00A31BD0 /* OpenSans-Italic.ttf */,
				2E309C29167024BF00A31BD0 /* OpenSans-Light.ttf */,
				2E309C2A167024BF00A31BD0 /* OpenSans-LightItalic.ttf */,
				2E309C2B167024BF00A31BD0 /* OpenSans-Regular.ttf */,
				2E309C2C167024BF00A31BD0 /* OpenSans-Semibold.ttf */,
				2E309C2D167024BF00A31BD0 /* OpenSans-SemiboldItalic.ttf */,
			);
			path = Open_Sans;
			sourceTree = "<group>";
		};
		3B18363B1652B4AB009923F7 /* UnitTests */ = {
			isa = PBXGroup;
			children = (
				3B18363C1652B4AB009923F7 /* Supporting Files */,
			);
			path = UnitTests;
			sourceTree = "<group>";
		};
		3B18363C1652B4AB009923F7 /* Supporting Files */ = {
			isa = PBXGroup;
			children = (
				3B18363D1652B4AB009923F7 /* UnitTests-Info.plist */,
				3B1836441652B4AC009923F7 /* UnitTests-Prefix.pch */,
			);
			name = "Supporting Files";
			sourceTree = "<group>";
		};
		3B8AF40916F2925500357462 /* ViewController */ = {
			isa = PBXGroup;
			children = (
				05D951EF1B72A9C2006DFC66 /* IRMainMenuViewController.h */,
				05D951F01B72A9C2006DFC66 /* IRMainMenuViewController.m */,
				05A431871B1693740024CEA4 /* IRBoardManagerViewController.h */,
				05A431881B1693740024CEA4 /* IRBoardManagerViewController.m */,
			);
			name = ViewController;
			sourceTree = "<group>";
		};
		4C0CEEEB14D6634A00A1D325 /* Shared */ = {
			isa = PBXGroup;
			children = (
				055BA55D1B4F3B3E004ED96E /* Menu */,
				4C0CEEF714D6634A00A1D325 /* Controller */,
				3B8AF40916F2925500357462 /* ViewController */,
			);
			path = Shared;
			sourceTree = "<group>";
		};
		4C0CEEF714D6634A00A1D325 /* Controller */ = {
			isa = PBXGroup;
			children = (
				4C0CEEF814D6634A00A1D325 /* IRAppDelegate.h */,
				4C0CEEF914D6634A00A1D325 /* IRAppDelegate.m */,
				266139D9164AF82E00D19093 /* IRURLCache.h */,
				266139DA164AF82E00D19093 /* IRURLCache.m */,
			);
			path = Controller;
			sourceTree = "<group>";
		};
		51DA6A0714CF2F0D007F2584 = {
			isa = PBXGroup;
			children = (
				261196591950F3E200C4F392 /* Resources */,
				4C0CEEEB14D6634A00A1D325 /* Shared */,
				26E2056315FFE2CA00B29DE6 /* lib */,
				3B18363B1652B4AB009923F7 /* UnitTests */,
				51DA6A1514CF2F0D007F2584 /* Frameworks */,
				51DA6C1A14CF51D1007F2584 /* ICConfiguration */,
				51DA6A1314CF2F0D007F2584 /* Products */,
				4C0CEEEA14D6634A00A1D325 /* main.m */,
				4C0CEF1A14D6634A00A1D325 /* Trulia Rent-Info.plist */,
				4C0CEF1B14D6634A00A1D325 /* Trulia Rent-Prefix.pch */,
			);
			sourceTree = "<group>";
		};
		51DA6A1314CF2F0D007F2584 /* Products */ = {
			isa = PBXGroup;
			children = (
				51DA6A1214CF2F0D007F2584 /* TruliaRent.app */,
				4C0CF11114D6643E00A1D325 /* ICConfiguration.bundle */,
				3B1836371652B4AB009923F7 /* UnitTests.octest */,
			);
			name = Products;
			sourceTree = "<group>";
		};
		51DA6A1514CF2F0D007F2584 /* Frameworks */ = {
			isa = PBXGroup;
			children = (
				E05C232518C682E4009A3207 /* libIosCore.a */,
				E07EAACD194A34C2006BE023 /* libc++.dylib */,
				3BB379F916C42AA1006A253B /* libicucore.dylib */,
				51802F4C14CF797A00199144 /* libsqlite3.0.dylib */,
				2E493CA01630C940004C361A /* libxml2.dylib */,
				2E1AD2F1165436B500C81545 /* libz.dylib */,
				E09140E7195DFE3C002890C6 /* IosCoreResources.bundle */,
				E09140E4195DF983002890C6 /* ICConfiguration.bundle */,
				E052A209187E145E00B0A358 /* Accelerate.framework */,
				B7EA94C41635E0CC00B02F3F /* Accounts.framework */,
				51E1597C14D2219800DB87CA /* AddressBook.framework */,
				51E1597A14D2218F00DB87CA /* AddressBookUI.framework */,
				9DEF832A1607AE430087FA1A /* AdSupport.framework */,
				5142AD081565A88200BBB7F8 /* AudioToolbox.framework */,
				51802F4414CF793900199144 /* AVFoundation.framework */,
				056B50271B4F250300627AD9 /* Bolts.framework */,
				51802F4A14CF795800199144 /* CFNetwork.framework */,
				51802F4814CF794F00199144 /* CoreData.framework */,
				51DA6C1814CF51D1007F2584 /* CoreFoundation.framework */,
				51DA6A1A14CF2F0D007F2584 /* CoreGraphics.framework */,
				51802F4614CF794500199144 /* CoreLocation.framework */,
				3BAC7D5D16F7A150005E4508 /* CoreTelephony.framework */,
				2E309C40167028D700A31BD0 /* CoreText.framework */,
				E052A20D187E148100B0A358 /* EventKit.framework */,
				E052A20F187E148800B0A358 /* EventKitUI.framework */,
				7B3DD94D1BE185D2009823CA /* Crashlytics.framework */,
				056336821BBCB8120065F5D8 /* Fabric.framework */,
				0558ED8A1B4C681F00ABE204 /* FBSDKCoreKit.framework */,
				0558ED8C1B4C683200ABE204 /* FBSDKLoginKit.framework */,
				51DA6A1814CF2F0D007F2584 /* Foundation.framework */,
				E07EAAC7194A30CF006BE023 /* GLKit.framework */,
				05CA58DA1BBF16A5000E28A8 /* iAd.framework */,
				7B3DD94F1BE188A9009823CA /* GoogleMobileAds.framework */,
				9D23EC5D17205D300048E737 /* ImageIO.framework */,
				51802F4E14CF798300199144 /* MapKit.framework */,
				05315EF41ADC70E500406317 /* MediaPlayer.framework */,
				51802F5014CF798C00199144 /* MessageUI.framework */,
				0563367A1BBCB6490065F5D8 /* MobileAppTracker.framework */,
				3BDE130616A4D934008E6754 /* MobileCoreServices.framework */,
				9D94DEAB15D992F20068FC85 /* OpenGLES.framework */,
				51802F5214CF799500199144 /* QuartzCore.framework */,
				51802F5414CF799E00199144 /* Security.framework */,
				B7EA94C61635E14800B02F3F /* Social.framework */,
				3BF8D8BD170E4611003EE773 /* StoreKit.framework */,
				51802F5614CF79AA00199144 /* SystemConfiguration.framework */,
				056336801BBCB77D0065F5D8 /* TUIKit.framework */,
				E052A20B187E147000B0A358 /* Twitter.framework */,
				51DA6A1614CF2F0D007F2584 /* UIKit.framework */,
			);
			name = Frameworks;
			sourceTree = "<group>";
		};
		51DA6C1A14CF51D1007F2584 /* ICConfiguration */ = {
			isa = PBXGroup;
			children = (
				9D94F88815E2FA590068FC85 /* ICGeneral~ipad.plist */,
				9D94F88915E2FA590068FC85 /* ICMetric~ipad.plist */,
				51DA6C2414CF5896007F2584 /* ICGeneral~iphone.plist */,
				51DA6C2514CF5896007F2584 /* ICMetric~iphone.plist */,
				51DA6C1C14CF51D1007F2584 /* ICConfiguration-Info.plist */,
				51DA6C1D14CF51D1007F2584 /* InfoPlist.strings */,
				51DA6C2014CF51D1007F2584 /* ICConfiguration-Prefix.pch */,
			);
			path = ICConfiguration;
			sourceTree = "<group>";
		};
		9D37272D16657DA00018B275 /* OCMock */ = {
			isa = PBXGroup;
			children = (
				9D37272E16657DA00018B275 /* Headers */,
				9D37273616657DA00018B275 /* libOCMock.a */,
			);
			name = OCMock;
			path = ../lib/OCMock;
			sourceTree = "<group>";
		};
		9D37272E16657DA00018B275 /* Headers */ = {
			isa = PBXGroup;
			children = (
				9D37272F16657DA00018B275 /* OCMock */,
			);
			path = Headers;
			sourceTree = "<group>";
		};
		9D37272F16657DA00018B275 /* OCMock */ = {
			isa = PBXGroup;
			children = (
				9D37273016657DA00018B275 /* NSNotificationCenter+OCMAdditions.h */,
				9D37273116657DA00018B275 /* OCMArg.h */,
				9D37273216657DA00018B275 /* OCMConstraint.h */,
				9D37273316657DA00018B275 /* OCMock.h */,
				9D37273416657DA00018B275 /* OCMockObject.h */,
				9D37273516657DA00018B275 /* OCMockRecorder.h */,
			);
			path = OCMock;
			sourceTree = "<group>";
		};
/* End PBXGroup section */

/* Begin PBXNativeTarget section */
		3B1836361652B4AB009923F7 /* UnitTests */ = {
			isa = PBXNativeTarget;
			buildConfigurationList = 3B1836451652B4AC009923F7 /* Build configuration list for PBXNativeTarget "UnitTests" */;
			buildPhases = (
				3B1836321652B4AB009923F7 /* Sources */,
				3B1836331652B4AB009923F7 /* Frameworks */,
				3B1836341652B4AB009923F7 /* Resources */,
				3B1836351652B4AB009923F7 /* ShellScript */,
			);
			buildRules = (
			);
			dependencies = (
				9D3728991666B0900018B275 /* PBXTargetDependency */,
			);
			name = UnitTests;
			productName = UnitTests;
			productReference = 3B1836371652B4AB009923F7 /* UnitTests.octest */;
			productType = "com.apple.product-type.bundle.ocunit-test";
		};
		4C0CF11014D6643E00A1D325 /* ICConfiguration */ = {
			isa = PBXNativeTarget;
			buildConfigurationList = 4C0CF11A14D6643E00A1D325 /* Build configuration list for PBXNativeTarget "ICConfiguration" */;
			buildPhases = (
				4C0CF10D14D6643E00A1D325 /* Sources */,
				4C0CF10E14D6643E00A1D325 /* Frameworks */,
				4C0CF10F14D6643E00A1D325 /* Resources */,
			);
			buildRules = (
			);
			dependencies = (
			);
			name = ICConfiguration;
			productName = ICConfiguration;
			productReference = 4C0CF11114D6643E00A1D325 /* ICConfiguration.bundle */;
			productType = "com.apple.product-type.bundle";
		};
		51DA6A1114CF2F0D007F2584 /* Trulia Rent */ = {
			isa = PBXNativeTarget;
			buildConfigurationList = 51DA6A3F14CF2F0D007F2584 /* Build configuration list for PBXNativeTarget "Trulia Rent" */;
			buildPhases = (
				51DA6A0E14CF2F0D007F2584 /* Sources */,
				51DA6A0F14CF2F0D007F2584 /* Frameworks */,
				51DA6A1014CF2F0D007F2584 /* Resources */,
				3BEF4F571701674600BA8529 /* ShellScript */,
				05F168EC1BBF48B600E8A612 /* Embedded Frameworks */,
			);
			buildRules = (
			);
			dependencies = (
				E07EAAD8194A7947006BE023 /* PBXTargetDependency */,
			);
			name = "Trulia Rent";
			productName = Trulia;
			productReference = 51DA6A1214CF2F0D007F2584 /* TruliaRent.app */;
			productType = "com.apple.product-type.application";
		};
/* End PBXNativeTarget section */

/* Begin PBXProject section */
		51DA6A0914CF2F0D007F2584 /* Project object */ = {
			isa = PBXProject;
			attributes = {
				LastUpgradeCheck = 0460;
				ORGANIZATIONNAME = "Trulia Inc";
				TargetAttributes = {
					4C0CF11014D6643E00A1D325 = {
						DevelopmentTeam = 9FBSWYKDXR;
					};
					51DA6A1114CF2F0D007F2584 = {
						DevelopmentTeam = 9FBSWYKDXR;
					};
				};
			};
			buildConfigurationList = 51DA6A0C14CF2F0D007F2584 /* Build configuration list for PBXProject "Trulia Rent" */;
			compatibilityVersion = "Xcode 3.2";
			developmentRegion = English;
			hasScannedForEncodings = 0;
			knownRegions = (
				en,
			);
			mainGroup = 51DA6A0714CF2F0D007F2584;
			productRefGroup = 51DA6A1314CF2F0D007F2584 /* Products */;
			projectDirPath = "";
			projectRoot = "";
			targets = (
				51DA6A1114CF2F0D007F2584 /* Trulia Rent */,
				4C0CF11014D6643E00A1D325 /* ICConfiguration */,
				3B1836361652B4AB009923F7 /* UnitTests */,
			);
		};
/* End PBXProject section */

/* Begin PBXResourcesBuildPhase section */
		3B1836341652B4AB009923F7 /* Resources */ = {
			isa = PBXResourcesBuildPhase;
			buildActionMask = 2147483647;
			files = (
			);
			runOnlyForDeploymentPostprocessing = 0;
		};
		4C0CF10F14D6643E00A1D325 /* Resources */ = {
			isa = PBXResourcesBuildPhase;
			buildActionMask = 2147483647;
			files = (
				4C0CF11D14D6648200A1D325 /* ICGeneral~iphone.plist in Resources */,
				4C0CF11E14D6648200A1D325 /* ICMetric~iphone.plist in Resources */,
				4C0CF11F14D6648200A1D325 /* InfoPlist.strings in Resources */,
				9D94F88A15E2FA590068FC85 /* ICGeneral~ipad.plist in Resources */,
				9D94F88B15E2FA590068FC85 /* ICMetric~ipad.plist in Resources */,
			);
			runOnlyForDeploymentPostprocessing = 0;
		};
		51DA6A1014CF2F0D007F2584 /* Resources */ = {
			isa = PBXResourcesBuildPhase;
			buildActionMask = 2147483647;
			files = (
				E09140E8195DFE3C002890C6 /* IosCoreResources.bundle in Resources */,
				E09140E5195DF983002890C6 /* ICConfiguration.bundle in Resources */,
				05E7344E1B66C84500E92FA9 /* Images.xcassets in Resources */,
				2611965B1950F3F300C4F392 /* LocalInfoItems~iphone.json in Resources */,
				269D198E19B925F0000440BC /* LocalInfoItems~ipad.json in Resources */,
				7B3DD94A1BE15FEE009823CA /* Launch Screen.storyboard in Resources */,
				9D94D26F161A0B5C0089CEEC /* copyright.html in Resources */,
				2E309C2E167024BF00A31BD0 /* LICENSE.txt in Resources */,
				2E309C2F167024BF00A31BD0 /* OpenSans-Bold.ttf in Resources */,
				7B3DD9531BE189EC009823CA /* ADBMobileConfig.json in Resources */,
				2E309C30167024BF00A31BD0 /* OpenSans-BoldItalic.ttf in Resources */,
				7B3DD9541BE189EC009823CA /* ADBMobileConfigRelease.json in Resources */,
				2E309C31167024BF00A31BD0 /* OpenSans-ExtraBold.ttf in Resources */,
				2E309C32167024BF00A31BD0 /* OpenSans-ExtraBoldItalic.ttf in Resources */,
				2E309C33167024BF00A31BD0 /* OpenSans-Italic.ttf in Resources */,
				2E309C34167024BF00A31BD0 /* OpenSans-Light.ttf in Resources */,
				2E309C35167024BF00A31BD0 /* OpenSans-LightItalic.ttf in Resources */,
				2E309C36167024BF00A31BD0 /* OpenSans-Regular.ttf in Resources */,
				2E309C37167024BF00A31BD0 /* OpenSans-Semibold.ttf in Resources */,
				2E309C38167024BF00A31BD0 /* OpenSans-SemiboldItalic.ttf in Resources */,
				7B3DD9581BE28CF4009823CA /* LaunchSupport.xcassets in Resources */,
				3B5EF54B170B8DFC003F00ED /* Localizable.strings in Resources */,
			);
			runOnlyForDeploymentPostprocessing = 0;
		};
/* End PBXResourcesBuildPhase section */

/* Begin PBXShellScriptBuildPhase section */
		3B1836351652B4AB009923F7 /* ShellScript */ = {
			isa = PBXShellScriptBuildPhase;
			buildActionMask = 2147483647;
			files = (
			);
			inputPaths = (
			);
			outputPaths = (
			);
			runOnlyForDeploymentPostprocessing = 0;
			shellPath = /bin/sh;
			shellScript = "# Run the unit tests in this test bundle.\n\"${SYSTEM_DEVELOPER_DIR}/Tools/RunUnitTests\"\n";
		};
		3BEF4F571701674600BA8529 /* ShellScript */ = {
			isa = PBXShellScriptBuildPhase;
			buildActionMask = 2147483647;
			files = (
			);
			inputPaths = (
			);
			outputPaths = (
			);
			runOnlyForDeploymentPostprocessing = 0;
			shellPath = /bin/sh;
			shellScript = "if [ \"${CONFIGURATION}\" != \"Debug\" ]; then\n../../mob-ioscore-lib/lib/Crashlytics/Fabric.framework/run 69c46441eff2d4c6f8a043fd66d16ff159cd9812 1192e1497ab0deac603c36fb2464fd4c0a8452fee2494999c0c302fea55ff94c\nfi";
		};
/* End PBXShellScriptBuildPhase section */

/* Begin PBXSourcesBuildPhase section */
		3B1836321652B4AB009923F7 /* Sources */ = {
			isa = PBXSourcesBuildPhase;
			buildActionMask = 2147483647;
			files = (
			);
			runOnlyForDeploymentPostprocessing = 0;
		};
		4C0CF10D14D6643E00A1D325 /* Sources */ = {
			isa = PBXSourcesBuildPhase;
			buildActionMask = 2147483647;
			files = (
			);
			runOnlyForDeploymentPostprocessing = 0;
		};
		51DA6A0E14CF2F0D007F2584 /* Sources */ = {
			isa = PBXSourcesBuildPhase;
			buildActionMask = 2147483647;
			files = (
				4C0CF0BE14D6634B00A1D325 /* main.m in Sources */,
				4C0CF0C414D6634B00A1D325 /* IRAppDelegate.m in Sources */,
				055BA5691B4F4077004ED96E /* IRMainMenuMoreSection.m in Sources */,
				266139DB164AF82E00D19093 /* IRURLCache.m in Sources */,
				055BA5631B4F3DF2004ED96E /* IRMainMenuSearchSection.m in Sources */,
				05D951F11B72A9C2006DFC66 /* IRMainMenuViewController.m in Sources */,
				055BA5661B4F4062004ED96E /* IRMainMenuAppsSection.m in Sources */,
				05A431891B1693740024CEA4 /* IRBoardManagerViewController.m in Sources */,
				055BA5601B4F3B95004ED96E /* IRMainMenu.m in Sources */,
				0558DBBD1B6C31A100257DA0 /* IRMyBoardsMenuItem.m in Sources */,
			);
			runOnlyForDeploymentPostprocessing = 0;
		};
/* End PBXSourcesBuildPhase section */

/* Begin PBXTargetDependency section */
		9D3728991666B0900018B275 /* PBXTargetDependency */ = {
			isa = PBXTargetDependency;
			target = 51DA6A1114CF2F0D007F2584 /* Trulia Rent */;
			targetProxy = 9D3728981666B0900018B275 /* PBXContainerItemProxy */;
		};
		E07EAAD8194A7947006BE023 /* PBXTargetDependency */ = {
			isa = PBXTargetDependency;
			target = 4C0CF11014D6643E00A1D325 /* ICConfiguration */;
			targetProxy = E07EAAD7194A7947006BE023 /* PBXContainerItemProxy */;
		};
/* End PBXTargetDependency section */

/* Begin PBXVariantGroup section */
		3B5EF549170B8DFC003F00ED /* Localizable.strings */ = {
			isa = PBXVariantGroup;
			children = (
				3B5EF54A170B8DFC003F00ED /* en */,
			);
			name = Localizable.strings;
			path = Ipad/Shared;
			sourceTree = "<group>";
		};
		51DA6C1D14CF51D1007F2584 /* InfoPlist.strings */ = {
			isa = PBXVariantGroup;
			children = (
				51DA6C1E14CF51D1007F2584 /* en */,
			);
			name = InfoPlist.strings;
			sourceTree = "<group>";
		};
		9D94D248161A0B5C0089CEEC /* copyright.html */ = {
			isa = PBXVariantGroup;
			children = (
				9D94D249161A0B5C0089CEEC /* en */,
			);
			name = copyright.html;
			path = Iphone/en.lproj;
			sourceTree = "<group>";
		};
/* End PBXVariantGroup section */

/* Begin XCBuildConfiguration section */
		3B1836461652B4AC009923F7 /* Debug */ = {
			isa = XCBuildConfiguration;
			buildSettings = {
				ALWAYS_SEARCH_USER_PATHS = YES;
				BUNDLE_LOADER = "$(BUILT_PRODUCTS_DIR)/Trulia.app/Trulia";
				CLANG_CXX_LANGUAGE_STANDARD = "gnu++0x";
				CLANG_CXX_LIBRARY = "libc++";
				CLANG_ENABLE_OBJC_ARC = YES;
				CLANG_WARN_EMPTY_BODY = YES;
				CLANG_WARN__DUPLICATE_METHOD_MATCH = YES;
				CODE_SIGN_IDENTITY = "";
				FRAMEWORK_SEARCH_PATHS = (
					"$(inherited)",
					"\"$(SDKROOT)/Developer/Library/Frameworks\"",
					"\"$(SRCROOT)/../../IosCore/lib\"",
				);
				GCC_GENERATE_TEST_COVERAGE_FILES = YES;
				GCC_INSTRUMENT_PROGRAM_FLOW_ARCS = YES;
				GCC_PRECOMPILE_PREFIX_HEADER = YES;
				GCC_PREFIX_HEADER = "UnitTests/UnitTests-Prefix.pch";
				GCC_WARN_UNINITIALIZED_AUTOS = YES;
				HEADER_SEARCH_PATHS = "";
				INFOPLIST_FILE = "UnitTests/UnitTests-Info.plist";
				IPHONEOS_DEPLOYMENT_TARGET = 6.0;
				LIBRARY_SEARCH_PATHS = "$(inherited)";
				ONLY_ACTIVE_ARCH = YES;
				OTHER_CFLAGS = (
					"-fprofile-arcs",
					"-ftest-coverage",
				);
				OTHER_LDFLAGS = (
					"-ObjC",
					"-all_load",
				);
				PRODUCT_NAME = "$(TARGET_NAME)";
				PROVISIONING_PROFILE = "";
				TEST_HOST = "$(BUNDLE_LOADER)";
				USER_HEADER_SEARCH_PATHS = "\"$(BUILD_ROOT)/../IntermediateBuildFilesPath/UninstalledProducts\"/** \"$(BUILT_PRODUCTS_DIR)/../../three20\" \"$(BUILT_PRODUCTS_DIR)/../three20\"/** \"$(PROJECT_TEMP_DIR)/../UninstalledProducts/include\"";
				WRAPPER_EXTENSION = octest;
			};
			name = Debug;
		};
		3B1836471652B4AC009923F7 /* Release */ = {
			isa = XCBuildConfiguration;
			buildSettings = {
				ALWAYS_SEARCH_USER_PATHS = YES;
				BUNDLE_LOADER = "$(BUILT_PRODUCTS_DIR)/Trulia.app/Trulia";
				CLANG_CXX_LANGUAGE_STANDARD = "gnu++0x";
				CLANG_CXX_LIBRARY = "libc++";
				CLANG_ENABLE_OBJC_ARC = YES;
				CLANG_WARN_EMPTY_BODY = YES;
				CLANG_WARN__DUPLICATE_METHOD_MATCH = YES;
				CODE_SIGN_IDENTITY = "";
				FRAMEWORK_SEARCH_PATHS = (
					"$(inherited)",
					"\"$(SDKROOT)/Developer/Library/Frameworks\"",
					"\"$(SRCROOT)/../../IosCore/lib\"",
				);
				GCC_GENERATE_TEST_COVERAGE_FILES = YES;
				GCC_INSTRUMENT_PROGRAM_FLOW_ARCS = YES;
				GCC_PRECOMPILE_PREFIX_HEADER = YES;
				GCC_PREFIX_HEADER = "UnitTests/UnitTests-Prefix.pch";
				GCC_WARN_UNINITIALIZED_AUTOS = YES;
				HEADER_SEARCH_PATHS = "";
				INFOPLIST_FILE = "UnitTests/UnitTests-Info.plist";
				IPHONEOS_DEPLOYMENT_TARGET = 6.0;
				LIBRARY_SEARCH_PATHS = "$(inherited)";
				OTHER_LDFLAGS = (
					"-ObjC",
					"-all_load",
				);
				PRODUCT_NAME = "$(TARGET_NAME)";
				PROVISIONING_PROFILE = "";
				TEST_HOST = "$(BUNDLE_LOADER)";
				USER_HEADER_SEARCH_PATHS = "";
				WRAPPER_EXTENSION = octest;
			};
			name = Release;
		};
		4C0CF11B14D6643E00A1D325 /* Debug */ = {
			isa = XCBuildConfiguration;
			buildSettings = {
				ALWAYS_SEARCH_USER_PATHS = NO;
				ARCHS = "$(ARCHS_STANDARD_32_64_BIT)";
				CODE_SIGN_IDENTITY = "";
				COMBINE_HIDPI_IMAGES = YES;
				CONFIGURATION_BUILD_DIR = "$(SRCROOT)/Build/";
				FRAMEWORK_SEARCH_PATHS = "";
				GCC_ENABLE_OBJC_EXCEPTIONS = YES;
				GCC_PRECOMPILE_PREFIX_HEADER = YES;
				GCC_PREFIX_HEADER = "ICConfiguration/ICConfiguration-Prefix.pch";
				GCC_WARN_64_TO_32_BIT_CONVERSION = YES;
				HEADER_SEARCH_PATHS = "";
				INFOPLIST_FILE = "ICConfiguration/ICConfiguration-Info.plist";
				INSTALL_PATH = "$(LOCAL_LIBRARY_DIR)/Bundles";
				MACOSX_DEPLOYMENT_TARGET = 10.7;
				ONLY_ACTIVE_ARCH = YES;
				PRODUCT_NAME = "$(TARGET_NAME)";
				PROVISIONING_PROFILE = "";
				SDKROOT = macosx;
				VALID_ARCHS = "armv7 i386";
				WRAPPER_EXTENSION = bundle;
			};
			name = Debug;
		};
		4C0CF11C14D6643E00A1D325 /* Release */ = {
			isa = XCBuildConfiguration;
			buildSettings = {
				ARCHS = "$(ARCHS_STANDARD_32_64_BIT)";
				CODE_SIGN_IDENTITY = "";
				COMBINE_HIDPI_IMAGES = YES;
				CONFIGURATION_BUILD_DIR = "$(SRCROOT)/Build/";
				DEBUG_INFORMATION_FORMAT = "dwarf-with-dsym";
				FRAMEWORK_SEARCH_PATHS = "";
				GCC_ENABLE_OBJC_EXCEPTIONS = YES;
				GCC_PRECOMPILE_PREFIX_HEADER = YES;
				GCC_PREFIX_HEADER = "ICConfiguration/ICConfiguration-Prefix.pch";
				GCC_WARN_64_TO_32_BIT_CONVERSION = YES;
				HEADER_SEARCH_PATHS = "";
				INFOPLIST_FILE = "ICConfiguration/ICConfiguration-Info.plist";
				INSTALL_PATH = "$(LOCAL_LIBRARY_DIR)/Bundles";
				MACOSX_DEPLOYMENT_TARGET = 10.7;
				PRODUCT_NAME = "$(TARGET_NAME)";
				PROVISIONING_PROFILE = "";
				SDKROOT = macosx;
				VALID_ARCHS = "armv7 i386";
				WRAPPER_EXTENSION = bundle;
			};
			name = Release;
		};
		51DA6A3D14CF2F0D007F2584 /* Debug */ = {
			isa = XCBuildConfiguration;
			buildSettings = {
				ALWAYS_SEARCH_USER_PATHS = YES;
				ARCHS = "$(ARCHS_STANDARD)";
				CLANG_ENABLE_MODULES = YES;
				CLANG_WARN_CONSTANT_CONVERSION = YES;
				CLANG_WARN_ENUM_CONVERSION = YES;
				CLANG_WARN_INT_CONVERSION = YES;
				CLANG_WARN__DUPLICATE_METHOD_MATCH = YES;
				CODE_SIGN_IDENTITY = "iPhone Developer";
				CODE_SIGN_RESOURCE_RULES_PATH = "$(SDKROOT)/ResourceRules.plist";
				COMPRESS_PNG_FILES = NO;
				COPY_PHASE_STRIP = NO;
				ENABLE_BITCODE = NO;
				FRAMEWORK_SEARCH_PATHS = (
					"$(inherited)",
					"\"$(IOSCORE_LIB)/lib\"",
				);
				GCC_C_LANGUAGE_STANDARD = gnu99;
				GCC_DYNAMIC_NO_PIC = NO;
				GCC_OPTIMIZATION_LEVEL = 0;
				GCC_PREPROCESSOR_DEFINITIONS = (
					"DEBUG=1",
					"$(inherited)",
				);
				GCC_SYMBOLS_PRIVATE_EXTERN = NO;
				GCC_VERSION = com.apple.compilers.llvm.clang.1_0;
				GCC_WARN_ABOUT_MISSING_PROTOTYPES = YES;
				GCC_WARN_ABOUT_RETURN_TYPE = YES;
				GCC_WARN_UNINITIALIZED_AUTOS = YES;
				GCC_WARN_UNUSED_VARIABLE = YES;
				HEADER_SEARCH_PATHS = "../../mob-ioscore-lib/**";
				IPHONEOS_DEPLOYMENT_TARGET = 8.0;
				OTHER_LDFLAGS = (
					"-ObjC",
					"-all_load",
				);
				PRODUCT_NAME = ForRent;
				PROVISIONING_PROFILE = "";
				SDKROOT = iphoneos;
				SKIP_INSTALL = YES;
				TARGETED_DEVICE_FAMILY = 1;
				VALID_ARCHS = armv7;
			};
			name = Debug;
		};
		51DA6A3E14CF2F0D007F2584 /* Release */ = {
			isa = XCBuildConfiguration;
			buildSettings = {
				ALWAYS_SEARCH_USER_PATHS = NO;
				ARCHS = "$(ARCHS_STANDARD)";
				CLANG_ENABLE_MODULES = YES;
				CLANG_WARN_CONSTANT_CONVERSION = YES;
				CLANG_WARN_ENUM_CONVERSION = YES;
				CLANG_WARN_INT_CONVERSION = YES;
				CLANG_WARN__DUPLICATE_METHOD_MATCH = YES;
				CODE_SIGN_IDENTITY = "iPhone Developer";
				CODE_SIGN_RESOURCE_RULES_PATH = "$(SDKROOT)/ResourceRules.plist";
				COMPRESS_PNG_FILES = NO;
				COPY_PHASE_STRIP = YES;
				ENABLE_BITCODE = NO;
				FRAMEWORK_SEARCH_PATHS = (
					"$(inherited)",
					"\"$(IOSCORE_LIB)/lib\"",
				);
				GCC_C_LANGUAGE_STANDARD = gnu99;
				GCC_VERSION = com.apple.compilers.llvm.clang.1_0;
				GCC_WARN_ABOUT_MISSING_PROTOTYPES = YES;
				GCC_WARN_ABOUT_RETURN_TYPE = YES;
				GCC_WARN_UNINITIALIZED_AUTOS = YES;
				GCC_WARN_UNUSED_VARIABLE = YES;
				HEADER_SEARCH_PATHS = "../../mob-ioscore-lib/**";
				IPHONEOS_DEPLOYMENT_TARGET = 8.0;
				OTHER_CFLAGS = "-DNS_BLOCK_ASSERTIONS=1";
				OTHER_LDFLAGS = (
					"-ObjC",
					"-all_load",
				);
				PRODUCT_NAME = ForRent;
				PROVISIONING_PROFILE = "";
				SDKROOT = iphoneos;
				SKIP_INSTALL = YES;
				TARGETED_DEVICE_FAMILY = 1;
				VALIDATE_PRODUCT = YES;
				VALID_ARCHS = armv7;
			};
			name = Release;
		};
		51DA6A4014CF2F0D007F2584 /* Debug */ = {
			isa = XCBuildConfiguration;
			buildSettings = {
				ARCHS = "$(ARCHS_STANDARD)";
				ASSETCATALOG_COMPILER_APPICON_NAME = AppIcon;
				ASSETCATALOG_COMPILER_LAUNCHIMAGE_NAME = LaunchImage;
				CLANG_ENABLE_MODULES = YES;
				CLANG_ENABLE_OBJC_ARC = YES;
				CODE_SIGN_IDENTITY = "iPhone Developer";
				CODE_SIGN_RESOURCE_RULES_PATH = "$(SDKROOT)/ResourceRules.plist";
				COMPRESS_PNG_FILES = NO;
				COPY_PHASE_STRIP = NO;
				DEPLOYMENT_POSTPROCESSING = NO;
				FRAMEWORK_SEARCH_PATHS = (
					"$(SRCROOT)",
					"$(SRCROOT)/../../mob-ioscore-lib/**",
					"${SRCROOT)/../lib/**",
				);
				GCC_GENERATE_TEST_COVERAGE_FILES = YES;
				GCC_INSTRUMENT_PROGRAM_FLOW_ARCS = YES;
				GCC_PRECOMPILE_PREFIX_HEADER = YES;
				GCC_PREFIX_HEADER = "Trulia Rent-Prefix.pch";
				GCC_TREAT_WARNINGS_AS_ERRORS = YES;
				HEADER_SEARCH_PATHS = "$(SRCROOT)/../../mob-ioscore-lib/**";
				INFOPLIST_FILE = "Trulia Rent-Info.plist";
				IPHONEOS_DEPLOYMENT_TARGET = 8.0;
				LD_RUNPATH_SEARCH_PATHS = "$(inherited) @executable_path/Frameworks";
				LIBRARY_SEARCH_PATHS = (
					"$(inherited)",
					"$(SRCROOT)",
					"$(SRCROOT)/../../mob-ioscore-lib/**",
				);
				ONLY_ACTIVE_ARCH = YES;
				OTHER_CFLAGS = (
					"-fprofile-arcs",
					"-ftest-coverage",
				);
				OTHER_LDFLAGS = "-ObjC";
				PRODUCT_NAME = TruliaRent;
				PROVISIONING_PROFILE = "";
				SEPARATE_STRIP = YES;
				SKIP_INSTALL = NO;
				STRIP_INSTALLED_PRODUCT = NO;
				TARGETED_DEVICE_FAMILY = "1,2";
				VALID_ARCHS = "armv7s armv7 arm64";
				WRAPPER_EXTENSION = app;
			};
			name = Debug;
		};
		51DA6A4114CF2F0D007F2584 /* Release */ = {
			isa = XCBuildConfiguration;
			buildSettings = {
				ARCHS = "$(ARCHS_STANDARD)";
				ASSETCATALOG_COMPILER_APPICON_NAME = AppIcon;
				ASSETCATALOG_COMPILER_LAUNCHIMAGE_NAME = LaunchImage;
				CLANG_ENABLE_MODULES = YES;
				CLANG_ENABLE_OBJC_ARC = YES;
				CODE_SIGN_IDENTITY = "iPhone Developer";
				CODE_SIGN_RESOURCE_RULES_PATH = "$(SDKROOT)/ResourceRules.plist";
				COMPRESS_PNG_FILES = NO;
				COPY_PHASE_STRIP = NO;
				DEPLOYMENT_POSTPROCESSING = NO;
				FRAMEWORK_SEARCH_PATHS = (
					"$(SRCROOT)",
					"$(SRCROOT)/../../mob-ioscore-lib/**",
					"${SRCROOT)/../lib/**",
				);
				GCC_GENERATE_TEST_COVERAGE_FILES = YES;
				GCC_INSTRUMENT_PROGRAM_FLOW_ARCS = YES;
				GCC_PRECOMPILE_PREFIX_HEADER = YES;
				GCC_PREFIX_HEADER = "Trulia Rent-Prefix.pch";
				GCC_TREAT_WARNINGS_AS_ERRORS = YES;
				HEADER_SEARCH_PATHS = "$(SRCROOT)/../../mob-ioscore-lib/**";
				INFOPLIST_FILE = "Trulia Rent-Info.plist";
				IPHONEOS_DEPLOYMENT_TARGET = 8.0;
				LD_RUNPATH_SEARCH_PATHS = "$(inherited) @executable_path/Frameworks";
				LIBRARY_SEARCH_PATHS = (
					"$(inherited)",
					"$(SRCROOT)",
					"$(SRCROOT)/../../mob-ioscore-lib/**",
				);
				OTHER_LDFLAGS = "-ObjC";
				PRODUCT_NAME = TruliaRent;
				PROVISIONING_PROFILE = "";
				SEPARATE_STRIP = YES;
				SKIP_INSTALL = NO;
				STRIP_INSTALLED_PRODUCT = NO;
				TARGETED_DEVICE_FAMILY = "1,2";
				VALID_ARCHS = "armv7s armv7 arm64";
				WRAPPER_EXTENSION = app;
			};
			name = Release;
		};
		7B680D4D1B8D6F5C004A95FD /* BStage */ = {
			isa = XCBuildConfiguration;
			buildSettings = {
				ALWAYS_SEARCH_USER_PATHS = YES;
				ARCHS = "$(ARCHS_STANDARD)";
				CLANG_ENABLE_MODULES = YES;
				CLANG_WARN_CONSTANT_CONVERSION = YES;
				CLANG_WARN_ENUM_CONVERSION = YES;
				CLANG_WARN_INT_CONVERSION = YES;
				CLANG_WARN__DUPLICATE_METHOD_MATCH = YES;
				CODE_SIGN_IDENTITY = "iPhone Developer";
				CODE_SIGN_RESOURCE_RULES_PATH = "$(SDKROOT)/ResourceRules.plist";
				COMPRESS_PNG_FILES = NO;
				COPY_PHASE_STRIP = NO;
				ENABLE_BITCODE = NO;
				FRAMEWORK_SEARCH_PATHS = (
					"$(inherited)",
					"\"$(IOSCORE_LIB)/lib\"",
				);
				GCC_C_LANGUAGE_STANDARD = gnu99;
				GCC_DYNAMIC_NO_PIC = NO;
				GCC_OPTIMIZATION_LEVEL = 0;
				GCC_PREPROCESSOR_DEFINITIONS = (
					"DEBUG=1",
					"$(inherited)",
				);
				GCC_SYMBOLS_PRIVATE_EXTERN = NO;
				GCC_VERSION = com.apple.compilers.llvm.clang.1_0;
				GCC_WARN_ABOUT_MISSING_PROTOTYPES = YES;
				GCC_WARN_ABOUT_RETURN_TYPE = YES;
				GCC_WARN_UNINITIALIZED_AUTOS = YES;
				GCC_WARN_UNUSED_VARIABLE = YES;
				HEADER_SEARCH_PATHS = "../../mob-ioscore-lib/**";
				IPHONEOS_DEPLOYMENT_TARGET = 8.0;
				OTHER_LDFLAGS = (
					"-ObjC",
					"-all_load",
				);
				PRODUCT_NAME = ForRent;
				PROVISIONING_PROFILE = "";
				SDKROOT = iphoneos;
				SKIP_INSTALL = YES;
				TARGETED_DEVICE_FAMILY = 1;
				VALID_ARCHS = armv7;
			};
			name = BStage;
		};
		7B680D4E1B8D6F5C004A95FD /* BStage */ = {
			isa = XCBuildConfiguration;
			buildSettings = {
				ARCHS = "$(ARCHS_STANDARD)";
				ASSETCATALOG_COMPILER_APPICON_NAME = AppIcon;
				ASSETCATALOG_COMPILER_LAUNCHIMAGE_NAME = LaunchImage;
				CLANG_ENABLE_MODULES = YES;
				CLANG_ENABLE_OBJC_ARC = YES;
				CODE_SIGN_IDENTITY = "iPhone Developer";
				CODE_SIGN_RESOURCE_RULES_PATH = "$(SDKROOT)/ResourceRules.plist";
				COMPRESS_PNG_FILES = NO;
				COPY_PHASE_STRIP = NO;
				DEPLOYMENT_POSTPROCESSING = NO;
				FRAMEWORK_SEARCH_PATHS = (
					"$(SRCROOT)",
					"$(SRCROOT)/../../mob-ioscore-lib/**",
					"${SRCROOT)/../lib/**",
				);
				GCC_GENERATE_TEST_COVERAGE_FILES = YES;
				GCC_INSTRUMENT_PROGRAM_FLOW_ARCS = YES;
				GCC_PRECOMPILE_PREFIX_HEADER = YES;
				GCC_PREFIX_HEADER = "Trulia Rent-Prefix.pch";
				GCC_PREPROCESSOR_DEFINITIONS = "BSTAGE=1";
				GCC_TREAT_WARNINGS_AS_ERRORS = YES;
				HEADER_SEARCH_PATHS = "$(SRCROOT)/../../mob-ioscore-lib/**";
				INFOPLIST_FILE = "Trulia Rent-Info.plist";
				IPHONEOS_DEPLOYMENT_TARGET = 8.0;
				LD_RUNPATH_SEARCH_PATHS = "$(inherited) @executable_path/Frameworks";
				LIBRARY_SEARCH_PATHS = (
					"$(inherited)",
					"$(SRCROOT)",
					"$(SRCROOT)/../../mob-ioscore-lib/**",
				);
				ONLY_ACTIVE_ARCH = YES;
				OTHER_CFLAGS = (
					"-fprofile-arcs",
					"-ftest-coverage",
				);
				OTHER_LDFLAGS = "-ObjC";
				PRODUCT_NAME = TruliaRent;
				PROVISIONING_PROFILE = "";
				SEPARATE_STRIP = YES;
				SKIP_INSTALL = NO;
				STRIP_INSTALLED_PRODUCT = NO;
				TARGETED_DEVICE_FAMILY = "1,2";
				VALID_ARCHS = "armv7s armv7 arm64";
				WRAPPER_EXTENSION = app;
			};
			name = BStage;
		};
		7B680D4F1B8D6F5C004A95FD /* BStage */ = {
			isa = XCBuildConfiguration;
			buildSettings = {
				ALWAYS_SEARCH_USER_PATHS = NO;
				ARCHS = "$(ARCHS_STANDARD_32_64_BIT)";
				CODE_SIGN_IDENTITY = "";
				COMBINE_HIDPI_IMAGES = YES;
				CONFIGURATION_BUILD_DIR = "$(SRCROOT)/Build/";
				FRAMEWORK_SEARCH_PATHS = "";
				GCC_ENABLE_OBJC_EXCEPTIONS = YES;
				GCC_PRECOMPILE_PREFIX_HEADER = YES;
				GCC_PREFIX_HEADER = "ICConfiguration/ICConfiguration-Prefix.pch";
				GCC_WARN_64_TO_32_BIT_CONVERSION = YES;
				HEADER_SEARCH_PATHS = "";
				INFOPLIST_FILE = "ICConfiguration/ICConfiguration-Info.plist";
				INSTALL_PATH = "$(LOCAL_LIBRARY_DIR)/Bundles";
				MACOSX_DEPLOYMENT_TARGET = 10.7;
				ONLY_ACTIVE_ARCH = YES;
				PRODUCT_NAME = "$(TARGET_NAME)";
				PROVISIONING_PROFILE = "";
				SDKROOT = macosx;
				VALID_ARCHS = "armv7 i386";
				WRAPPER_EXTENSION = bundle;
			};
			name = BStage;
		};
		7B680D501B8D6F5C004A95FD /* BStage */ = {
			isa = XCBuildConfiguration;
			buildSettings = {
				ALWAYS_SEARCH_USER_PATHS = YES;
				BUNDLE_LOADER = "$(BUILT_PRODUCTS_DIR)/Trulia.app/Trulia";
				CLANG_CXX_LANGUAGE_STANDARD = "gnu++0x";
				CLANG_CXX_LIBRARY = "libc++";
				CLANG_ENABLE_OBJC_ARC = YES;
				CLANG_WARN_EMPTY_BODY = YES;
				CLANG_WARN__DUPLICATE_METHOD_MATCH = YES;
				CODE_SIGN_IDENTITY = "";
				FRAMEWORK_SEARCH_PATHS = (
					"$(inherited)",
					"\"$(SDKROOT)/Developer/Library/Frameworks\"",
					"\"$(SRCROOT)/../../IosCore/lib\"",
				);
				GCC_GENERATE_TEST_COVERAGE_FILES = YES;
				GCC_INSTRUMENT_PROGRAM_FLOW_ARCS = YES;
				GCC_PRECOMPILE_PREFIX_HEADER = YES;
				GCC_PREFIX_HEADER = "UnitTests/UnitTests-Prefix.pch";
				GCC_WARN_UNINITIALIZED_AUTOS = YES;
				HEADER_SEARCH_PATHS = "";
				INFOPLIST_FILE = "UnitTests/UnitTests-Info.plist";
				IPHONEOS_DEPLOYMENT_TARGET = 6.0;
				LIBRARY_SEARCH_PATHS = "$(inherited)";
				ONLY_ACTIVE_ARCH = YES;
				OTHER_CFLAGS = (
					"-fprofile-arcs",
					"-ftest-coverage",
				);
				OTHER_LDFLAGS = (
					"-ObjC",
					"-all_load",
				);
				PRODUCT_NAME = "$(TARGET_NAME)";
				PROVISIONING_PROFILE = "";
				TEST_HOST = "$(BUNDLE_LOADER)";
				USER_HEADER_SEARCH_PATHS = "\"$(BUILD_ROOT)/../IntermediateBuildFilesPath/UninstalledProducts\"/** \"$(BUILT_PRODUCTS_DIR)/../../three20\" \"$(BUILT_PRODUCTS_DIR)/../three20\"/** \"$(PROJECT_TEMP_DIR)/../UninstalledProducts/include\"";
				WRAPPER_EXTENSION = octest;
			};
			name = BStage;
		};
		7B680D511B8D6F68004A95FD /* Stage */ = {
			isa = XCBuildConfiguration;
			buildSettings = {
				ALWAYS_SEARCH_USER_PATHS = YES;
				ARCHS = "$(ARCHS_STANDARD)";
				CLANG_ENABLE_MODULES = YES;
				CLANG_WARN_CONSTANT_CONVERSION = YES;
				CLANG_WARN_ENUM_CONVERSION = YES;
				CLANG_WARN_INT_CONVERSION = YES;
				CLANG_WARN__DUPLICATE_METHOD_MATCH = YES;
				CODE_SIGN_IDENTITY = "iPhone Developer";
				CODE_SIGN_RESOURCE_RULES_PATH = "$(SDKROOT)/ResourceRules.plist";
				COMPRESS_PNG_FILES = NO;
				COPY_PHASE_STRIP = NO;
				ENABLE_BITCODE = NO;
				FRAMEWORK_SEARCH_PATHS = (
					"$(inherited)",
					"\"$(IOSCORE_LIB)/lib\"",
				);
				GCC_C_LANGUAGE_STANDARD = gnu99;
				GCC_DYNAMIC_NO_PIC = NO;
				GCC_OPTIMIZATION_LEVEL = 0;
				GCC_PREPROCESSOR_DEFINITIONS = (
					"DEBUG=1",
					"$(inherited)",
				);
				GCC_SYMBOLS_PRIVATE_EXTERN = NO;
				GCC_VERSION = com.apple.compilers.llvm.clang.1_0;
				GCC_WARN_ABOUT_MISSING_PROTOTYPES = YES;
				GCC_WARN_ABOUT_RETURN_TYPE = YES;
				GCC_WARN_UNINITIALIZED_AUTOS = YES;
				GCC_WARN_UNUSED_VARIABLE = YES;
				HEADER_SEARCH_PATHS = "../../mob-ioscore-lib/**";
				IPHONEOS_DEPLOYMENT_TARGET = 8.0;
				OTHER_LDFLAGS = (
					"-ObjC",
					"-all_load",
				);
				PRODUCT_NAME = ForRent;
				PROVISIONING_PROFILE = "";
				SDKROOT = iphoneos;
				SKIP_INSTALL = YES;
				TARGETED_DEVICE_FAMILY = 1;
				VALID_ARCHS = armv7;
			};
			name = Stage;
		};
		7B680D521B8D6F68004A95FD /* Stage */ = {
			isa = XCBuildConfiguration;
			buildSettings = {
				ARCHS = "$(ARCHS_STANDARD)";
				ASSETCATALOG_COMPILER_APPICON_NAME = AppIcon;
				ASSETCATALOG_COMPILER_LAUNCHIMAGE_NAME = LaunchImage;
				CLANG_ENABLE_MODULES = YES;
				CLANG_ENABLE_OBJC_ARC = YES;
				CODE_SIGN_IDENTITY = "iPhone Developer";
				CODE_SIGN_RESOURCE_RULES_PATH = "$(SDKROOT)/ResourceRules.plist";
				COMPRESS_PNG_FILES = NO;
				COPY_PHASE_STRIP = NO;
				DEPLOYMENT_POSTPROCESSING = NO;
				FRAMEWORK_SEARCH_PATHS = (
					"$(SRCROOT)",
					"$(SRCROOT)/../../mob-ioscore-lib/**",
					"${SRCROOT)/../lib/**",
				);
				GCC_GENERATE_TEST_COVERAGE_FILES = YES;
				GCC_INSTRUMENT_PROGRAM_FLOW_ARCS = YES;
				GCC_PRECOMPILE_PREFIX_HEADER = YES;
				GCC_PREFIX_HEADER = "Trulia Rent-Prefix.pch";
				GCC_PREPROCESSOR_DEFINITIONS = "STAGE=1";
				GCC_TREAT_WARNINGS_AS_ERRORS = YES;
				HEADER_SEARCH_PATHS = "$(SRCROOT)/../../mob-ioscore-lib/**";
				INFOPLIST_FILE = "Trulia Rent-Info.plist";
				IPHONEOS_DEPLOYMENT_TARGET = 8.0;
				LD_RUNPATH_SEARCH_PATHS = "$(inherited) @executable_path/Frameworks";
				LIBRARY_SEARCH_PATHS = (
					"$(inherited)",
					"$(SRCROOT)",
					"$(SRCROOT)/../../mob-ioscore-lib/**",
				);
				ONLY_ACTIVE_ARCH = YES;
				OTHER_CFLAGS = (
					"-fprofile-arcs",
					"-ftest-coverage",
				);
				OTHER_LDFLAGS = "-ObjC";
				PRODUCT_NAME = TruliaRent;
				PROVISIONING_PROFILE = "";
				SEPARATE_STRIP = YES;
				SKIP_INSTALL = NO;
				STRIP_INSTALLED_PRODUCT = NO;
				TARGETED_DEVICE_FAMILY = "1,2";
				VALID_ARCHS = "armv7s armv7 arm64";
				WRAPPER_EXTENSION = app;
			};
			name = Stage;
		};
		7B680D531B8D6F68004A95FD /* Stage */ = {
			isa = XCBuildConfiguration;
			buildSettings = {
				ALWAYS_SEARCH_USER_PATHS = NO;
				ARCHS = "$(ARCHS_STANDARD_32_64_BIT)";
				CODE_SIGN_IDENTITY = "";
				COMBINE_HIDPI_IMAGES = YES;
				CONFIGURATION_BUILD_DIR = "$(SRCROOT)/Build/";
				FRAMEWORK_SEARCH_PATHS = "";
				GCC_ENABLE_OBJC_EXCEPTIONS = YES;
				GCC_PRECOMPILE_PREFIX_HEADER = YES;
				GCC_PREFIX_HEADER = "ICConfiguration/ICConfiguration-Prefix.pch";
				GCC_WARN_64_TO_32_BIT_CONVERSION = YES;
				HEADER_SEARCH_PATHS = "";
				INFOPLIST_FILE = "ICConfiguration/ICConfiguration-Info.plist";
				INSTALL_PATH = "$(LOCAL_LIBRARY_DIR)/Bundles";
				MACOSX_DEPLOYMENT_TARGET = 10.7;
				ONLY_ACTIVE_ARCH = YES;
				PRODUCT_NAME = "$(TARGET_NAME)";
				PROVISIONING_PROFILE = "";
				SDKROOT = macosx;
				VALID_ARCHS = "armv7 i386";
				WRAPPER_EXTENSION = bundle;
			};
			name = Stage;
		};
		7B680D541B8D6F68004A95FD /* Stage */ = {
			isa = XCBuildConfiguration;
			buildSettings = {
				ALWAYS_SEARCH_USER_PATHS = YES;
				BUNDLE_LOADER = "$(BUILT_PRODUCTS_DIR)/Trulia.app/Trulia";
				CLANG_CXX_LANGUAGE_STANDARD = "gnu++0x";
				CLANG_CXX_LIBRARY = "libc++";
				CLANG_ENABLE_OBJC_ARC = YES;
				CLANG_WARN_EMPTY_BODY = YES;
				CLANG_WARN__DUPLICATE_METHOD_MATCH = YES;
				CODE_SIGN_IDENTITY = "";
				FRAMEWORK_SEARCH_PATHS = (
					"$(inherited)",
					"\"$(SDKROOT)/Developer/Library/Frameworks\"",
					"\"$(SRCROOT)/../../IosCore/lib\"",
				);
				GCC_GENERATE_TEST_COVERAGE_FILES = YES;
				GCC_INSTRUMENT_PROGRAM_FLOW_ARCS = YES;
				GCC_PRECOMPILE_PREFIX_HEADER = YES;
				GCC_PREFIX_HEADER = "UnitTests/UnitTests-Prefix.pch";
				GCC_WARN_UNINITIALIZED_AUTOS = YES;
				HEADER_SEARCH_PATHS = "";
				INFOPLIST_FILE = "UnitTests/UnitTests-Info.plist";
				IPHONEOS_DEPLOYMENT_TARGET = 6.0;
				LIBRARY_SEARCH_PATHS = "$(inherited)";
				ONLY_ACTIVE_ARCH = YES;
				OTHER_CFLAGS = (
					"-fprofile-arcs",
					"-ftest-coverage",
				);
				OTHER_LDFLAGS = (
					"-ObjC",
					"-all_load",
				);
				PRODUCT_NAME = "$(TARGET_NAME)";
				PROVISIONING_PROFILE = "";
				TEST_HOST = "$(BUNDLE_LOADER)";
				USER_HEADER_SEARCH_PATHS = "\"$(BUILD_ROOT)/../IntermediateBuildFilesPath/UninstalledProducts\"/** \"$(BUILT_PRODUCTS_DIR)/../../three20\" \"$(BUILT_PRODUCTS_DIR)/../three20\"/** \"$(PROJECT_TEMP_DIR)/../UninstalledProducts/include\"";
				WRAPPER_EXTENSION = octest;
			};
			name = Stage;
		};
/* End XCBuildConfiguration section */

/* Begin XCConfigurationList section */
		3B1836451652B4AC009923F7 /* Build configuration list for PBXNativeTarget "UnitTests" */ = {
			isa = XCConfigurationList;
			buildConfigurations = (
				3B1836461652B4AC009923F7 /* Debug */,
				7B680D541B8D6F68004A95FD /* Stage */,
				7B680D501B8D6F5C004A95FD /* BStage */,
				3B1836471652B4AC009923F7 /* Release */,
			);
			defaultConfigurationIsVisible = 0;
			defaultConfigurationName = Release;
		};
		4C0CF11A14D6643E00A1D325 /* Build configuration list for PBXNativeTarget "ICConfiguration" */ = {
			isa = XCConfigurationList;
			buildConfigurations = (
				4C0CF11B14D6643E00A1D325 /* Debug */,
				7B680D531B8D6F68004A95FD /* Stage */,
				7B680D4F1B8D6F5C004A95FD /* BStage */,
				4C0CF11C14D6643E00A1D325 /* Release */,
			);
			defaultConfigurationIsVisible = 0;
			defaultConfigurationName = Release;
		};
		51DA6A0C14CF2F0D007F2584 /* Build configuration list for PBXProject "Trulia Rent" */ = {
			isa = XCConfigurationList;
			buildConfigurations = (
				51DA6A3D14CF2F0D007F2584 /* Debug */,
				7B680D511B8D6F68004A95FD /* Stage */,
				7B680D4D1B8D6F5C004A95FD /* BStage */,
				51DA6A3E14CF2F0D007F2584 /* Release */,
			);
			defaultConfigurationIsVisible = 0;
			defaultConfigurationName = Release;
		};
		51DA6A3F14CF2F0D007F2584 /* Build configuration list for PBXNativeTarget "Trulia Rent" */ = {
			isa = XCConfigurationList;
			buildConfigurations = (
				51DA6A4014CF2F0D007F2584 /* Debug */,
				7B680D521B8D6F68004A95FD /* Stage */,
				7B680D4E1B8D6F5C004A95FD /* BStage */,
				51DA6A4114CF2F0D007F2584 /* Release */,
			);
			defaultConfigurationIsVisible = 0;
			defaultConfigurationName = Release;
		};
/* End XCConfigurationList section */
	};
	rootObject = 51DA6A0914CF2F0D007F2584 /* Project object */;
}
